// !$*UTF8*$!
{
	archiveVersion = 1;
	classes = {
	};
	objectVersion = 55;
	objects = {

/* Begin PBXBuildFile section */
		922062D428AB1FD7004988A1 /* AppDelegate.swift in Sources */ = {isa = PBXBuildFile; fileRef = 922062D328AB1FD7004988A1 /* AppDelegate.swift */; };
		922062D628AB1FD7004988A1 /* SceneDelegate.swift in Sources */ = {isa = PBXBuildFile; fileRef = 922062D528AB1FD7004988A1 /* SceneDelegate.swift */; };
		922062D828AB1FD7004988A1 /* ViewController.swift in Sources */ = {isa = PBXBuildFile; fileRef = 922062D728AB1FD7004988A1 /* ViewController.swift */; };
		922062DB28AB1FD7004988A1 /* Main.storyboard in Resources */ = {isa = PBXBuildFile; fileRef = 922062D928AB1FD7004988A1 /* Main.storyboard */; };
		922062DD28AB1FD9004988A1 /* Assets.xcassets in Resources */ = {isa = PBXBuildFile; fileRef = 922062DC28AB1FD9004988A1 /* Assets.xcassets */; };
		922062E028AB1FD9004988A1 /* LaunchScreen.storyboard in Resources */ = {isa = PBXBuildFile; fileRef = 922062DE28AB1FD9004988A1 /* LaunchScreen.storyboard */; };
		9220633E28AB3AC2004988A1 /* WalkThrough.storyboard in Resources */ = {isa = PBXBuildFile; fileRef = 9220633D28AB3AC2004988A1 /* WalkThrough.storyboard */; };
		9220634028AB3ADA004988A1 /* FirstViewController.swift in Sources */ = {isa = PBXBuildFile; fileRef = 9220633F28AB3ADA004988A1 /* FirstViewController.swift */; };
		9220634228AB40D6004988A1 /* SecondViewController.swift in Sources */ = {isa = PBXBuildFile; fileRef = 9220634128AB40D6004988A1 /* SecondViewController.swift */; };
		9220634428AB40E3004988A1 /* ThirdViewController.swift in Sources */ = {isa = PBXBuildFile; fileRef = 9220634328AB40E3004988A1 /* ThirdViewController.swift */; };
		9220634628AB4104004988A1 /* WalkThroughPageViewController.swift in Sources */ = {isa = PBXBuildFile; fileRef = 9220634528AB4104004988A1 /* WalkThroughPageViewController.swift */; };
		92B11C5D28ABD92400A22509 /* SokyteUIFramework.framework in Frameworks */ = {isa = PBXBuildFile; fileRef = 923D8AEB28ABD8DD003C143B /* SokyteUIFramework.framework */; };
		92B11C5E28ABD92400A22509 /* SokyteUIFramework.framework in Embed Frameworks */ = {isa = PBXBuildFile; fileRef = 923D8AEB28ABD8DD003C143B /* SokyteUIFramework.framework */; settings = {ATTRIBUTES = (CodeSignOnCopy, RemoveHeadersOnCopy, ); }; };
		92B11CA528AC71CE00A22509 /* CodeViewController.swift in Sources */ = {isa = PBXBuildFile; fileRef = 92B11CA428AC71CE00A22509 /* CodeViewController.swift */; };
		92B11CAA28AC822D00A22509 /* CodeSnapViewController.swift in Sources */ = {isa = PBXBuildFile; fileRef = 92B11CA928AC822D00A22509 /* CodeSnapViewController.swift */; };
		92B11CAD28AC827300A22509 /* SnapKit in Frameworks */ = {isa = PBXBuildFile; productRef = 92B11CAC28AC827300A22509 /* SnapKit */; };
		92B11CAF28AC8C1100A22509 /* CodeSnapSecondViewController.swift in Sources */ = {isa = PBXBuildFile; fileRef = 92B11CAE28AC8C1100A22509 /* CodeSnapSecondViewController.swift */; };
		92DCE4D328ADDF19007FEEF1 /* UIViewController+Extension.swift in Sources */ = {isa = PBXBuildFile; fileRef = 92DCE4D228ADDF19007FEEF1 /* UIViewController+Extension.swift */; };
		92DCE4D528ADE622007FEEF1 /* ProfileViewController.swift in Sources */ = {isa = PBXBuildFile; fileRef = 92DCE4D428ADE622007FEEF1 /* ProfileViewController.swift */; };
/* End PBXBuildFile section */

/* Begin PBXContainerItemProxy section */
		923D8AEA28ABD8DD003C143B /* PBXContainerItemProxy */ = {
			isa = PBXContainerItemProxy;
			containerPortal = 923D8AE528ABD8DD003C143B /* SokyteUIFramework.xcodeproj */;
			proxyType = 2;
			remoteGlobalIDString = 9220630428AB27D2004988A1;
			remoteInfo = SokyteUIFramework;
		};
		923D8AEC28ABD8DD003C143B /* PBXContainerItemProxy */ = {
			isa = PBXContainerItemProxy;
			containerPortal = 923D8AE528ABD8DD003C143B /* SokyteUIFramework.xcodeproj */;
			proxyType = 2;
			remoteGlobalIDString = 9220630E28AB27D2004988A1;
			remoteInfo = SokyteUIFrameworkTests;
		};
/* End PBXContainerItemProxy section */

/* Begin PBXCopyFilesBuildPhase section */
		92B11C5F28ABD92400A22509 /* Embed Frameworks */ = {
			isa = PBXCopyFilesBuildPhase;
			buildActionMask = 2147483647;
			dstPath = "";
			dstSubfolderSpec = 10;
			files = (
				92B11C5E28ABD92400A22509 /* SokyteUIFramework.framework in Embed Frameworks */,
			);
			name = "Embed Frameworks";
			runOnlyForDeploymentPostprocessing = 0;
		};
/* End PBXCopyFilesBuildPhase section */

/* Begin PBXFileReference section */
		922062D028AB1FD7004988A1 /* Week7-Diary.app */ = {isa = PBXFileReference; explicitFileType = wrapper.application; includeInIndex = 0; path = "Week7-Diary.app"; sourceTree = BUILT_PRODUCTS_DIR; };
		922062D328AB1FD7004988A1 /* AppDelegate.swift */ = {isa = PBXFileReference; lastKnownFileType = sourcecode.swift; path = AppDelegate.swift; sourceTree = "<group>"; };
		922062D528AB1FD7004988A1 /* SceneDelegate.swift */ = {isa = PBXFileReference; lastKnownFileType = sourcecode.swift; path = SceneDelegate.swift; sourceTree = "<group>"; };
		922062D728AB1FD7004988A1 /* ViewController.swift */ = {isa = PBXFileReference; lastKnownFileType = sourcecode.swift; path = ViewController.swift; sourceTree = "<group>"; };
		922062DA28AB1FD7004988A1 /* Base */ = {isa = PBXFileReference; lastKnownFileType = file.storyboard; name = Base; path = Base.lproj/Main.storyboard; sourceTree = "<group>"; };
		922062DC28AB1FD9004988A1 /* Assets.xcassets */ = {isa = PBXFileReference; lastKnownFileType = folder.assetcatalog; path = Assets.xcassets; sourceTree = "<group>"; };
		922062DF28AB1FD9004988A1 /* Base */ = {isa = PBXFileReference; lastKnownFileType = file.storyboard; name = Base; path = Base.lproj/LaunchScreen.storyboard; sourceTree = "<group>"; };
		922062E128AB1FD9004988A1 /* Info.plist */ = {isa = PBXFileReference; lastKnownFileType = text.plist.xml; path = Info.plist; sourceTree = "<group>"; };
		9220633D28AB3AC2004988A1 /* WalkThrough.storyboard */ = {isa = PBXFileReference; lastKnownFileType = file.storyboard; path = WalkThrough.storyboard; sourceTree = "<group>"; };
		9220633F28AB3ADA004988A1 /* FirstViewController.swift */ = {isa = PBXFileReference; lastKnownFileType = sourcecode.swift; path = FirstViewController.swift; sourceTree = "<group>"; };
		9220634128AB40D6004988A1 /* SecondViewController.swift */ = {isa = PBXFileReference; lastKnownFileType = sourcecode.swift; path = SecondViewController.swift; sourceTree = "<group>"; };
		9220634328AB40E3004988A1 /* ThirdViewController.swift */ = {isa = PBXFileReference; lastKnownFileType = sourcecode.swift; path = ThirdViewController.swift; sourceTree = "<group>"; };
		9220634528AB4104004988A1 /* WalkThroughPageViewController.swift */ = {isa = PBXFileReference; lastKnownFileType = sourcecode.swift; path = WalkThroughPageViewController.swift; sourceTree = "<group>"; };
		923D8AE528ABD8DD003C143B /* SokyteUIFramework.xcodeproj */ = {isa = PBXFileReference; lastKnownFileType = "wrapper.pb-project"; name = SokyteUIFramework.xcodeproj; path = ../SokyteUIFramework/SokyteUIFramework.xcodeproj; sourceTree = "<group>"; };
		92B11CA428AC71CE00A22509 /* CodeViewController.swift */ = {isa = PBXFileReference; lastKnownFileType = sourcecode.swift; path = CodeViewController.swift; sourceTree = "<group>"; };
		92B11CA928AC822D00A22509 /* CodeSnapViewController.swift */ = {isa = PBXFileReference; lastKnownFileType = sourcecode.swift; path = CodeSnapViewController.swift; sourceTree = "<group>"; };
		92B11CAE28AC8C1100A22509 /* CodeSnapSecondViewController.swift */ = {isa = PBXFileReference; lastKnownFileType = sourcecode.swift; path = CodeSnapSecondViewController.swift; sourceTree = "<group>"; };
		92DCE4D228ADDF19007FEEF1 /* UIViewController+Extension.swift */ = {isa = PBXFileReference; lastKnownFileType = sourcecode.swift; path = "UIViewController+Extension.swift"; sourceTree = "<group>"; };
		92DCE4D428ADE622007FEEF1 /* ProfileViewController.swift */ = {isa = PBXFileReference; lastKnownFileType = sourcecode.swift; path = ProfileViewController.swift; sourceTree = "<group>"; };
/* End PBXFileReference section */

/* Begin PBXFrameworksBuildPhase section */
		922062CD28AB1FD7004988A1 /* Frameworks */ = {
			isa = PBXFrameworksBuildPhase;
			buildActionMask = 2147483647;
			files = (
				92B11C5D28ABD92400A22509 /* SokyteUIFramework.framework in Frameworks */,
				92B11CAD28AC827300A22509 /* SnapKit in Frameworks */,
			);
			runOnlyForDeploymentPostprocessing = 0;
		};
/* End PBXFrameworksBuildPhase section */

/* Begin PBXGroup section */
		922062C728AB1FD7004988A1 = {
			isa = PBXGroup;
			children = (
				923D8AE528ABD8DD003C143B /* SokyteUIFramework.xcodeproj */,
				922062D228AB1FD7004988A1 /* Week7-Diary */,
				922062D128AB1FD7004988A1 /* Products */,
				922062F028AB20FF004988A1 /* Frameworks */,
			);
			sourceTree = "<group>";
		};
		922062D128AB1FD7004988A1 /* Products */ = {
			isa = PBXGroup;
			children = (
				922062D028AB1FD7004988A1 /* Week7-Diary.app */,
			);
			name = Products;
			sourceTree = "<group>";
		};
		922062D228AB1FD7004988A1 /* Week7-Diary */ = {
			isa = PBXGroup;
			children = (
				922062F928AB2716004988A1 /* Global */,
				922062F828AB2710004988A1 /* Screen */,
				922062F528AB2707004988A1 /* Resource */,
			);
			path = "Week7-Diary";
			sourceTree = "<group>";
		};
		922062F028AB20FF004988A1 /* Frameworks */ = {
			isa = PBXGroup;
			children = (
			);
			name = Frameworks;
			sourceTree = "<group>";
		};
		922062F528AB2707004988A1 /* Resource */ = {
			isa = PBXGroup;
			children = (
				9220633C28AB3A72004988A1 /* Asset */,
				9220633A28AB3A5C004988A1 /* Storyboard */,
				9220633628AB3A41004988A1 /* Support */,
			);
			path = Resource;
			sourceTree = "<group>";
		};
		922062F828AB2710004988A1 /* Screen */ = {
			isa = PBXGroup;
			children = (
				92B11CA128AC71C000A22509 /* CodeBase */,
				9220633B28AB3A67004988A1 /* Main */,
				9220633928AB3A4C004988A1 /* WalkThrough */,
			);
			path = Screen;
			sourceTree = "<group>";
		};
		922062F928AB2716004988A1 /* Global */ = {
			isa = PBXGroup;
			children = (
				92DCE4CF28ADDEFE007FEEF1 /* Extension */,
			);
			path = Global;
			sourceTree = "<group>";
		};
		9220633628AB3A41004988A1 /* Support */ = {
			isa = PBXGroup;
			children = (
				922062E128AB1FD9004988A1 /* Info.plist */,
				922062D328AB1FD7004988A1 /* AppDelegate.swift */,
				922062D528AB1FD7004988A1 /* SceneDelegate.swift */,
			);
			path = Support;
			sourceTree = "<group>";
		};
		9220633928AB3A4C004988A1 /* WalkThrough */ = {
			isa = PBXGroup;
			children = (
				9220634728AB4149004988A1 /* View */,
				9220634828AB4150004988A1 /* Controller */,
			);
			path = WalkThrough;
			sourceTree = "<group>";
		};
		9220633A28AB3A5C004988A1 /* Storyboard */ = {
			isa = PBXGroup;
			children = (
				922062DE28AB1FD9004988A1 /* LaunchScreen.storyboard */,
			);
			path = Storyboard;
			sourceTree = "<group>";
		};
		9220633B28AB3A67004988A1 /* Main */ = {
			isa = PBXGroup;
			children = (
				922062D728AB1FD7004988A1 /* ViewController.swift */,
				922062D928AB1FD7004988A1 /* Main.storyboard */,
				92DCE4D428ADE622007FEEF1 /* ProfileViewController.swift */,
			);
			path = Main;
			sourceTree = "<group>";
		};
		9220633C28AB3A72004988A1 /* Asset */ = {
			isa = PBXGroup;
			children = (
				922062DC28AB1FD9004988A1 /* Assets.xcassets */,
			);
			path = Asset;
			sourceTree = "<group>";
		};
		9220634728AB4149004988A1 /* View */ = {
			isa = PBXGroup;
			children = (
				9220633D28AB3AC2004988A1 /* WalkThrough.storyboard */,
			);
			path = View;
			sourceTree = "<group>";
		};
		9220634828AB4150004988A1 /* Controller */ = {
			isa = PBXGroup;
			children = (
				9220633F28AB3ADA004988A1 /* FirstViewController.swift */,
				9220634128AB40D6004988A1 /* SecondViewController.swift */,
				9220634328AB40E3004988A1 /* ThirdViewController.swift */,
				9220634528AB4104004988A1 /* WalkThroughPageViewController.swift */,
			);
			path = Controller;
			sourceTree = "<group>";
		};
		923D8AE628ABD8DD003C143B /* Products */ = {
			isa = PBXGroup;
			children = (
				923D8AEB28ABD8DD003C143B /* SokyteUIFramework.framework */,
				923D8AED28ABD8DD003C143B /* SokyteUIFrameworkTests.xctest */,
			);
			name = Products;
			sourceTree = "<group>";
		};
		92B11CA128AC71C000A22509 /* CodeBase */ = {
			isa = PBXGroup;
			children = (
				92B11CA428AC71CE00A22509 /* CodeViewController.swift */,
				92B11CA928AC822D00A22509 /* CodeSnapViewController.swift */,
				92B11CAE28AC8C1100A22509 /* CodeSnapSecondViewController.swift */,
			);
			path = CodeBase;
			sourceTree = "<group>";
		};
		92DCE4CF28ADDEFE007FEEF1 /* Extension */ = {
			isa = PBXGroup;
			children = (
				92DCE4D228ADDF19007FEEF1 /* UIViewController+Extension.swift */,
			);
			path = Extension;
			sourceTree = "<group>";
		};
/* End PBXGroup section */

/* Begin PBXNativeTarget section */
		922062CF28AB1FD7004988A1 /* Week7-Diary */ = {
			isa = PBXNativeTarget;
			buildConfigurationList = 922062E428AB1FD9004988A1 /* Build configuration list for PBXNativeTarget "Week7-Diary" */;
			buildPhases = (
				922062CC28AB1FD7004988A1 /* Sources */,
				922062CD28AB1FD7004988A1 /* Frameworks */,
				922062CE28AB1FD7004988A1 /* Resources */,
				92B11C5F28ABD92400A22509 /* Embed Frameworks */,
			);
			buildRules = (
			);
			dependencies = (
			);
			name = "Week7-Diary";
			packageProductDependencies = (
				92B11CAC28AC827300A22509 /* SnapKit */,
			);
			productName = "Week7-Diary";
			productReference = 922062D028AB1FD7004988A1 /* Week7-Diary.app */;
			productType = "com.apple.product-type.application";
		};
/* End PBXNativeTarget section */

/* Begin PBXProject section */
		922062C828AB1FD7004988A1 /* Project object */ = {
			isa = PBXProject;
			attributes = {
				BuildIndependentTargetsInParallel = 1;
				LastSwiftUpdateCheck = 1340;
				LastUpgradeCheck = 1340;
				TargetAttributes = {
					922062CF28AB1FD7004988A1 = {
						CreatedOnToolsVersion = 13.4.1;
					};
				};
			};
			buildConfigurationList = 922062CB28AB1FD7004988A1 /* Build configuration list for PBXProject "Week7-Diary" */;
			compatibilityVersion = "Xcode 13.0";
			developmentRegion = en;
			hasScannedForEncodings = 0;
			knownRegions = (
				en,
				Base,
			);
			mainGroup = 922062C728AB1FD7004988A1;
			packageReferences = (
				92B11CAB28AC827300A22509 /* XCRemoteSwiftPackageReference "SnapKit" */,
			);
			productRefGroup = 922062D128AB1FD7004988A1 /* Products */;
			projectDirPath = "";
			projectReferences = (
				{
					ProductGroup = 923D8AE628ABD8DD003C143B /* Products */;
					ProjectRef = 923D8AE528ABD8DD003C143B /* SokyteUIFramework.xcodeproj */;
				},
			);
			projectRoot = "";
			targets = (
				922062CF28AB1FD7004988A1 /* Week7-Diary */,
			);
		};
/* End PBXProject section */

/* Begin PBXReferenceProxy section */
		923D8AEB28ABD8DD003C143B /* SokyteUIFramework.framework */ = {
			isa = PBXReferenceProxy;
			fileType = wrapper.framework;
			path = SokyteUIFramework.framework;
			remoteRef = 923D8AEA28ABD8DD003C143B /* PBXContainerItemProxy */;
			sourceTree = BUILT_PRODUCTS_DIR;
		};
		923D8AED28ABD8DD003C143B /* SokyteUIFrameworkTests.xctest */ = {
			isa = PBXReferenceProxy;
			fileType = wrapper.cfbundle;
			path = SokyteUIFrameworkTests.xctest;
			remoteRef = 923D8AEC28ABD8DD003C143B /* PBXContainerItemProxy */;
			sourceTree = BUILT_PRODUCTS_DIR;
		};
/* End PBXReferenceProxy section */

/* Begin PBXResourcesBuildPhase section */
		922062CE28AB1FD7004988A1 /* Resources */ = {
			isa = PBXResourcesBuildPhase;
			buildActionMask = 2147483647;
			files = (
				922062E028AB1FD9004988A1 /* LaunchScreen.storyboard in Resources */,
				9220633E28AB3AC2004988A1 /* WalkThrough.storyboard in Resources */,
				922062DD28AB1FD9004988A1 /* Assets.xcassets in Resources */,
				922062DB28AB1FD7004988A1 /* Main.storyboard in Resources */,
			);
			runOnlyForDeploymentPostprocessing = 0;
		};
/* End PBXResourcesBuildPhase section */

/* Begin PBXSourcesBuildPhase section */
		922062CC28AB1FD7004988A1 /* Sources */ = {
			isa = PBXSourcesBuildPhase;
			buildActionMask = 2147483647;
			files = (
				922062D828AB1FD7004988A1 /* ViewController.swift in Sources */,
				92DCE4D328ADDF19007FEEF1 /* UIViewController+Extension.swift in Sources */,
				922062D428AB1FD7004988A1 /* AppDelegate.swift in Sources */,
				922062D628AB1FD7004988A1 /* SceneDelegate.swift in Sources */,
				92B11CAF28AC8C1100A22509 /* CodeSnapSecondViewController.swift in Sources */,
				9220634228AB40D6004988A1 /* SecondViewController.swift in Sources */,
				92DCE4D528ADE622007FEEF1 /* ProfileViewController.swift in Sources */,
				92B11CAA28AC822D00A22509 /* CodeSnapViewController.swift in Sources */,
				92B11CA528AC71CE00A22509 /* CodeViewController.swift in Sources */,
				9220634628AB4104004988A1 /* WalkThroughPageViewController.swift in Sources */,
				9220634428AB40E3004988A1 /* ThirdViewController.swift in Sources */,
				9220634028AB3ADA004988A1 /* FirstViewController.swift in Sources */,
			);
			runOnlyForDeploymentPostprocessing = 0;
		};
/* End PBXSourcesBuildPhase section */

/* Begin PBXVariantGroup section */
		922062D928AB1FD7004988A1 /* Main.storyboard */ = {
			isa = PBXVariantGroup;
			children = (
				922062DA28AB1FD7004988A1 /* Base */,
			);
			name = Main.storyboard;
			sourceTree = "<group>";
		};
		922062DE28AB1FD9004988A1 /* LaunchScreen.storyboard */ = {
			isa = PBXVariantGroup;
			children = (
				922062DF28AB1FD9004988A1 /* Base */,
			);
			name = LaunchScreen.storyboard;
			sourceTree = "<group>";
		};
/* End PBXVariantGroup section */

/* Begin XCBuildConfiguration section */
		922062E228AB1FD9004988A1 /* Debug */ = {
			isa = XCBuildConfiguration;
			buildSettings = {
				ALWAYS_SEARCH_USER_PATHS = NO;
				CLANG_ANALYZER_NONNULL = YES;
				CLANG_ANALYZER_NUMBER_OBJECT_CONVERSION = YES_AGGRESSIVE;
				CLANG_CXX_LANGUAGE_STANDARD = "gnu++17";
				CLANG_ENABLE_MODULES = YES;
				CLANG_ENABLE_OBJC_ARC = YES;
				CLANG_ENABLE_OBJC_WEAK = YES;
				CLANG_WARN_BLOCK_CAPTURE_AUTORELEASING = YES;
				CLANG_WARN_BOOL_CONVERSION = YES;
				CLANG_WARN_COMMA = YES;
				CLANG_WARN_CONSTANT_CONVERSION = YES;
				CLANG_WARN_DEPRECATED_OBJC_IMPLEMENTATIONS = YES;
				CLANG_WARN_DIRECT_OBJC_ISA_USAGE = YES_ERROR;
				CLANG_WARN_DOCUMENTATION_COMMENTS = YES;
				CLANG_WARN_EMPTY_BODY = YES;
				CLANG_WARN_ENUM_CONVERSION = YES;
				CLANG_WARN_INFINITE_RECURSION = YES;
				CLANG_WARN_INT_CONVERSION = YES;
				CLANG_WARN_NON_LITERAL_NULL_CONVERSION = YES;
				CLANG_WARN_OBJC_IMPLICIT_RETAIN_SELF = YES;
				CLANG_WARN_OBJC_LITERAL_CONVERSION = YES;
				CLANG_WARN_OBJC_ROOT_CLASS = YES_ERROR;
				CLANG_WARN_QUOTED_INCLUDE_IN_FRAMEWORK_HEADER = YES;
				CLANG_WARN_RANGE_LOOP_ANALYSIS = YES;
				CLANG_WARN_STRICT_PROTOTYPES = YES;
				CLANG_WARN_SUSPICIOUS_MOVE = YES;
				CLANG_WARN_UNGUARDED_AVAILABILITY = YES_AGGRESSIVE;
				CLANG_WARN_UNREACHABLE_CODE = YES;
				CLANG_WARN__DUPLICATE_METHOD_MATCH = YES;
				COPY_PHASE_STRIP = NO;
				DEBUG_INFORMATION_FORMAT = dwarf;
				ENABLE_STRICT_OBJC_MSGSEND = YES;
				ENABLE_TESTABILITY = YES;
				GCC_C_LANGUAGE_STANDARD = gnu11;
				GCC_DYNAMIC_NO_PIC = NO;
				GCC_NO_COMMON_BLOCKS = YES;
				GCC_OPTIMIZATION_LEVEL = 0;
				GCC_PREPROCESSOR_DEFINITIONS = (
					"DEBUG=1",
					"$(inherited)",
				);
				GCC_WARN_64_TO_32_BIT_CONVERSION = YES;
				GCC_WARN_ABOUT_RETURN_TYPE = YES_ERROR;
				GCC_WARN_UNDECLARED_SELECTOR = YES;
				GCC_WARN_UNINITIALIZED_AUTOS = YES_AGGRESSIVE;
				GCC_WARN_UNUSED_FUNCTION = YES;
				GCC_WARN_UNUSED_VARIABLE = YES;
				IPHONEOS_DEPLOYMENT_TARGET = 15.5;
				MTL_ENABLE_DEBUG_INFO = INCLUDE_SOURCE;
				MTL_FAST_MATH = YES;
				ONLY_ACTIVE_ARCH = YES;
				SDKROOT = iphoneos;
				SWIFT_ACTIVE_COMPILATION_CONDITIONS = DEBUG;
				SWIFT_OPTIMIZATION_LEVEL = "-Onone";
			};
			name = Debug;
		};
		922062E328AB1FD9004988A1 /* Release */ = {
			isa = XCBuildConfiguration;
			buildSettings = {
				ALWAYS_SEARCH_USER_PATHS = NO;
				CLANG_ANALYZER_NONNULL = YES;
				CLANG_ANALYZER_NUMBER_OBJECT_CONVERSION = YES_AGGRESSIVE;
				CLANG_CXX_LANGUAGE_STANDARD = "gnu++17";
				CLANG_ENABLE_MODULES = YES;
				CLANG_ENABLE_OBJC_ARC = YES;
				CLANG_ENABLE_OBJC_WEAK = YES;
				CLANG_WARN_BLOCK_CAPTURE_AUTORELEASING = YES;
				CLANG_WARN_BOOL_CONVERSION = YES;
				CLANG_WARN_COMMA = YES;
				CLANG_WARN_CONSTANT_CONVERSION = YES;
				CLANG_WARN_DEPRECATED_OBJC_IMPLEMENTATIONS = YES;
				CLANG_WARN_DIRECT_OBJC_ISA_USAGE = YES_ERROR;
				CLANG_WARN_DOCUMENTATION_COMMENTS = YES;
				CLANG_WARN_EMPTY_BODY = YES;
				CLANG_WARN_ENUM_CONVERSION = YES;
				CLANG_WARN_INFINITE_RECURSION = YES;
				CLANG_WARN_INT_CONVERSION = YES;
				CLANG_WARN_NON_LITERAL_NULL_CONVERSION = YES;
				CLANG_WARN_OBJC_IMPLICIT_RETAIN_SELF = YES;
				CLANG_WARN_OBJC_LITERAL_CONVERSION = YES;
				CLANG_WARN_OBJC_ROOT_CLASS = YES_ERROR;
				CLANG_WARN_QUOTED_INCLUDE_IN_FRAMEWORK_HEADER = YES;
				CLANG_WARN_RANGE_LOOP_ANALYSIS = YES;
				CLANG_WARN_STRICT_PROTOTYPES = YES;
				CLANG_WARN_SUSPICIOUS_MOVE = YES;
				CLANG_WARN_UNGUARDED_AVAILABILITY = YES_AGGRESSIVE;
				CLANG_WARN_UNREACHABLE_CODE = YES;
				CLANG_WARN__DUPLICATE_METHOD_MATCH = YES;
				COPY_PHASE_STRIP = NO;
				DEBUG_INFORMATION_FORMAT = "dwarf-with-dsym";
				ENABLE_NS_ASSERTIONS = NO;
				ENABLE_STRICT_OBJC_MSGSEND = YES;
				GCC_C_LANGUAGE_STANDARD = gnu11;
				GCC_NO_COMMON_BLOCKS = YES;
				GCC_WARN_64_TO_32_BIT_CONVERSION = YES;
				GCC_WARN_ABOUT_RETURN_TYPE = YES_ERROR;
				GCC_WARN_UNDECLARED_SELECTOR = YES;
				GCC_WARN_UNINITIALIZED_AUTOS = YES_AGGRESSIVE;
				GCC_WARN_UNUSED_FUNCTION = YES;
				GCC_WARN_UNUSED_VARIABLE = YES;
				IPHONEOS_DEPLOYMENT_TARGET = 15.5;
				MTL_ENABLE_DEBUG_INFO = NO;
				MTL_FAST_MATH = YES;
				SDKROOT = iphoneos;
				SWIFT_COMPILATION_MODE = wholemodule;
				SWIFT_OPTIMIZATION_LEVEL = "-O";
				VALIDATE_PRODUCT = YES;
			};
			name = Release;
		};
		922062E528AB1FD9004988A1 /* Debug */ = {
			isa = XCBuildConfiguration;
			buildSettings = {
				ASSETCATALOG_COMPILER_APPICON_NAME = AppIcon;
				ASSETCATALOG_COMPILER_GLOBAL_ACCENT_COLOR_NAME = AccentColor;
				CODE_SIGN_STYLE = Automatic;
				CURRENT_PROJECT_VERSION = 1;
				DEVELOPMENT_TEAM = PU64TS56AD;
				GENERATE_INFOPLIST_FILE = YES;
				INFOPLIST_FILE = "Week7-Diary/Resource/Support/Info.plist";
				INFOPLIST_KEY_UIApplicationSupportsIndirectInputEvents = YES;
				INFOPLIST_KEY_UILaunchStoryboardName = LaunchScreen;
				INFOPLIST_KEY_UIMainStoryboardFile = Main;
				INFOPLIST_KEY_UISupportedInterfaceOrientations_iPad = "UIInterfaceOrientationPortrait UIInterfaceOrientationPortraitUpsideDown UIInterfaceOrientationLandscapeLeft UIInterfaceOrientationLandscapeRight";
				INFOPLIST_KEY_UISupportedInterfaceOrientations_iPhone = "UIInterfaceOrientationPortrait UIInterfaceOrientationLandscapeLeft UIInterfaceOrientationLandscapeRight";
				LD_RUNPATH_SEARCH_PATHS = (
					"$(inherited)",
					"@executable_path/Frameworks",
				);
				MARKETING_VERSION = 1.0;
				PRODUCT_BUNDLE_IDENTIFIER = "soyeon.Week7-Diary";
				PRODUCT_NAME = "$(TARGET_NAME)";
				SWIFT_EMIT_LOC_STRINGS = YES;
				SWIFT_VERSION = 5.0;
				TARGETED_DEVICE_FAMILY = "1,2";
			};
			name = Debug;
		};
		922062E628AB1FD9004988A1 /* Release */ = {
			isa = XCBuildConfiguration;
			buildSettings = {
				ASSETCATALOG_COMPILER_APPICON_NAME = AppIcon;
				ASSETCATALOG_COMPILER_GLOBAL_ACCENT_COLOR_NAME = AccentColor;
				CODE_SIGN_STYLE = Automatic;
				CURRENT_PROJECT_VERSION = 1;
				DEVELOPMENT_TEAM = PU64TS56AD;
				GENERATE_INFOPLIST_FILE = YES;
				INFOPLIST_FILE = "Week7-Diary/Resource/Support/Info.plist";
				INFOPLIST_KEY_UIApplicationSupportsIndirectInputEvents = YES;
				INFOPLIST_KEY_UILaunchStoryboardName = LaunchScreen;
				INFOPLIST_KEY_UIMainStoryboardFile = Main;
				INFOPLIST_KEY_UISupportedInterfaceOrientations_iPad = "UIInterfaceOrientationPortrait UIInterfaceOrientationPortraitUpsideDown UIInterfaceOrientationLandscapeLeft UIInterfaceOrientationLandscapeRight";
				INFOPLIST_KEY_UISupportedInterfaceOrientations_iPhone = "UIInterfaceOrientationPortrait UIInterfaceOrientationLandscapeLeft UIInterfaceOrientationLandscapeRight";
				LD_RUNPATH_SEARCH_PATHS = (
					"$(inherited)",
					"@executable_path/Frameworks",
				);
				MARKETING_VERSION = 1.0;
				PRODUCT_BUNDLE_IDENTIFIER = "soyeon.Week7-Diary";
				PRODUCT_NAME = "$(TARGET_NAME)";
				SWIFT_EMIT_LOC_STRINGS = YES;
				SWIFT_VERSION = 5.0;
				TARGETED_DEVICE_FAMILY = "1,2";
			};
			name = Release;
		};
/* End XCBuildConfiguration section */

/* Begin XCConfigurationList section */
		922062CB28AB1FD7004988A1 /* Build configuration list for PBXProject "Week7-Diary" */ = {
			isa = XCConfigurationList;
			buildConfigurations = (
				922062E228AB1FD9004988A1 /* Debug */,
				922062E328AB1FD9004988A1 /* Release */,
			);
			defaultConfigurationIsVisible = 0;
			defaultConfigurationName = Release;
		};
		922062E428AB1FD9004988A1 /* Build configuration list for PBXNativeTarget "Week7-Diary" */ = {
			isa = XCConfigurationList;
			buildConfigurations = (
				922062E528AB1FD9004988A1 /* Debug */,
				922062E628AB1FD9004988A1 /* Release */,
			);
			defaultConfigurationIsVisible = 0;
			defaultConfigurationName = Release;
		};
/* End XCConfigurationList section */

/* Begin XCRemoteSwiftPackageReference section */
		92B11CAB28AC827300A22509 /* XCRemoteSwiftPackageReference "SnapKit" */ = {
			isa = XCRemoteSwiftPackageReference;
			repositoryURL = "https://github.com/SnapKit/SnapKit.git";
			requirement = {
				branch = develop;
				kind = branch;
			};
		};
/* End XCRemoteSwiftPackageReference section */

/* Begin XCSwiftPackageProductDependency section */
		92B11CAC28AC827300A22509 /* SnapKit */ = {
			isa = XCSwiftPackageProductDependency;
			package = 92B11CAB28AC827300A22509 /* XCRemoteSwiftPackageReference "SnapKit" */;
			productName = SnapKit;
		};
/* End XCSwiftPackageProductDependency section */
	};
	rootObject = 922062C828AB1FD7004988A1 /* Project object */;
}
