// !$*UTF8*$!
{
	archiveVersion = 1;
	classes = {
	};
	objectVersion = 55;
	objects = {

/* Begin PBXBuildFile section */
		926C7E7A2884DDF000C0D3B4 /* AppDelegate.swift in Sources */ = {isa = PBXBuildFile; fileRef = 926C7E792884DDF000C0D3B4 /* AppDelegate.swift */; };
		926C7E7C2884DDF000C0D3B4 /* SceneDelegate.swift in Sources */ = {isa = PBXBuildFile; fileRef = 926C7E7B2884DDF000C0D3B4 /* SceneDelegate.swift */; };
		926C7E7E2884DDF000C0D3B4 /* ViewController.swift in Sources */ = {isa = PBXBuildFile; fileRef = 926C7E7D2884DDF000C0D3B4 /* ViewController.swift */; };
		926C7E812884DDF100C0D3B4 /* Main.storyboard in Resources */ = {isa = PBXBuildFile; fileRef = 926C7E7F2884DDF100C0D3B4 /* Main.storyboard */; };
		926C7E832884DDF200C0D3B4 /* Assets.xcassets in Resources */ = {isa = PBXBuildFile; fileRef = 926C7E822884DDF200C0D3B4 /* Assets.xcassets */; };
		926C7E862884DDF200C0D3B4 /* LaunchScreen.storyboard in Resources */ = {isa = PBXBuildFile; fileRef = 926C7E842884DDF200C0D3B4 /* LaunchScreen.storyboard */; };
		926C7E8E2884F13800C0D3B4 /* Home.storyboard in Resources */ = {isa = PBXBuildFile; fileRef = 926C7E8D2884F13800C0D3B4 /* Home.storyboard */; };
		926C7E902884FE3400C0D3B4 /* SettingTableViewController.swift in Sources */ = {isa = PBXBuildFile; fileRef = 926C7E8F2884FE3400C0D3B4 /* SettingTableViewController.swift */; };
		92F1678C2885D64E003119FA /* Setting.storyboard in Resources */ = {isa = PBXBuildFile; fileRef = 92F1678B2885D64E003119FA /* Setting.storyboard */; };
		92F1678E2885DC6D003119FA /* SettingViewController.swift in Sources */ = {isa = PBXBuildFile; fileRef = 92F1678D2885DC6D003119FA /* SettingViewController.swift */; };
		92F167902886367A003119FA /* MySettingTableViewController.swift in Sources */ = {isa = PBXBuildFile; fileRef = 92F1678F2886367A003119FA /* MySettingTableViewController.swift */; };
		92F167922886400F003119FA /* Search.storyboard in Resources */ = {isa = PBXBuildFile; fileRef = 92F167912886400F003119FA /* Search.storyboard */; };
		92F1679428864043003119FA /* Trend.storyboard in Resources */ = {isa = PBXBuildFile; fileRef = 92F1679328864043003119FA /* Trend.storyboard */; };
		92F1679628864077003119FA /* Intro.storyboard in Resources */ = {isa = PBXBuildFile; fileRef = 92F1679528864077003119FA /* Intro.storyboard */; };
		92F16799288643F3003119FA /* TrendViewController.swift in Sources */ = {isa = PBXBuildFile; fileRef = 92F16798288643F3003119FA /* TrendViewController.swift */; };
		92F1679B2886440D003119FA /* SearchViewController.swift in Sources */ = {isa = PBXBuildFile; fileRef = 92F1679A2886440D003119FA /* SearchViewController.swift */; };
		92F1679D28864514003119FA /* UIViewController+Extension.swift in Sources */ = {isa = PBXBuildFile; fileRef = 92F1679C28864514003119FA /* UIViewController+Extension.swift */; };
		92F1679F28864796003119FA /* UITextField+Extension.swift in Sources */ = {isa = PBXBuildFile; fileRef = 92F1679E28864796003119FA /* UITextField+Extension.swift */; };
		92F167A128864B86003119FA /* BucketListViewController.swift in Sources */ = {isa = PBXBuildFile; fileRef = 92F167A028864B86003119FA /* BucketListViewController.swift */; };
		92F167A328864D99003119FA /* BucketListTableViewCell.swift in Sources */ = {isa = PBXBuildFile; fileRef = 92F167A228864D99003119FA /* BucketListTableViewCell.swift */; };
/* End PBXBuildFile section */

/* Begin PBXFileReference section */
		926C7E762884DDF000C0D3B4 /* TrendMedia.app */ = {isa = PBXFileReference; explicitFileType = wrapper.application; includeInIndex = 0; path = TrendMedia.app; sourceTree = BUILT_PRODUCTS_DIR; };
		926C7E792884DDF000C0D3B4 /* AppDelegate.swift */ = {isa = PBXFileReference; lastKnownFileType = sourcecode.swift; path = AppDelegate.swift; sourceTree = "<group>"; };
		926C7E7B2884DDF000C0D3B4 /* SceneDelegate.swift */ = {isa = PBXFileReference; lastKnownFileType = sourcecode.swift; path = SceneDelegate.swift; sourceTree = "<group>"; };
		926C7E7D2884DDF000C0D3B4 /* ViewController.swift */ = {isa = PBXFileReference; lastKnownFileType = sourcecode.swift; path = ViewController.swift; sourceTree = "<group>"; };
		926C7E802884DDF100C0D3B4 /* Base */ = {isa = PBXFileReference; lastKnownFileType = file.storyboard; name = Base; path = Base.lproj/Main.storyboard; sourceTree = "<group>"; };
		926C7E822884DDF200C0D3B4 /* Assets.xcassets */ = {isa = PBXFileReference; lastKnownFileType = folder.assetcatalog; path = Assets.xcassets; sourceTree = "<group>"; };
		926C7E852884DDF200C0D3B4 /* Base */ = {isa = PBXFileReference; lastKnownFileType = file.storyboard; name = Base; path = Base.lproj/LaunchScreen.storyboard; sourceTree = "<group>"; };
		926C7E872884DDF200C0D3B4 /* Info.plist */ = {isa = PBXFileReference; lastKnownFileType = text.plist.xml; path = Info.plist; sourceTree = "<group>"; };
		926C7E8D2884F13800C0D3B4 /* Home.storyboard */ = {isa = PBXFileReference; lastKnownFileType = file.storyboard; path = Home.storyboard; sourceTree = "<group>"; };
		926C7E8F2884FE3400C0D3B4 /* SettingTableViewController.swift */ = {isa = PBXFileReference; lastKnownFileType = sourcecode.swift; path = SettingTableViewController.swift; sourceTree = "<group>"; };
		92F1678B2885D64E003119FA /* Setting.storyboard */ = {isa = PBXFileReference; lastKnownFileType = file.storyboard; path = Setting.storyboard; sourceTree = "<group>"; };
		92F1678D2885DC6D003119FA /* SettingViewController.swift */ = {isa = PBXFileReference; lastKnownFileType = sourcecode.swift; path = SettingViewController.swift; sourceTree = "<group>"; };
		92F1678F2886367A003119FA /* MySettingTableViewController.swift */ = {isa = PBXFileReference; lastKnownFileType = sourcecode.swift; path = MySettingTableViewController.swift; sourceTree = "<group>"; };
		92F167912886400F003119FA /* Search.storyboard */ = {isa = PBXFileReference; lastKnownFileType = file.storyboard; path = Search.storyboard; sourceTree = "<group>"; };
		92F1679328864043003119FA /* Trend.storyboard */ = {isa = PBXFileReference; lastKnownFileType = file.storyboard; path = Trend.storyboard; sourceTree = "<group>"; };
		92F1679528864077003119FA /* Intro.storyboard */ = {isa = PBXFileReference; lastKnownFileType = file.storyboard; path = Intro.storyboard; sourceTree = "<group>"; };
		92F16798288643F3003119FA /* TrendViewController.swift */ = {isa = PBXFileReference; lastKnownFileType = sourcecode.swift; path = TrendViewController.swift; sourceTree = "<group>"; };
		92F1679A2886440D003119FA /* SearchViewController.swift */ = {isa = PBXFileReference; lastKnownFileType = sourcecode.swift; path = SearchViewController.swift; sourceTree = "<group>"; };
		92F1679C28864514003119FA /* UIViewController+Extension.swift */ = {isa = PBXFileReference; lastKnownFileType = sourcecode.swift; path = "UIViewController+Extension.swift"; sourceTree = "<group>"; };
		92F1679E28864796003119FA /* UITextField+Extension.swift */ = {isa = PBXFileReference; lastKnownFileType = sourcecode.swift; path = "UITextField+Extension.swift"; sourceTree = "<group>"; };
		92F167A028864B86003119FA /* BucketListViewController.swift */ = {isa = PBXFileReference; lastKnownFileType = sourcecode.swift; path = BucketListViewController.swift; sourceTree = "<group>"; };
		92F167A228864D99003119FA /* BucketListTableViewCell.swift */ = {isa = PBXFileReference; lastKnownFileType = sourcecode.swift; path = BucketListTableViewCell.swift; sourceTree = "<group>"; };
/* End PBXFileReference section */

/* Begin PBXFrameworksBuildPhase section */
		926C7E732884DDF000C0D3B4 /* Frameworks */ = {
			isa = PBXFrameworksBuildPhase;
			buildActionMask = 2147483647;
			files = (
			);
			runOnlyForDeploymentPostprocessing = 0;
		};
/* End PBXFrameworksBuildPhase section */

/* Begin PBXGroup section */
		926C7E6D2884DDF000C0D3B4 = {
			isa = PBXGroup;
			children = (
				926C7E782884DDF000C0D3B4 /* TrendMedia */,
				926C7E772884DDF000C0D3B4 /* Products */,
			);
			sourceTree = "<group>";
		};
		926C7E772884DDF000C0D3B4 /* Products */ = {
			isa = PBXGroup;
			children = (
				926C7E762884DDF000C0D3B4 /* TrendMedia.app */,
			);
			name = Products;
			sourceTree = "<group>";
		};
		926C7E782884DDF000C0D3B4 /* TrendMedia */ = {
			isa = PBXGroup;
			children = (
				92F1679728864090003119FA /* TrendMedia */,
				926C7E792884DDF000C0D3B4 /* AppDelegate.swift */,
				926C7E7B2884DDF000C0D3B4 /* SceneDelegate.swift */,
				926C7E7D2884DDF000C0D3B4 /* ViewController.swift */,
				926C7E7F2884DDF100C0D3B4 /* Main.storyboard */,
				926C7E822884DDF200C0D3B4 /* Assets.xcassets */,
				926C7E842884DDF200C0D3B4 /* LaunchScreen.storyboard */,
				926C7E872884DDF200C0D3B4 /* Info.plist */,
				926C7E8D2884F13800C0D3B4 /* Home.storyboard */,
				926C7E8F2884FE3400C0D3B4 /* SettingTableViewController.swift */,
				92F1678D2885DC6D003119FA /* SettingViewController.swift */,
				92F1678F2886367A003119FA /* MySettingTableViewController.swift */,
			);
			path = TrendMedia;
			sourceTree = "<group>";
		};
		92F1679728864090003119FA /* TrendMedia */ = {
			isa = PBXGroup;
			children = (
				92F1678B2885D64E003119FA /* Setting.storyboard */,
				92F167912886400F003119FA /* Search.storyboard */,
				92F1679328864043003119FA /* Trend.storyboard */,
				92F1679528864077003119FA /* Intro.storyboard */,
				92F16798288643F3003119FA /* TrendViewController.swift */,
				92F1679A2886440D003119FA /* SearchViewController.swift */,
				92F1679C28864514003119FA /* UIViewController+Extension.swift */,
				92F1679E28864796003119FA /* UITextField+Extension.swift */,
				92F167A028864B86003119FA /* BucketListViewController.swift */,
				92F167A228864D99003119FA /* BucketListTableViewCell.swift */,
			);
			path = TrendMedia;
			sourceTree = "<group>";
		};
/* End PBXGroup section */

/* Begin PBXNativeTarget section */
		926C7E752884DDF000C0D3B4 /* TrendMedia */ = {
			isa = PBXNativeTarget;
			buildConfigurationList = 926C7E8A2884DDF200C0D3B4 /* Build configuration list for PBXNativeTarget "TrendMedia" */;
			buildPhases = (
				926C7E722884DDF000C0D3B4 /* Sources */,
				926C7E732884DDF000C0D3B4 /* Frameworks */,
				926C7E742884DDF000C0D3B4 /* Resources */,
			);
			buildRules = (
			);
			dependencies = (
			);
			name = TrendMedia;
			productName = TrendMedia;
			productReference = 926C7E762884DDF000C0D3B4 /* TrendMedia.app */;
			productType = "com.apple.product-type.application";
		};
/* End PBXNativeTarget section */

/* Begin PBXProject section */
		926C7E6E2884DDF000C0D3B4 /* Project object */ = {
			isa = PBXProject;
			attributes = {
				BuildIndependentTargetsInParallel = 1;
				LastSwiftUpdateCheck = 1340;
				LastUpgradeCheck = 1340;
				TargetAttributes = {
					926C7E752884DDF000C0D3B4 = {
						CreatedOnToolsVersion = 13.4.1;
					};
				};
			};
			buildConfigurationList = 926C7E712884DDF000C0D3B4 /* Build configuration list for PBXProject "TrendMedia" */;
			compatibilityVersion = "Xcode 13.0";
			developmentRegion = en;
			hasScannedForEncodings = 0;
			knownRegions = (
				en,
				Base,
			);
			mainGroup = 926C7E6D2884DDF000C0D3B4;
			productRefGroup = 926C7E772884DDF000C0D3B4 /* Products */;
			projectDirPath = "";
			projectRoot = "";
			targets = (
				926C7E752884DDF000C0D3B4 /* TrendMedia */,
			);
		};
/* End PBXProject section */

/* Begin PBXResourcesBuildPhase section */
		926C7E742884DDF000C0D3B4 /* Resources */ = {
			isa = PBXResourcesBuildPhase;
			buildActionMask = 2147483647;
			files = (
				92F1679428864043003119FA /* Trend.storyboard in Resources */,
				926C7E862884DDF200C0D3B4 /* LaunchScreen.storyboard in Resources */,
				926C7E832884DDF200C0D3B4 /* Assets.xcassets in Resources */,
				92F1679628864077003119FA /* Intro.storyboard in Resources */,
				92F1678C2885D64E003119FA /* Setting.storyboard in Resources */,
				926C7E812884DDF100C0D3B4 /* Main.storyboard in Resources */,
				92F167922886400F003119FA /* Search.storyboard in Resources */,
				926C7E8E2884F13800C0D3B4 /* Home.storyboard in Resources */,
			);
			runOnlyForDeploymentPostprocessing = 0;
		};
/* End PBXResourcesBuildPhase section */

/* Begin PBXSourcesBuildPhase section */
		926C7E722884DDF000C0D3B4 /* Sources */ = {
			isa = PBXSourcesBuildPhase;
			buildActionMask = 2147483647;
			files = (
				92F167902886367A003119FA /* MySettingTableViewController.swift in Sources */,
				92F1678E2885DC6D003119FA /* SettingViewController.swift in Sources */,
				92F1679B2886440D003119FA /* SearchViewController.swift in Sources */,
				926C7E902884FE3400C0D3B4 /* SettingTableViewController.swift in Sources */,
				926C7E7E2884DDF000C0D3B4 /* ViewController.swift in Sources */,
				92F1679F28864796003119FA /* UITextField+Extension.swift in Sources */,
				92F1679D28864514003119FA /* UIViewController+Extension.swift in Sources */,
				92F16799288643F3003119FA /* TrendViewController.swift in Sources */,
				926C7E7A2884DDF000C0D3B4 /* AppDelegate.swift in Sources */,
				92F167A328864D99003119FA /* BucketListTableViewCell.swift in Sources */,
				92F167A128864B86003119FA /* BucketListViewController.swift in Sources */,
				926C7E7C2884DDF000C0D3B4 /* SceneDelegate.swift in Sources */,
			);
			runOnlyForDeploymentPostprocessing = 0;
		};
/* End PBXSourcesBuildPhase section */

/* Begin PBXVariantGroup section */
		926C7E7F2884DDF100C0D3B4 /* Main.storyboard */ = {
			isa = PBXVariantGroup;
			children = (
				926C7E802884DDF100C0D3B4 /* Base */,
			);
			name = Main.storyboard;
			sourceTree = "<group>";
		};
		926C7E842884DDF200C0D3B4 /* LaunchScreen.storyboard */ = {
			isa = PBXVariantGroup;
			children = (
				926C7E852884DDF200C0D3B4 /* Base */,
			);
			name = LaunchScreen.storyboard;
			sourceTree = "<group>";
		};
/* End PBXVariantGroup section */

/* Begin XCBuildConfiguration section */
		926C7E882884DDF200C0D3B4 /* Debug */ = {
			isa = XCBuildConfiguration;
			buildSettings = {
				ALWAYS_SEARCH_USER_PATHS = NO;
				CLANG_ANALYZER_NONNULL = YES;
				CLANG_ANALYZER_NUMBER_OBJECT_CONVERSION = YES_AGGRESSIVE;
				CLANG_CXX_LANGUAGE_STANDARD = "gnu++17";
				CLANG_ENABLE_MODULES = YES;
				CLANG_ENABLE_OBJC_ARC = YES;
				CLANG_ENABLE_OBJC_WEAK = YES;
				CLANG_WARN_BLOCK_CAPTURE_AUTORELEASING = YES;
				CLANG_WARN_BOOL_CONVERSION = YES;
				CLANG_WARN_COMMA = YES;
				CLANG_WARN_CONSTANT_CONVERSION = YES;
				CLANG_WARN_DEPRECATED_OBJC_IMPLEMENTATIONS = YES;
				CLANG_WARN_DIRECT_OBJC_ISA_USAGE = YES_ERROR;
				CLANG_WARN_DOCUMENTATION_COMMENTS = YES;
				CLANG_WARN_EMPTY_BODY = YES;
				CLANG_WARN_ENUM_CONVERSION = YES;
				CLANG_WARN_INFINITE_RECURSION = YES;
				CLANG_WARN_INT_CONVERSION = YES;
				CLANG_WARN_NON_LITERAL_NULL_CONVERSION = YES;
				CLANG_WARN_OBJC_IMPLICIT_RETAIN_SELF = YES;
				CLANG_WARN_OBJC_LITERAL_CONVERSION = YES;
				CLANG_WARN_OBJC_ROOT_CLASS = YES_ERROR;
				CLANG_WARN_QUOTED_INCLUDE_IN_FRAMEWORK_HEADER = YES;
				CLANG_WARN_RANGE_LOOP_ANALYSIS = YES;
				CLANG_WARN_STRICT_PROTOTYPES = YES;
				CLANG_WARN_SUSPICIOUS_MOVE = YES;
				CLANG_WARN_UNGUARDED_AVAILABILITY = YES_AGGRESSIVE;
				CLANG_WARN_UNREACHABLE_CODE = YES;
				CLANG_WARN__DUPLICATE_METHOD_MATCH = YES;
				COPY_PHASE_STRIP = NO;
				DEBUG_INFORMATION_FORMAT = dwarf;
				ENABLE_STRICT_OBJC_MSGSEND = YES;
				ENABLE_TESTABILITY = YES;
				GCC_C_LANGUAGE_STANDARD = gnu11;
				GCC_DYNAMIC_NO_PIC = NO;
				GCC_NO_COMMON_BLOCKS = YES;
				GCC_OPTIMIZATION_LEVEL = 0;
				GCC_PREPROCESSOR_DEFINITIONS = (
					"DEBUG=1",
					"$(inherited)",
				);
				GCC_WARN_64_TO_32_BIT_CONVERSION = YES;
				GCC_WARN_ABOUT_RETURN_TYPE = YES_ERROR;
				GCC_WARN_UNDECLARED_SELECTOR = YES;
				GCC_WARN_UNINITIALIZED_AUTOS = YES_AGGRESSIVE;
				GCC_WARN_UNUSED_FUNCTION = YES;
				GCC_WARN_UNUSED_VARIABLE = YES;
				IPHONEOS_DEPLOYMENT_TARGET = 15.5;
				MTL_ENABLE_DEBUG_INFO = INCLUDE_SOURCE;
				MTL_FAST_MATH = YES;
				ONLY_ACTIVE_ARCH = YES;
				SDKROOT = iphoneos;
				SWIFT_ACTIVE_COMPILATION_CONDITIONS = DEBUG;
				SWIFT_OPTIMIZATION_LEVEL = "-Onone";
			};
			name = Debug;
		};
		926C7E892884DDF200C0D3B4 /* Release */ = {
			isa = XCBuildConfiguration;
			buildSettings = {
				ALWAYS_SEARCH_USER_PATHS = NO;
				CLANG_ANALYZER_NONNULL = YES;
				CLANG_ANALYZER_NUMBER_OBJECT_CONVERSION = YES_AGGRESSIVE;
				CLANG_CXX_LANGUAGE_STANDARD = "gnu++17";
				CLANG_ENABLE_MODULES = YES;
				CLANG_ENABLE_OBJC_ARC = YES;
				CLANG_ENABLE_OBJC_WEAK = YES;
				CLANG_WARN_BLOCK_CAPTURE_AUTORELEASING = YES;
				CLANG_WARN_BOOL_CONVERSION = YES;
				CLANG_WARN_COMMA = YES;
				CLANG_WARN_CONSTANT_CONVERSION = YES;
				CLANG_WARN_DEPRECATED_OBJC_IMPLEMENTATIONS = YES;
				CLANG_WARN_DIRECT_OBJC_ISA_USAGE = YES_ERROR;
				CLANG_WARN_DOCUMENTATION_COMMENTS = YES;
				CLANG_WARN_EMPTY_BODY = YES;
				CLANG_WARN_ENUM_CONVERSION = YES;
				CLANG_WARN_INFINITE_RECURSION = YES;
				CLANG_WARN_INT_CONVERSION = YES;
				CLANG_WARN_NON_LITERAL_NULL_CONVERSION = YES;
				CLANG_WARN_OBJC_IMPLICIT_RETAIN_SELF = YES;
				CLANG_WARN_OBJC_LITERAL_CONVERSION = YES;
				CLANG_WARN_OBJC_ROOT_CLASS = YES_ERROR;
				CLANG_WARN_QUOTED_INCLUDE_IN_FRAMEWORK_HEADER = YES;
				CLANG_WARN_RANGE_LOOP_ANALYSIS = YES;
				CLANG_WARN_STRICT_PROTOTYPES = YES;
				CLANG_WARN_SUSPICIOUS_MOVE = YES;
				CLANG_WARN_UNGUARDED_AVAILABILITY = YES_AGGRESSIVE;
				CLANG_WARN_UNREACHABLE_CODE = YES;
				CLANG_WARN__DUPLICATE_METHOD_MATCH = YES;
				COPY_PHASE_STRIP = NO;
				DEBUG_INFORMATION_FORMAT = "dwarf-with-dsym";
				ENABLE_NS_ASSERTIONS = NO;
				ENABLE_STRICT_OBJC_MSGSEND = YES;
				GCC_C_LANGUAGE_STANDARD = gnu11;
				GCC_NO_COMMON_BLOCKS = YES;
				GCC_WARN_64_TO_32_BIT_CONVERSION = YES;
				GCC_WARN_ABOUT_RETURN_TYPE = YES_ERROR;
				GCC_WARN_UNDECLARED_SELECTOR = YES;
				GCC_WARN_UNINITIALIZED_AUTOS = YES_AGGRESSIVE;
				GCC_WARN_UNUSED_FUNCTION = YES;
				GCC_WARN_UNUSED_VARIABLE = YES;
				IPHONEOS_DEPLOYMENT_TARGET = 15.5;
				MTL_ENABLE_DEBUG_INFO = NO;
				MTL_FAST_MATH = YES;
				SDKROOT = iphoneos;
				SWIFT_COMPILATION_MODE = wholemodule;
				SWIFT_OPTIMIZATION_LEVEL = "-O";
				VALIDATE_PRODUCT = YES;
			};
			name = Release;
		};
		926C7E8B2884DDF200C0D3B4 /* Debug */ = {
			isa = XCBuildConfiguration;
			buildSettings = {
				ASSETCATALOG_COMPILER_APPICON_NAME = AppIcon;
				ASSETCATALOG_COMPILER_GLOBAL_ACCENT_COLOR_NAME = AccentColor;
				CODE_SIGN_STYLE = Automatic;
				CURRENT_PROJECT_VERSION = 1;
				DEVELOPMENT_TEAM = PU64TS56AD;
				GENERATE_INFOPLIST_FILE = YES;
				INFOPLIST_FILE = TrendMedia/Info.plist;
				INFOPLIST_KEY_UIApplicationSupportsIndirectInputEvents = YES;
				INFOPLIST_KEY_UILaunchStoryboardName = LaunchScreen;
				INFOPLIST_KEY_UIMainStoryboardFile = Intro;
				INFOPLIST_KEY_UISupportedInterfaceOrientations_iPad = "UIInterfaceOrientationPortrait UIInterfaceOrientationPortraitUpsideDown UIInterfaceOrientationLandscapeLeft UIInterfaceOrientationLandscapeRight";
				INFOPLIST_KEY_UISupportedInterfaceOrientations_iPhone = "UIInterfaceOrientationPortrait UIInterfaceOrientationLandscapeLeft UIInterfaceOrientationLandscapeRight";
				LD_RUNPATH_SEARCH_PATHS = (
					"$(inherited)",
					"@executable_path/Frameworks",
				);
				MARKETING_VERSION = 1.0;
				PRODUCT_BUNDLE_IDENTIFIER = soyeon.TrendMedia;
				PRODUCT_NAME = "$(TARGET_NAME)";
				SWIFT_EMIT_LOC_STRINGS = YES;
				SWIFT_VERSION = 5.0;
				TARGETED_DEVICE_FAMILY = "1,2";
			};
			name = Debug;
		};
		926C7E8C2884DDF200C0D3B4 /* Release */ = {
			isa = XCBuildConfiguration;
			buildSettings = {
				ASSETCATALOG_COMPILER_APPICON_NAME = AppIcon;
				ASSETCATALOG_COMPILER_GLOBAL_ACCENT_COLOR_NAME = AccentColor;
				CODE_SIGN_STYLE = Automatic;
				CURRENT_PROJECT_VERSION = 1;
				DEVELOPMENT_TEAM = PU64TS56AD;
				GENERATE_INFOPLIST_FILE = YES;
				INFOPLIST_FILE = TrendMedia/Info.plist;
				INFOPLIST_KEY_UIApplicationSupportsIndirectInputEvents = YES;
				INFOPLIST_KEY_UILaunchStoryboardName = LaunchScreen;
				INFOPLIST_KEY_UIMainStoryboardFile = Intro;
				INFOPLIST_KEY_UISupportedInterfaceOrientations_iPad = "UIInterfaceOrientationPortrait UIInterfaceOrientationPortraitUpsideDown UIInterfaceOrientationLandscapeLeft UIInterfaceOrientationLandscapeRight";
				INFOPLIST_KEY_UISupportedInterfaceOrientations_iPhone = "UIInterfaceOrientationPortrait UIInterfaceOrientationLandscapeLeft UIInterfaceOrientationLandscapeRight";
				LD_RUNPATH_SEARCH_PATHS = (
					"$(inherited)",
					"@executable_path/Frameworks",
				);
				MARKETING_VERSION = 1.0;
				PRODUCT_BUNDLE_IDENTIFIER = soyeon.TrendMedia;
				PRODUCT_NAME = "$(TARGET_NAME)";
				SWIFT_EMIT_LOC_STRINGS = YES;
				SWIFT_VERSION = 5.0;
				TARGETED_DEVICE_FAMILY = "1,2";
			};
			name = Release;
		};
/* End XCBuildConfiguration section */

/* Begin XCConfigurationList section */
		926C7E712884DDF000C0D3B4 /* Build configuration list for PBXProject "TrendMedia" */ = {
			isa = XCConfigurationList;
			buildConfigurations = (
				926C7E882884DDF200C0D3B4 /* Debug */,
				926C7E892884DDF200C0D3B4 /* Release */,
			);
			defaultConfigurationIsVisible = 0;
			defaultConfigurationName = Release;
		};
		926C7E8A2884DDF200C0D3B4 /* Build configuration list for PBXNativeTarget "TrendMedia" */ = {
			isa = XCConfigurationList;
			buildConfigurations = (
				926C7E8B2884DDF200C0D3B4 /* Debug */,
				926C7E8C2884DDF200C0D3B4 /* Release */,
			);
			defaultConfigurationIsVisible = 0;
			defaultConfigurationName = Release;
		};
/* End XCConfigurationList section */
	};
	rootObject = 926C7E6E2884DDF000C0D3B4 /* Project object */;
}
