// !$*UTF8*$!
{
	archiveVersion = 1;
	classes = {
	};
	objectVersion = 55;
	objects = {

/* Begin PBXBuildFile section */
		921CB3DA2888E70600240DB5 /* Trend.storyboard in Resources */ = {isa = PBXBuildFile; fileRef = 921CB3D92888E70600240DB5 /* Trend.storyboard */; };
		921CB3DE2888E75D00240DB5 /* TrendTableViewController.swift in Sources */ = {isa = PBXBuildFile; fileRef = 921CB3DD2888E75D00240DB5 /* TrendTableViewController.swift */; };
		92A86E252887A9BC00957F08 /* AppDelegate.swift in Sources */ = {isa = PBXBuildFile; fileRef = 92A86E242887A9BC00957F08 /* AppDelegate.swift */; };
		92A86E272887A9BC00957F08 /* SceneDelegate.swift in Sources */ = {isa = PBXBuildFile; fileRef = 92A86E262887A9BC00957F08 /* SceneDelegate.swift */; };
		92A86E292887A9BC00957F08 /* MainViewController.swift in Sources */ = {isa = PBXBuildFile; fileRef = 92A86E282887A9BC00957F08 /* MainViewController.swift */; };
		92A86E2C2887A9BC00957F08 /* Main.storyboard in Resources */ = {isa = PBXBuildFile; fileRef = 92A86E2A2887A9BC00957F08 /* Main.storyboard */; };
		92A86E2E2887A9BE00957F08 /* Assets.xcassets in Resources */ = {isa = PBXBuildFile; fileRef = 92A86E2D2887A9BE00957F08 /* Assets.xcassets */; };
		92A86E312887A9BE00957F08 /* LaunchScreen.storyboard in Resources */ = {isa = PBXBuildFile; fileRef = 92A86E2F2887A9BE00957F08 /* LaunchScreen.storyboard */; };
		92A86E3D2887A9F000957F08 /* RecommandCollectionViewController.swift in Sources */ = {isa = PBXBuildFile; fileRef = 92A86E3C2887A9F000957F08 /* RecommandCollectionViewController.swift */; };
		92A86E412887AA5100957F08 /* Recommand.storyboard in Resources */ = {isa = PBXBuildFile; fileRef = 92A86E402887AA5100957F08 /* Recommand.storyboard */; };
		92A86E482887AB8600957F08 /* RecommandCollectionViewCell.swift in Sources */ = {isa = PBXBuildFile; fileRef = 92A86E472887AB8600957F08 /* RecommandCollectionViewCell.swift */; };
		92A86E4B2887AE3800957F08 /* Kingfisher in Frameworks */ = {isa = PBXBuildFile; productRef = 92A86E4A2887AE3800957F08 /* Kingfisher */; };
		92A86E4E2887AE8200957F08 /* Toast in Frameworks */ = {isa = PBXBuildFile; productRef = 92A86E4D2887AE8200957F08 /* Toast */; };
		92A86E512887D7BF00957F08 /* ShoppingList.storyboard in Resources */ = {isa = PBXBuildFile; fileRef = 92A86E502887D7BF00957F08 /* ShoppingList.storyboard */; };
		92A86E542887D7D400957F08 /* SearchTrendMedia.storyboard in Resources */ = {isa = PBXBuildFile; fileRef = 92A86E532887D7D400957F08 /* SearchTrendMedia.storyboard */; };
		92A86E582887D8FC00957F08 /* ShoppingListTableViewCell.swift in Sources */ = {isa = PBXBuildFile; fileRef = 92A86E572887D8FC00957F08 /* ShoppingListTableViewCell.swift */; };
		92A86E5A2887D92100957F08 /* ShoppingListTableViewController.swift in Sources */ = {isa = PBXBuildFile; fileRef = 92A86E592887D92100957F08 /* ShoppingListTableViewController.swift */; };
		92A86E5E2887DF2C00957F08 /* SearchTableViewCell.swift in Sources */ = {isa = PBXBuildFile; fileRef = 92A86E5D2887DF2C00957F08 /* SearchTableViewCell.swift */; };
		92A86E602887E11300957F08 /* SearchTableViewController.swift in Sources */ = {isa = PBXBuildFile; fileRef = 92A86E5F2887E11300957F08 /* SearchTableViewController.swift */; };
		92A86E632887E5EB00957F08 /* MovieInfo.swift in Sources */ = {isa = PBXBuildFile; fileRef = 92A86E622887E5EB00957F08 /* MovieInfo.swift */; };
		92DA1BC0288A491000A21DBB /* UINavigationViewController.swift in Sources */ = {isa = PBXBuildFile; fileRef = 92DA1BBF288A491000A21DBB /* UINavigationViewController.swift */; };
/* End PBXBuildFile section */

/* Begin PBXFileReference section */
		921CB3D92888E70600240DB5 /* Trend.storyboard */ = {isa = PBXFileReference; lastKnownFileType = file.storyboard; path = Trend.storyboard; sourceTree = "<group>"; };
		921CB3DD2888E75D00240DB5 /* TrendTableViewController.swift */ = {isa = PBXFileReference; lastKnownFileType = sourcecode.swift; path = TrendTableViewController.swift; sourceTree = "<group>"; };
		92A86E212887A9BC00957F08 /* TrendMedia.app */ = {isa = PBXFileReference; explicitFileType = wrapper.application; includeInIndex = 0; path = TrendMedia.app; sourceTree = BUILT_PRODUCTS_DIR; };
		92A86E242887A9BC00957F08 /* AppDelegate.swift */ = {isa = PBXFileReference; lastKnownFileType = sourcecode.swift; path = AppDelegate.swift; sourceTree = "<group>"; };
		92A86E262887A9BC00957F08 /* SceneDelegate.swift */ = {isa = PBXFileReference; lastKnownFileType = sourcecode.swift; path = SceneDelegate.swift; sourceTree = "<group>"; };
		92A86E282887A9BC00957F08 /* MainViewController.swift */ = {isa = PBXFileReference; lastKnownFileType = sourcecode.swift; path = MainViewController.swift; sourceTree = "<group>"; };
		92A86E2B2887A9BC00957F08 /* Base */ = {isa = PBXFileReference; lastKnownFileType = file.storyboard; name = Base; path = Base.lproj/Main.storyboard; sourceTree = "<group>"; };
		92A86E2D2887A9BE00957F08 /* Assets.xcassets */ = {isa = PBXFileReference; lastKnownFileType = folder.assetcatalog; path = Assets.xcassets; sourceTree = "<group>"; };
		92A86E302887A9BE00957F08 /* Base */ = {isa = PBXFileReference; lastKnownFileType = file.storyboard; name = Base; path = Base.lproj/LaunchScreen.storyboard; sourceTree = "<group>"; };
		92A86E322887A9BE00957F08 /* Info.plist */ = {isa = PBXFileReference; lastKnownFileType = text.plist.xml; path = Info.plist; sourceTree = "<group>"; };
		92A86E3C2887A9F000957F08 /* RecommandCollectionViewController.swift */ = {isa = PBXFileReference; lastKnownFileType = sourcecode.swift; path = RecommandCollectionViewController.swift; sourceTree = "<group>"; };
		92A86E402887AA5100957F08 /* Recommand.storyboard */ = {isa = PBXFileReference; lastKnownFileType = file.storyboard; path = Recommand.storyboard; sourceTree = "<group>"; };
		92A86E472887AB8600957F08 /* RecommandCollectionViewCell.swift */ = {isa = PBXFileReference; lastKnownFileType = sourcecode.swift; path = RecommandCollectionViewCell.swift; sourceTree = "<group>"; };
		92A86E502887D7BF00957F08 /* ShoppingList.storyboard */ = {isa = PBXFileReference; lastKnownFileType = file.storyboard; path = ShoppingList.storyboard; sourceTree = "<group>"; };
		92A86E532887D7D400957F08 /* SearchTrendMedia.storyboard */ = {isa = PBXFileReference; lastKnownFileType = file.storyboard; path = SearchTrendMedia.storyboard; sourceTree = "<group>"; };
		92A86E572887D8FC00957F08 /* ShoppingListTableViewCell.swift */ = {isa = PBXFileReference; lastKnownFileType = sourcecode.swift; path = ShoppingListTableViewCell.swift; sourceTree = "<group>"; };
		92A86E592887D92100957F08 /* ShoppingListTableViewController.swift */ = {isa = PBXFileReference; lastKnownFileType = sourcecode.swift; path = ShoppingListTableViewController.swift; sourceTree = "<group>"; };
		92A86E5D2887DF2C00957F08 /* SearchTableViewCell.swift */ = {isa = PBXFileReference; lastKnownFileType = sourcecode.swift; path = SearchTableViewCell.swift; sourceTree = "<group>"; };
		92A86E5F2887E11300957F08 /* SearchTableViewController.swift */ = {isa = PBXFileReference; lastKnownFileType = sourcecode.swift; path = SearchTableViewController.swift; sourceTree = "<group>"; };
		92A86E622887E5EB00957F08 /* MovieInfo.swift */ = {isa = PBXFileReference; lastKnownFileType = sourcecode.swift; path = MovieInfo.swift; sourceTree = "<group>"; };
		92DA1BBF288A491000A21DBB /* UINavigationViewController.swift */ = {isa = PBXFileReference; lastKnownFileType = sourcecode.swift; path = UINavigationViewController.swift; sourceTree = "<group>"; };
/* End PBXFileReference section */

/* Begin PBXFrameworksBuildPhase section */
		92A86E1E2887A9BC00957F08 /* Frameworks */ = {
			isa = PBXFrameworksBuildPhase;
			buildActionMask = 2147483647;
			files = (
				92A86E4E2887AE8200957F08 /* Toast in Frameworks */,
				92A86E4B2887AE3800957F08 /* Kingfisher in Frameworks */,
			);
			runOnlyForDeploymentPostprocessing = 0;
		};
/* End PBXFrameworksBuildPhase section */

/* Begin PBXGroup section */
		921CB3D82888E6FE00240DB5 /* Trend */ = {
			isa = PBXGroup;
			children = (
				921CB3D92888E70600240DB5 /* Trend.storyboard */,
				921CB3DC2888E74800240DB5 /* View */,
				921CB3DB2888E74300240DB5 /* Controller */,
			);
			path = Trend;
			sourceTree = "<group>";
		};
		921CB3DB2888E74300240DB5 /* Controller */ = {
			isa = PBXGroup;
			children = (
				921CB3DD2888E75D00240DB5 /* TrendTableViewController.swift */,
			);
			path = Controller;
			sourceTree = "<group>";
		};
		921CB3DC2888E74800240DB5 /* View */ = {
			isa = PBXGroup;
			children = (
			);
			path = View;
			sourceTree = "<group>";
		};
		92A86E182887A9BC00957F08 = {
			isa = PBXGroup;
			children = (
				92A86E232887A9BC00957F08 /* TrendMedia */,
				92A86E222887A9BC00957F08 /* Products */,
			);
			sourceTree = "<group>";
		};
		92A86E222887A9BC00957F08 /* Products */ = {
			isa = PBXGroup;
			children = (
				92A86E212887A9BC00957F08 /* TrendMedia.app */,
			);
			name = Products;
			sourceTree = "<group>";
		};
		92A86E232887A9BC00957F08 /* TrendMedia */ = {
			isa = PBXGroup;
			children = (
				92A86E3A2887A9D900957F08 /* Screen */,
				92A86E382887A9C400957F08 /* Resource */,
			);
			path = TrendMedia;
			sourceTree = "<group>";
		};
		92A86E382887A9C400957F08 /* Resource */ = {
			isa = PBXGroup;
			children = (
				92A86E3F2887AA2700957F08 /* Asset */,
				92A86E392887A9CD00957F08 /* Support */,
				92A86E3E2887AA0500957F08 /* Storyboard */,
			);
			path = Resource;
			sourceTree = "<group>";
		};
		92A86E392887A9CD00957F08 /* Support */ = {
			isa = PBXGroup;
			children = (
				92A86E322887A9BE00957F08 /* Info.plist */,
				92A86E242887A9BC00957F08 /* AppDelegate.swift */,
				92A86E262887A9BC00957F08 /* SceneDelegate.swift */,
			);
			path = Support;
			sourceTree = "<group>";
		};
		92A86E3A2887A9D900957F08 /* Screen */ = {
			isa = PBXGroup;
			children = (
				921CB3D82888E6FE00240DB5 /* Trend */,
				92A86E522887D7C300957F08 /* Shopping */,
				92A86E4F2887D78300957F08 /* SearchTrend */,
				92A86E452887AAA700957F08 /* Main */,
				92A86E3B2887A9E200957F08 /* Recommand */,
			);
			path = Screen;
			sourceTree = "<group>";
		};
		92A86E3B2887A9E200957F08 /* Recommand */ = {
			isa = PBXGroup;
			children = (
				92A86E402887AA5100957F08 /* Recommand.storyboard */,
				92A86E442887AA6C00957F08 /* Model */,
				92A86E432887AA6500957F08 /* View */,
				92A86E422887AA5700957F08 /* Controller */,
			);
			path = Recommand;
			sourceTree = "<group>";
		};
		92A86E3E2887AA0500957F08 /* Storyboard */ = {
			isa = PBXGroup;
			children = (
				92A86E2F2887A9BE00957F08 /* LaunchScreen.storyboard */,
			);
			path = Storyboard;
			sourceTree = "<group>";
		};
		92A86E3F2887AA2700957F08 /* Asset */ = {
			isa = PBXGroup;
			children = (
				92A86E2D2887A9BE00957F08 /* Assets.xcassets */,
			);
			path = Asset;
			sourceTree = "<group>";
		};
		92A86E422887AA5700957F08 /* Controller */ = {
			isa = PBXGroup;
			children = (
				92A86E3C2887A9F000957F08 /* RecommandCollectionViewController.swift */,
			);
			path = Controller;
			sourceTree = "<group>";
		};
		92A86E432887AA6500957F08 /* View */ = {
			isa = PBXGroup;
			children = (
				92A86E472887AB8600957F08 /* RecommandCollectionViewCell.swift */,
			);
			path = View;
			sourceTree = "<group>";
		};
		92A86E442887AA6C00957F08 /* Model */ = {
			isa = PBXGroup;
			children = (
			);
			path = Model;
			sourceTree = "<group>";
		};
		92A86E452887AAA700957F08 /* Main */ = {
			isa = PBXGroup;
			children = (
				92A86E2A2887A9BC00957F08 /* Main.storyboard */,
				92A86E462887AAAB00957F08 /* Controller */,
			);
			path = Main;
			sourceTree = "<group>";
		};
		92A86E462887AAAB00957F08 /* Controller */ = {
			isa = PBXGroup;
			children = (
				92A86E282887A9BC00957F08 /* MainViewController.swift */,
			);
			path = Controller;
			sourceTree = "<group>";
		};
		92A86E4F2887D78300957F08 /* SearchTrend */ = {
			isa = PBXGroup;
			children = (
				92A86E532887D7D400957F08 /* SearchTrendMedia.storyboard */,
				92A86E612887E5D800957F08 /* Model */,
				92A86E5C2887DF1C00957F08 /* View */,
				92A86E5B2887DF1500957F08 /* Controller */,
			);
			path = SearchTrend;
			sourceTree = "<group>";
		};
		92A86E522887D7C300957F08 /* Shopping */ = {
			isa = PBXGroup;
			children = (
				92A86E502887D7BF00957F08 /* ShoppingList.storyboard */,
				92A86E562887D8E500957F08 /* View */,
				92A86E552887D8DF00957F08 /* Controller */,
			);
			path = Shopping;
			sourceTree = "<group>";
		};
		92A86E552887D8DF00957F08 /* Controller */ = {
			isa = PBXGroup;
			children = (
				92A86E592887D92100957F08 /* ShoppingListTableViewController.swift */,
			);
			path = Controller;
			sourceTree = "<group>";
		};
		92A86E562887D8E500957F08 /* View */ = {
			isa = PBXGroup;
			children = (
				92A86E572887D8FC00957F08 /* ShoppingListTableViewCell.swift */,
			);
			path = View;
			sourceTree = "<group>";
		};
		92A86E5B2887DF1500957F08 /* Controller */ = {
			isa = PBXGroup;
			children = (
				92A86E5F2887E11300957F08 /* SearchTableViewController.swift */,
				92DA1BBF288A491000A21DBB /* UINavigationViewController.swift */,
			);
			path = Controller;
			sourceTree = "<group>";
		};
		92A86E5C2887DF1C00957F08 /* View */ = {
			isa = PBXGroup;
			children = (
				92A86E5D2887DF2C00957F08 /* SearchTableViewCell.swift */,
			);
			path = View;
			sourceTree = "<group>";
		};
		92A86E612887E5D800957F08 /* Model */ = {
			isa = PBXGroup;
			children = (
				92A86E622887E5EB00957F08 /* MovieInfo.swift */,
			);
			path = Model;
			sourceTree = "<group>";
		};
/* End PBXGroup section */

/* Begin PBXNativeTarget section */
		92A86E202887A9BC00957F08 /* TrendMedia */ = {
			isa = PBXNativeTarget;
			buildConfigurationList = 92A86E352887A9BE00957F08 /* Build configuration list for PBXNativeTarget "TrendMedia" */;
			buildPhases = (
				92A86E1D2887A9BC00957F08 /* Sources */,
				92A86E1E2887A9BC00957F08 /* Frameworks */,
				92A86E1F2887A9BC00957F08 /* Resources */,
			);
			buildRules = (
			);
			dependencies = (
			);
			name = TrendMedia;
			packageProductDependencies = (
				92A86E4A2887AE3800957F08 /* Kingfisher */,
				92A86E4D2887AE8200957F08 /* Toast */,
			);
			productName = TrendMedia;
			productReference = 92A86E212887A9BC00957F08 /* TrendMedia.app */;
			productType = "com.apple.product-type.application";
		};
/* End PBXNativeTarget section */

/* Begin PBXProject section */
		92A86E192887A9BC00957F08 /* Project object */ = {
			isa = PBXProject;
			attributes = {
				BuildIndependentTargetsInParallel = 1;
				LastSwiftUpdateCheck = 1340;
				LastUpgradeCheck = 1340;
				TargetAttributes = {
					92A86E202887A9BC00957F08 = {
						CreatedOnToolsVersion = 13.4.1;
					};
				};
			};
			buildConfigurationList = 92A86E1C2887A9BC00957F08 /* Build configuration list for PBXProject "TrendMedia" */;
			compatibilityVersion = "Xcode 13.0";
			developmentRegion = en;
			hasScannedForEncodings = 0;
			knownRegions = (
				en,
				Base,
			);
			mainGroup = 92A86E182887A9BC00957F08;
			packageReferences = (
				92A86E492887AE3800957F08 /* XCRemoteSwiftPackageReference "Kingfisher" */,
				92A86E4C2887AE8200957F08 /* XCRemoteSwiftPackageReference "Toast-Swift" */,
			);
			productRefGroup = 92A86E222887A9BC00957F08 /* Products */;
			projectDirPath = "";
			projectRoot = "";
			targets = (
				92A86E202887A9BC00957F08 /* TrendMedia */,
			);
		};
/* End PBXProject section */

/* Begin PBXResourcesBuildPhase section */
		92A86E1F2887A9BC00957F08 /* Resources */ = {
			isa = PBXResourcesBuildPhase;
			buildActionMask = 2147483647;
			files = (
				921CB3DA2888E70600240DB5 /* Trend.storyboard in Resources */,
				92A86E312887A9BE00957F08 /* LaunchScreen.storyboard in Resources */,
				92A86E542887D7D400957F08 /* SearchTrendMedia.storyboard in Resources */,
				92A86E512887D7BF00957F08 /* ShoppingList.storyboard in Resources */,
				92A86E412887AA5100957F08 /* Recommand.storyboard in Resources */,
				92A86E2E2887A9BE00957F08 /* Assets.xcassets in Resources */,
				92A86E2C2887A9BC00957F08 /* Main.storyboard in Resources */,
			);
			runOnlyForDeploymentPostprocessing = 0;
		};
/* End PBXResourcesBuildPhase section */

/* Begin PBXSourcesBuildPhase section */
		92A86E1D2887A9BC00957F08 /* Sources */ = {
			isa = PBXSourcesBuildPhase;
			buildActionMask = 2147483647;
			files = (
				92A86E292887A9BC00957F08 /* MainViewController.swift in Sources */,
				92A86E602887E11300957F08 /* SearchTableViewController.swift in Sources */,
				92A86E252887A9BC00957F08 /* AppDelegate.swift in Sources */,
				92A86E272887A9BC00957F08 /* SceneDelegate.swift in Sources */,
				92DA1BC0288A491000A21DBB /* UINavigationViewController.swift in Sources */,
				92A86E5A2887D92100957F08 /* ShoppingListTableViewController.swift in Sources */,
				92A86E582887D8FC00957F08 /* ShoppingListTableViewCell.swift in Sources */,
				92A86E632887E5EB00957F08 /* MovieInfo.swift in Sources */,
				92A86E5E2887DF2C00957F08 /* SearchTableViewCell.swift in Sources */,
				92A86E482887AB8600957F08 /* RecommandCollectionViewCell.swift in Sources */,
				921CB3DE2888E75D00240DB5 /* TrendTableViewController.swift in Sources */,
				92A86E3D2887A9F000957F08 /* RecommandCollectionViewController.swift in Sources */,
			);
			runOnlyForDeploymentPostprocessing = 0;
		};
/* End PBXSourcesBuildPhase section */

/* Begin PBXVariantGroup section */
		92A86E2A2887A9BC00957F08 /* Main.storyboard */ = {
			isa = PBXVariantGroup;
			children = (
				92A86E2B2887A9BC00957F08 /* Base */,
			);
			name = Main.storyboard;
			sourceTree = "<group>";
		};
		92A86E2F2887A9BE00957F08 /* LaunchScreen.storyboard */ = {
			isa = PBXVariantGroup;
			children = (
				92A86E302887A9BE00957F08 /* Base */,
			);
			name = LaunchScreen.storyboard;
			sourceTree = "<group>";
		};
/* End PBXVariantGroup section */

/* Begin XCBuildConfiguration section */
		92A86E332887A9BE00957F08 /* Debug */ = {
			isa = XCBuildConfiguration;
			buildSettings = {
				ALWAYS_SEARCH_USER_PATHS = NO;
				CLANG_ANALYZER_NONNULL = YES;
				CLANG_ANALYZER_NUMBER_OBJECT_CONVERSION = YES_AGGRESSIVE;
				CLANG_CXX_LANGUAGE_STANDARD = "gnu++17";
				CLANG_ENABLE_MODULES = YES;
				CLANG_ENABLE_OBJC_ARC = YES;
				CLANG_ENABLE_OBJC_WEAK = YES;
				CLANG_WARN_BLOCK_CAPTURE_AUTORELEASING = YES;
				CLANG_WARN_BOOL_CONVERSION = YES;
				CLANG_WARN_COMMA = YES;
				CLANG_WARN_CONSTANT_CONVERSION = YES;
				CLANG_WARN_DEPRECATED_OBJC_IMPLEMENTATIONS = YES;
				CLANG_WARN_DIRECT_OBJC_ISA_USAGE = YES_ERROR;
				CLANG_WARN_DOCUMENTATION_COMMENTS = YES;
				CLANG_WARN_EMPTY_BODY = YES;
				CLANG_WARN_ENUM_CONVERSION = YES;
				CLANG_WARN_INFINITE_RECURSION = YES;
				CLANG_WARN_INT_CONVERSION = YES;
				CLANG_WARN_NON_LITERAL_NULL_CONVERSION = YES;
				CLANG_WARN_OBJC_IMPLICIT_RETAIN_SELF = YES;
				CLANG_WARN_OBJC_LITERAL_CONVERSION = YES;
				CLANG_WARN_OBJC_ROOT_CLASS = YES_ERROR;
				CLANG_WARN_QUOTED_INCLUDE_IN_FRAMEWORK_HEADER = YES;
				CLANG_WARN_RANGE_LOOP_ANALYSIS = YES;
				CLANG_WARN_STRICT_PROTOTYPES = YES;
				CLANG_WARN_SUSPICIOUS_MOVE = YES;
				CLANG_WARN_UNGUARDED_AVAILABILITY = YES_AGGRESSIVE;
				CLANG_WARN_UNREACHABLE_CODE = YES;
				CLANG_WARN__DUPLICATE_METHOD_MATCH = YES;
				COPY_PHASE_STRIP = NO;
				DEBUG_INFORMATION_FORMAT = dwarf;
				ENABLE_STRICT_OBJC_MSGSEND = YES;
				ENABLE_TESTABILITY = YES;
				GCC_C_LANGUAGE_STANDARD = gnu11;
				GCC_DYNAMIC_NO_PIC = NO;
				GCC_NO_COMMON_BLOCKS = YES;
				GCC_OPTIMIZATION_LEVEL = 0;
				GCC_PREPROCESSOR_DEFINITIONS = (
					"DEBUG=1",
					"$(inherited)",
				);
				GCC_WARN_64_TO_32_BIT_CONVERSION = YES;
				GCC_WARN_ABOUT_RETURN_TYPE = YES_ERROR;
				GCC_WARN_UNDECLARED_SELECTOR = YES;
				GCC_WARN_UNINITIALIZED_AUTOS = YES_AGGRESSIVE;
				GCC_WARN_UNUSED_FUNCTION = YES;
				GCC_WARN_UNUSED_VARIABLE = YES;
				IPHONEOS_DEPLOYMENT_TARGET = 15.5;
				MTL_ENABLE_DEBUG_INFO = INCLUDE_SOURCE;
				MTL_FAST_MATH = YES;
				ONLY_ACTIVE_ARCH = YES;
				SDKROOT = iphoneos;
				SWIFT_ACTIVE_COMPILATION_CONDITIONS = DEBUG;
				SWIFT_OPTIMIZATION_LEVEL = "-Onone";
			};
			name = Debug;
		};
		92A86E342887A9BE00957F08 /* Release */ = {
			isa = XCBuildConfiguration;
			buildSettings = {
				ALWAYS_SEARCH_USER_PATHS = NO;
				CLANG_ANALYZER_NONNULL = YES;
				CLANG_ANALYZER_NUMBER_OBJECT_CONVERSION = YES_AGGRESSIVE;
				CLANG_CXX_LANGUAGE_STANDARD = "gnu++17";
				CLANG_ENABLE_MODULES = YES;
				CLANG_ENABLE_OBJC_ARC = YES;
				CLANG_ENABLE_OBJC_WEAK = YES;
				CLANG_WARN_BLOCK_CAPTURE_AUTORELEASING = YES;
				CLANG_WARN_BOOL_CONVERSION = YES;
				CLANG_WARN_COMMA = YES;
				CLANG_WARN_CONSTANT_CONVERSION = YES;
				CLANG_WARN_DEPRECATED_OBJC_IMPLEMENTATIONS = YES;
				CLANG_WARN_DIRECT_OBJC_ISA_USAGE = YES_ERROR;
				CLANG_WARN_DOCUMENTATION_COMMENTS = YES;
				CLANG_WARN_EMPTY_BODY = YES;
				CLANG_WARN_ENUM_CONVERSION = YES;
				CLANG_WARN_INFINITE_RECURSION = YES;
				CLANG_WARN_INT_CONVERSION = YES;
				CLANG_WARN_NON_LITERAL_NULL_CONVERSION = YES;
				CLANG_WARN_OBJC_IMPLICIT_RETAIN_SELF = YES;
				CLANG_WARN_OBJC_LITERAL_CONVERSION = YES;
				CLANG_WARN_OBJC_ROOT_CLASS = YES_ERROR;
				CLANG_WARN_QUOTED_INCLUDE_IN_FRAMEWORK_HEADER = YES;
				CLANG_WARN_RANGE_LOOP_ANALYSIS = YES;
				CLANG_WARN_STRICT_PROTOTYPES = YES;
				CLANG_WARN_SUSPICIOUS_MOVE = YES;
				CLANG_WARN_UNGUARDED_AVAILABILITY = YES_AGGRESSIVE;
				CLANG_WARN_UNREACHABLE_CODE = YES;
				CLANG_WARN__DUPLICATE_METHOD_MATCH = YES;
				COPY_PHASE_STRIP = NO;
				DEBUG_INFORMATION_FORMAT = "dwarf-with-dsym";
				ENABLE_NS_ASSERTIONS = NO;
				ENABLE_STRICT_OBJC_MSGSEND = YES;
				GCC_C_LANGUAGE_STANDARD = gnu11;
				GCC_NO_COMMON_BLOCKS = YES;
				GCC_WARN_64_TO_32_BIT_CONVERSION = YES;
				GCC_WARN_ABOUT_RETURN_TYPE = YES_ERROR;
				GCC_WARN_UNDECLARED_SELECTOR = YES;
				GCC_WARN_UNINITIALIZED_AUTOS = YES_AGGRESSIVE;
				GCC_WARN_UNUSED_FUNCTION = YES;
				GCC_WARN_UNUSED_VARIABLE = YES;
				IPHONEOS_DEPLOYMENT_TARGET = 15.5;
				MTL_ENABLE_DEBUG_INFO = NO;
				MTL_FAST_MATH = YES;
				SDKROOT = iphoneos;
				SWIFT_COMPILATION_MODE = wholemodule;
				SWIFT_OPTIMIZATION_LEVEL = "-O";
				VALIDATE_PRODUCT = YES;
			};
			name = Release;
		};
		92A86E362887A9BE00957F08 /* Debug */ = {
			isa = XCBuildConfiguration;
			buildSettings = {
				ASSETCATALOG_COMPILER_APPICON_NAME = AppIcon;
				ASSETCATALOG_COMPILER_GLOBAL_ACCENT_COLOR_NAME = AccentColor;
				CODE_SIGN_STYLE = Automatic;
				CURRENT_PROJECT_VERSION = 1;
				DEVELOPMENT_TEAM = PU64TS56AD;
				GENERATE_INFOPLIST_FILE = YES;
				INFOPLIST_FILE = TrendMedia/Resource/Support/Info.plist;
				INFOPLIST_KEY_UIApplicationSupportsIndirectInputEvents = YES;
				INFOPLIST_KEY_UILaunchStoryboardName = LaunchScreen;
				INFOPLIST_KEY_UIMainStoryboardFile = ShoppingList;
				INFOPLIST_KEY_UISupportedInterfaceOrientations_iPad = "UIInterfaceOrientationPortrait UIInterfaceOrientationPortraitUpsideDown UIInterfaceOrientationLandscapeLeft UIInterfaceOrientationLandscapeRight";
				INFOPLIST_KEY_UISupportedInterfaceOrientations_iPhone = "UIInterfaceOrientationPortrait UIInterfaceOrientationLandscapeLeft UIInterfaceOrientationLandscapeRight";
				LD_RUNPATH_SEARCH_PATHS = (
					"$(inherited)",
					"@executable_path/Frameworks",
				);
				MARKETING_VERSION = 1.0;
				PRODUCT_BUNDLE_IDENTIFIER = soyeon.TrendMedia;
				PRODUCT_NAME = "$(TARGET_NAME)";
				SWIFT_EMIT_LOC_STRINGS = YES;
				SWIFT_VERSION = 5.0;
				TARGETED_DEVICE_FAMILY = "1,2";
			};
			name = Debug;
		};
		92A86E372887A9BE00957F08 /* Release */ = {
			isa = XCBuildConfiguration;
			buildSettings = {
				ASSETCATALOG_COMPILER_APPICON_NAME = AppIcon;
				ASSETCATALOG_COMPILER_GLOBAL_ACCENT_COLOR_NAME = AccentColor;
				CODE_SIGN_STYLE = Automatic;
				CURRENT_PROJECT_VERSION = 1;
				DEVELOPMENT_TEAM = PU64TS56AD;
				GENERATE_INFOPLIST_FILE = YES;
				INFOPLIST_FILE = TrendMedia/Resource/Support/Info.plist;
				INFOPLIST_KEY_UIApplicationSupportsIndirectInputEvents = YES;
				INFOPLIST_KEY_UILaunchStoryboardName = LaunchScreen;
				INFOPLIST_KEY_UIMainStoryboardFile = ShoppingList;
				INFOPLIST_KEY_UISupportedInterfaceOrientations_iPad = "UIInterfaceOrientationPortrait UIInterfaceOrientationPortraitUpsideDown UIInterfaceOrientationLandscapeLeft UIInterfaceOrientationLandscapeRight";
				INFOPLIST_KEY_UISupportedInterfaceOrientations_iPhone = "UIInterfaceOrientationPortrait UIInterfaceOrientationLandscapeLeft UIInterfaceOrientationLandscapeRight";
				LD_RUNPATH_SEARCH_PATHS = (
					"$(inherited)",
					"@executable_path/Frameworks",
				);
				MARKETING_VERSION = 1.0;
				PRODUCT_BUNDLE_IDENTIFIER = soyeon.TrendMedia;
				PRODUCT_NAME = "$(TARGET_NAME)";
				SWIFT_EMIT_LOC_STRINGS = YES;
				SWIFT_VERSION = 5.0;
				TARGETED_DEVICE_FAMILY = "1,2";
			};
			name = Release;
		};
/* End XCBuildConfiguration section */

/* Begin XCConfigurationList section */
		92A86E1C2887A9BC00957F08 /* Build configuration list for PBXProject "TrendMedia" */ = {
			isa = XCConfigurationList;
			buildConfigurations = (
				92A86E332887A9BE00957F08 /* Debug */,
				92A86E342887A9BE00957F08 /* Release */,
			);
			defaultConfigurationIsVisible = 0;
			defaultConfigurationName = Release;
		};
		92A86E352887A9BE00957F08 /* Build configuration list for PBXNativeTarget "TrendMedia" */ = {
			isa = XCConfigurationList;
			buildConfigurations = (
				92A86E362887A9BE00957F08 /* Debug */,
				92A86E372887A9BE00957F08 /* Release */,
			);
			defaultConfigurationIsVisible = 0;
			defaultConfigurationName = Release;
		};
/* End XCConfigurationList section */

/* Begin XCRemoteSwiftPackageReference section */
		92A86E492887AE3800957F08 /* XCRemoteSwiftPackageReference "Kingfisher" */ = {
			isa = XCRemoteSwiftPackageReference;
			repositoryURL = "https://github.com/onevcat/Kingfisher.git";
			requirement = {
				branch = master;
				kind = branch;
			};
		};
		92A86E4C2887AE8200957F08 /* XCRemoteSwiftPackageReference "Toast-Swift" */ = {
			isa = XCRemoteSwiftPackageReference;
			repositoryURL = "https://github.com/scalessec/Toast-Swift.git";
			requirement = {
				kind = upToNextMajorVersion;
				minimumVersion = 5.0.0;
			};
		};
/* End XCRemoteSwiftPackageReference section */

/* Begin XCSwiftPackageProductDependency section */
		92A86E4A2887AE3800957F08 /* Kingfisher */ = {
			isa = XCSwiftPackageProductDependency;
			package = 92A86E492887AE3800957F08 /* XCRemoteSwiftPackageReference "Kingfisher" */;
			productName = Kingfisher;
		};
		92A86E4D2887AE8200957F08 /* Toast */ = {
			isa = XCSwiftPackageProductDependency;
			package = 92A86E4C2887AE8200957F08 /* XCRemoteSwiftPackageReference "Toast-Swift" */;
			productName = Toast;
		};
/* End XCSwiftPackageProductDependency section */
	};
	rootObject = 92A86E192887A9BC00957F08 /* Project object */;
}
