// !$*UTF8*$!
{
	archiveVersion = 1;
	classes = {
	};
	objectVersion = 56;
	objects = {

/* Begin PBXBuildFile section */
		92ED338928ED157E00F780C9 /* AppDelegate.swift in Sources */ = {isa = PBXBuildFile; fileRef = 92ED338828ED157E00F780C9 /* AppDelegate.swift */; };
		92ED338B28ED157E00F780C9 /* SceneDelegate.swift in Sources */ = {isa = PBXBuildFile; fileRef = 92ED338A28ED157E00F780C9 /* SceneDelegate.swift */; };
		92ED338D28ED157E00F780C9 /* ViewController.swift in Sources */ = {isa = PBXBuildFile; fileRef = 92ED338C28ED157E00F780C9 /* ViewController.swift */; };
		92ED339028ED157E00F780C9 /* Main.storyboard in Resources */ = {isa = PBXBuildFile; fileRef = 92ED338E28ED157E00F780C9 /* Main.storyboard */; };
		92ED339228ED158000F780C9 /* Assets.xcassets in Resources */ = {isa = PBXBuildFile; fileRef = 92ED339128ED158000F780C9 /* Assets.xcassets */; };
		92ED339528ED158000F780C9 /* LaunchScreen.storyboard in Resources */ = {isa = PBXBuildFile; fileRef = 92ED339328ED158000F780C9 /* LaunchScreen.storyboard */; };
		92ED33A028ED158000F780C9 /* FirebaseExampleTests.swift in Sources */ = {isa = PBXBuildFile; fileRef = 92ED339F28ED158000F780C9 /* FirebaseExampleTests.swift */; };
		92ED33AA28ED158000F780C9 /* FirebaseExampleUITests.swift in Sources */ = {isa = PBXBuildFile; fileRef = 92ED33A928ED158000F780C9 /* FirebaseExampleUITests.swift */; };
		92ED33AC28ED158000F780C9 /* FirebaseExampleUITestsLaunchTests.swift in Sources */ = {isa = PBXBuildFile; fileRef = 92ED33AB28ED158000F780C9 /* FirebaseExampleUITestsLaunchTests.swift */; };
		92ED33B928ED1D5400F780C9 /* GoogleService-Info.plist in Resources */ = {isa = PBXBuildFile; fileRef = 92ED33B828ED1D5400F780C9 /* GoogleService-Info.plist */; };
		92ED33BF28ED2BFD00F780C9 /* FirebaseAnalyticsWithoutAdIdSupport in Frameworks */ = {isa = PBXBuildFile; productRef = 92ED33BE28ED2BFD00F780C9 /* FirebaseAnalyticsWithoutAdIdSupport */; };
		92ED33C128ED2BFD00F780C9 /* FirebaseCrashlytics in Frameworks */ = {isa = PBXBuildFile; productRef = 92ED33C028ED2BFD00F780C9 /* FirebaseCrashlytics */; };
/* End PBXBuildFile section */

/* Begin PBXContainerItemProxy section */
		92ED339C28ED158000F780C9 /* PBXContainerItemProxy */ = {
			isa = PBXContainerItemProxy;
			containerPortal = 92ED337D28ED157E00F780C9 /* Project object */;
			proxyType = 1;
			remoteGlobalIDString = 92ED338428ED157E00F780C9;
			remoteInfo = FirebaseExample;
		};
		92ED33A628ED158000F780C9 /* PBXContainerItemProxy */ = {
			isa = PBXContainerItemProxy;
			containerPortal = 92ED337D28ED157E00F780C9 /* Project object */;
			proxyType = 1;
			remoteGlobalIDString = 92ED338428ED157E00F780C9;
			remoteInfo = FirebaseExample;
		};
/* End PBXContainerItemProxy section */

/* Begin PBXFileReference section */
		92ED338528ED157E00F780C9 /* FirebaseExample.app */ = {isa = PBXFileReference; explicitFileType = wrapper.application; includeInIndex = 0; path = FirebaseExample.app; sourceTree = BUILT_PRODUCTS_DIR; };
		92ED338828ED157E00F780C9 /* AppDelegate.swift */ = {isa = PBXFileReference; lastKnownFileType = sourcecode.swift; path = AppDelegate.swift; sourceTree = "<group>"; };
		92ED338A28ED157E00F780C9 /* SceneDelegate.swift */ = {isa = PBXFileReference; lastKnownFileType = sourcecode.swift; path = SceneDelegate.swift; sourceTree = "<group>"; };
		92ED338C28ED157E00F780C9 /* ViewController.swift */ = {isa = PBXFileReference; lastKnownFileType = sourcecode.swift; path = ViewController.swift; sourceTree = "<group>"; };
		92ED338F28ED157E00F780C9 /* Base */ = {isa = PBXFileReference; lastKnownFileType = file.storyboard; name = Base; path = Base.lproj/Main.storyboard; sourceTree = "<group>"; };
		92ED339128ED158000F780C9 /* Assets.xcassets */ = {isa = PBXFileReference; lastKnownFileType = folder.assetcatalog; path = Assets.xcassets; sourceTree = "<group>"; };
		92ED339428ED158000F780C9 /* Base */ = {isa = PBXFileReference; lastKnownFileType = file.storyboard; name = Base; path = Base.lproj/LaunchScreen.storyboard; sourceTree = "<group>"; };
		92ED339628ED158000F780C9 /* Info.plist */ = {isa = PBXFileReference; lastKnownFileType = text.plist.xml; path = Info.plist; sourceTree = "<group>"; };
		92ED339B28ED158000F780C9 /* FirebaseExampleTests.xctest */ = {isa = PBXFileReference; explicitFileType = wrapper.cfbundle; includeInIndex = 0; path = FirebaseExampleTests.xctest; sourceTree = BUILT_PRODUCTS_DIR; };
		92ED339F28ED158000F780C9 /* FirebaseExampleTests.swift */ = {isa = PBXFileReference; lastKnownFileType = sourcecode.swift; path = FirebaseExampleTests.swift; sourceTree = "<group>"; };
		92ED33A528ED158000F780C9 /* FirebaseExampleUITests.xctest */ = {isa = PBXFileReference; explicitFileType = wrapper.cfbundle; includeInIndex = 0; path = FirebaseExampleUITests.xctest; sourceTree = BUILT_PRODUCTS_DIR; };
		92ED33A928ED158000F780C9 /* FirebaseExampleUITests.swift */ = {isa = PBXFileReference; lastKnownFileType = sourcecode.swift; path = FirebaseExampleUITests.swift; sourceTree = "<group>"; };
		92ED33AB28ED158000F780C9 /* FirebaseExampleUITestsLaunchTests.swift */ = {isa = PBXFileReference; lastKnownFileType = sourcecode.swift; path = FirebaseExampleUITestsLaunchTests.swift; sourceTree = "<group>"; };
		92ED33B828ED1D5400F780C9 /* GoogleService-Info.plist */ = {isa = PBXFileReference; fileEncoding = 4; lastKnownFileType = text.plist.xml; path = "GoogleService-Info.plist"; sourceTree = "<group>"; };
/* End PBXFileReference section */

/* Begin PBXFrameworksBuildPhase section */
		92ED338228ED157E00F780C9 /* Frameworks */ = {
			isa = PBXFrameworksBuildPhase;
			buildActionMask = 2147483647;
			files = (
				92ED33BF28ED2BFD00F780C9 /* FirebaseAnalyticsWithoutAdIdSupport in Frameworks */,
				92ED33C128ED2BFD00F780C9 /* FirebaseCrashlytics in Frameworks */,
			);
			runOnlyForDeploymentPostprocessing = 0;
		};
		92ED339828ED158000F780C9 /* Frameworks */ = {
			isa = PBXFrameworksBuildPhase;
			buildActionMask = 2147483647;
			files = (
			);
			runOnlyForDeploymentPostprocessing = 0;
		};
		92ED33A228ED158000F780C9 /* Frameworks */ = {
			isa = PBXFrameworksBuildPhase;
			buildActionMask = 2147483647;
			files = (
			);
			runOnlyForDeploymentPostprocessing = 0;
		};
/* End PBXFrameworksBuildPhase section */

/* Begin PBXGroup section */
		92ED337C28ED157E00F780C9 = {
			isa = PBXGroup;
			children = (
				92ED338728ED157E00F780C9 /* FirebaseExample */,
				92ED339E28ED158000F780C9 /* FirebaseExampleTests */,
				92ED33A828ED158000F780C9 /* FirebaseExampleUITests */,
				92ED338628ED157E00F780C9 /* Products */,
			);
			sourceTree = "<group>";
		};
		92ED338628ED157E00F780C9 /* Products */ = {
			isa = PBXGroup;
			children = (
				92ED338528ED157E00F780C9 /* FirebaseExample.app */,
				92ED339B28ED158000F780C9 /* FirebaseExampleTests.xctest */,
				92ED33A528ED158000F780C9 /* FirebaseExampleUITests.xctest */,
			);
			name = Products;
			sourceTree = "<group>";
		};
		92ED338728ED157E00F780C9 /* FirebaseExample */ = {
			isa = PBXGroup;
			children = (
				92ED33B828ED1D5400F780C9 /* GoogleService-Info.plist */,
				92ED338828ED157E00F780C9 /* AppDelegate.swift */,
				92ED338A28ED157E00F780C9 /* SceneDelegate.swift */,
				92ED338C28ED157E00F780C9 /* ViewController.swift */,
				92ED338E28ED157E00F780C9 /* Main.storyboard */,
				92ED339128ED158000F780C9 /* Assets.xcassets */,
				92ED339328ED158000F780C9 /* LaunchScreen.storyboard */,
				92ED339628ED158000F780C9 /* Info.plist */,
			);
			path = FirebaseExample;
			sourceTree = "<group>";
		};
		92ED339E28ED158000F780C9 /* FirebaseExampleTests */ = {
			isa = PBXGroup;
			children = (
				92ED339F28ED158000F780C9 /* FirebaseExampleTests.swift */,
			);
			path = FirebaseExampleTests;
			sourceTree = "<group>";
		};
		92ED33A828ED158000F780C9 /* FirebaseExampleUITests */ = {
			isa = PBXGroup;
			children = (
				92ED33A928ED158000F780C9 /* FirebaseExampleUITests.swift */,
				92ED33AB28ED158000F780C9 /* FirebaseExampleUITestsLaunchTests.swift */,
			);
			path = FirebaseExampleUITests;
			sourceTree = "<group>";
		};
/* End PBXGroup section */

/* Begin PBXNativeTarget section */
		92ED338428ED157E00F780C9 /* FirebaseExample */ = {
			isa = PBXNativeTarget;
			buildConfigurationList = 92ED33AF28ED158000F780C9 /* Build configuration list for PBXNativeTarget "FirebaseExample" */;
			buildPhases = (
				92ED338128ED157E00F780C9 /* Sources */,
				92ED338228ED157E00F780C9 /* Frameworks */,
				92ED338328ED157E00F780C9 /* Resources */,
				92ED33C228ED2E5900F780C9 /* ShellScript */,
			);
			buildRules = (
			);
			dependencies = (
			);
			name = FirebaseExample;
			packageProductDependencies = (
				92ED33BE28ED2BFD00F780C9 /* FirebaseAnalyticsWithoutAdIdSupport */,
				92ED33C028ED2BFD00F780C9 /* FirebaseCrashlytics */,
			);
			productName = FirebaseExample;
			productReference = 92ED338528ED157E00F780C9 /* FirebaseExample.app */;
			productType = "com.apple.product-type.application";
		};
		92ED339A28ED158000F780C9 /* FirebaseExampleTests */ = {
			isa = PBXNativeTarget;
			buildConfigurationList = 92ED33B228ED158000F780C9 /* Build configuration list for PBXNativeTarget "FirebaseExampleTests" */;
			buildPhases = (
				92ED339728ED158000F780C9 /* Sources */,
				92ED339828ED158000F780C9 /* Frameworks */,
				92ED339928ED158000F780C9 /* Resources */,
			);
			buildRules = (
			);
			dependencies = (
				92ED339D28ED158000F780C9 /* PBXTargetDependency */,
			);
			name = FirebaseExampleTests;
			productName = FirebaseExampleTests;
			productReference = 92ED339B28ED158000F780C9 /* FirebaseExampleTests.xctest */;
			productType = "com.apple.product-type.bundle.unit-test";
		};
		92ED33A428ED158000F780C9 /* FirebaseExampleUITests */ = {
			isa = PBXNativeTarget;
			buildConfigurationList = 92ED33B528ED158000F780C9 /* Build configuration list for PBXNativeTarget "FirebaseExampleUITests" */;
			buildPhases = (
				92ED33A128ED158000F780C9 /* Sources */,
				92ED33A228ED158000F780C9 /* Frameworks */,
				92ED33A328ED158000F780C9 /* Resources */,
			);
			buildRules = (
			);
			dependencies = (
				92ED33A728ED158000F780C9 /* PBXTargetDependency */,
			);
			name = FirebaseExampleUITests;
			productName = FirebaseExampleUITests;
			productReference = 92ED33A528ED158000F780C9 /* FirebaseExampleUITests.xctest */;
			productType = "com.apple.product-type.bundle.ui-testing";
		};
/* End PBXNativeTarget section */

/* Begin PBXProject section */
		92ED337D28ED157E00F780C9 /* Project object */ = {
			isa = PBXProject;
			attributes = {
				BuildIndependentTargetsInParallel = 1;
				LastSwiftUpdateCheck = 1400;
				LastUpgradeCheck = 1400;
				TargetAttributes = {
					92ED338428ED157E00F780C9 = {
						CreatedOnToolsVersion = 14.0;
					};
					92ED339A28ED158000F780C9 = {
						CreatedOnToolsVersion = 14.0;
						TestTargetID = 92ED338428ED157E00F780C9;
					};
					92ED33A428ED158000F780C9 = {
						CreatedOnToolsVersion = 14.0;
						TestTargetID = 92ED338428ED157E00F780C9;
					};
				};
			};
			buildConfigurationList = 92ED338028ED157E00F780C9 /* Build configuration list for PBXProject "FirebaseExample" */;
			compatibilityVersion = "Xcode 14.0";
			developmentRegion = en;
			hasScannedForEncodings = 0;
			knownRegions = (
				en,
				Base,
			);
			mainGroup = 92ED337C28ED157E00F780C9;
			packageReferences = (
				92ED33BD28ED2BFD00F780C9 /* XCRemoteSwiftPackageReference "firebase-ios-sdk" */,
			);
			productRefGroup = 92ED338628ED157E00F780C9 /* Products */;
			projectDirPath = "";
			projectRoot = "";
			targets = (
				92ED338428ED157E00F780C9 /* FirebaseExample */,
				92ED339A28ED158000F780C9 /* FirebaseExampleTests */,
				92ED33A428ED158000F780C9 /* FirebaseExampleUITests */,
			);
		};
/* End PBXProject section */

/* Begin PBXResourcesBuildPhase section */
		92ED338328ED157E00F780C9 /* Resources */ = {
			isa = PBXResourcesBuildPhase;
			buildActionMask = 2147483647;
			files = (
				92ED339528ED158000F780C9 /* LaunchScreen.storyboard in Resources */,
				92ED33B928ED1D5400F780C9 /* GoogleService-Info.plist in Resources */,
				92ED339228ED158000F780C9 /* Assets.xcassets in Resources */,
				92ED339028ED157E00F780C9 /* Main.storyboard in Resources */,
			);
			runOnlyForDeploymentPostprocessing = 0;
		};
		92ED339928ED158000F780C9 /* Resources */ = {
			isa = PBXResourcesBuildPhase;
			buildActionMask = 2147483647;
			files = (
			);
			runOnlyForDeploymentPostprocessing = 0;
		};
		92ED33A328ED158000F780C9 /* Resources */ = {
			isa = PBXResourcesBuildPhase;
			buildActionMask = 2147483647;
			files = (
			);
			runOnlyForDeploymentPostprocessing = 0;
		};
/* End PBXResourcesBuildPhase section */

/* Begin PBXShellScriptBuildPhase section */
		92ED33C228ED2E5900F780C9 /* ShellScript */ = {
			isa = PBXShellScriptBuildPhase;
			buildActionMask = 2147483647;
			files = (
			);
			inputFileListPaths = (
			);
			inputPaths = (
				"${DWARF_DSYM_FOLDER_PATH}/${DWARF_DSYM_FILE_NAME}/Contents/Resources/DWARF/${TARGET_NAME}",
				"$(SRCROOT)/$(BUILT_PRODUCTS_DIR)/$(INFOPLIST_PATH)",
			);
			outputFileListPaths = (
			);
			outputPaths = (
			);
			runOnlyForDeploymentPostprocessing = 0;
			shellPath = /bin/sh;
			shellScript = "# Type a script or drag a script file from your workspace to insert its path.\n\"${BUILD_DIR%/Build/*}/SourcePackages/checkouts/firebase-ios-sdk/Crashlytics/run\"\n";
		};
/* End PBXShellScriptBuildPhase section */

/* Begin PBXSourcesBuildPhase section */
		92ED338128ED157E00F780C9 /* Sources */ = {
			isa = PBXSourcesBuildPhase;
			buildActionMask = 2147483647;
			files = (
				92ED338D28ED157E00F780C9 /* ViewController.swift in Sources */,
				92ED338928ED157E00F780C9 /* AppDelegate.swift in Sources */,
				92ED338B28ED157E00F780C9 /* SceneDelegate.swift in Sources */,
			);
			runOnlyForDeploymentPostprocessing = 0;
		};
		92ED339728ED158000F780C9 /* Sources */ = {
			isa = PBXSourcesBuildPhase;
			buildActionMask = 2147483647;
			files = (
				92ED33A028ED158000F780C9 /* FirebaseExampleTests.swift in Sources */,
			);
			runOnlyForDeploymentPostprocessing = 0;
		};
		92ED33A128ED158000F780C9 /* Sources */ = {
			isa = PBXSourcesBuildPhase;
			buildActionMask = 2147483647;
			files = (
				92ED33AC28ED158000F780C9 /* FirebaseExampleUITestsLaunchTests.swift in Sources */,
				92ED33AA28ED158000F780C9 /* FirebaseExampleUITests.swift in Sources */,
			);
			runOnlyForDeploymentPostprocessing = 0;
		};
/* End PBXSourcesBuildPhase section */

/* Begin PBXTargetDependency section */
		92ED339D28ED158000F780C9 /* PBXTargetDependency */ = {
			isa = PBXTargetDependency;
			target = 92ED338428ED157E00F780C9 /* FirebaseExample */;
			targetProxy = 92ED339C28ED158000F780C9 /* PBXContainerItemProxy */;
		};
		92ED33A728ED158000F780C9 /* PBXTargetDependency */ = {
			isa = PBXTargetDependency;
			target = 92ED338428ED157E00F780C9 /* FirebaseExample */;
			targetProxy = 92ED33A628ED158000F780C9 /* PBXContainerItemProxy */;
		};
/* End PBXTargetDependency section */

/* Begin PBXVariantGroup section */
		92ED338E28ED157E00F780C9 /* Main.storyboard */ = {
			isa = PBXVariantGroup;
			children = (
				92ED338F28ED157E00F780C9 /* Base */,
			);
			name = Main.storyboard;
			sourceTree = "<group>";
		};
		92ED339328ED158000F780C9 /* LaunchScreen.storyboard */ = {
			isa = PBXVariantGroup;
			children = (
				92ED339428ED158000F780C9 /* Base */,
			);
			name = LaunchScreen.storyboard;
			sourceTree = "<group>";
		};
/* End PBXVariantGroup section */

/* Begin XCBuildConfiguration section */
		92ED33AD28ED158000F780C9 /* Debug */ = {
			isa = XCBuildConfiguration;
			buildSettings = {
				ALWAYS_SEARCH_USER_PATHS = NO;
				CLANG_ANALYZER_NONNULL = YES;
				CLANG_ANALYZER_NUMBER_OBJECT_CONVERSION = YES_AGGRESSIVE;
				CLANG_CXX_LANGUAGE_STANDARD = "gnu++20";
				CLANG_ENABLE_MODULES = YES;
				CLANG_ENABLE_OBJC_ARC = YES;
				CLANG_ENABLE_OBJC_WEAK = YES;
				CLANG_WARN_BLOCK_CAPTURE_AUTORELEASING = YES;
				CLANG_WARN_BOOL_CONVERSION = YES;
				CLANG_WARN_COMMA = YES;
				CLANG_WARN_CONSTANT_CONVERSION = YES;
				CLANG_WARN_DEPRECATED_OBJC_IMPLEMENTATIONS = YES;
				CLANG_WARN_DIRECT_OBJC_ISA_USAGE = YES_ERROR;
				CLANG_WARN_DOCUMENTATION_COMMENTS = YES;
				CLANG_WARN_EMPTY_BODY = YES;
				CLANG_WARN_ENUM_CONVERSION = YES;
				CLANG_WARN_INFINITE_RECURSION = YES;
				CLANG_WARN_INT_CONVERSION = YES;
				CLANG_WARN_NON_LITERAL_NULL_CONVERSION = YES;
				CLANG_WARN_OBJC_IMPLICIT_RETAIN_SELF = YES;
				CLANG_WARN_OBJC_LITERAL_CONVERSION = YES;
				CLANG_WARN_OBJC_ROOT_CLASS = YES_ERROR;
				CLANG_WARN_QUOTED_INCLUDE_IN_FRAMEWORK_HEADER = YES;
				CLANG_WARN_RANGE_LOOP_ANALYSIS = YES;
				CLANG_WARN_STRICT_PROTOTYPES = YES;
				CLANG_WARN_SUSPICIOUS_MOVE = YES;
				CLANG_WARN_UNGUARDED_AVAILABILITY = YES_AGGRESSIVE;
				CLANG_WARN_UNREACHABLE_CODE = YES;
				CLANG_WARN__DUPLICATE_METHOD_MATCH = YES;
				COPY_PHASE_STRIP = NO;
				DEBUG_INFORMATION_FORMAT = dwarf;
				ENABLE_STRICT_OBJC_MSGSEND = YES;
				ENABLE_TESTABILITY = YES;
				GCC_C_LANGUAGE_STANDARD = gnu11;
				GCC_DYNAMIC_NO_PIC = NO;
				GCC_NO_COMMON_BLOCKS = YES;
				GCC_OPTIMIZATION_LEVEL = 0;
				GCC_PREPROCESSOR_DEFINITIONS = (
					"DEBUG=1",
					"$(inherited)",
				);
				GCC_WARN_64_TO_32_BIT_CONVERSION = YES;
				GCC_WARN_ABOUT_RETURN_TYPE = YES_ERROR;
				GCC_WARN_UNDECLARED_SELECTOR = YES;
				GCC_WARN_UNINITIALIZED_AUTOS = YES_AGGRESSIVE;
				GCC_WARN_UNUSED_FUNCTION = YES;
				GCC_WARN_UNUSED_VARIABLE = YES;
				IPHONEOS_DEPLOYMENT_TARGET = 15.0;
				MTL_ENABLE_DEBUG_INFO = INCLUDE_SOURCE;
				MTL_FAST_MATH = YES;
				ONLY_ACTIVE_ARCH = YES;
				SDKROOT = iphoneos;
				SWIFT_ACTIVE_COMPILATION_CONDITIONS = DEBUG;
				SWIFT_OPTIMIZATION_LEVEL = "-Onone";
			};
			name = Debug;
		};
		92ED33AE28ED158000F780C9 /* Release */ = {
			isa = XCBuildConfiguration;
			buildSettings = {
				ALWAYS_SEARCH_USER_PATHS = NO;
				CLANG_ANALYZER_NONNULL = YES;
				CLANG_ANALYZER_NUMBER_OBJECT_CONVERSION = YES_AGGRESSIVE;
				CLANG_CXX_LANGUAGE_STANDARD = "gnu++20";
				CLANG_ENABLE_MODULES = YES;
				CLANG_ENABLE_OBJC_ARC = YES;
				CLANG_ENABLE_OBJC_WEAK = YES;
				CLANG_WARN_BLOCK_CAPTURE_AUTORELEASING = YES;
				CLANG_WARN_BOOL_CONVERSION = YES;
				CLANG_WARN_COMMA = YES;
				CLANG_WARN_CONSTANT_CONVERSION = YES;
				CLANG_WARN_DEPRECATED_OBJC_IMPLEMENTATIONS = YES;
				CLANG_WARN_DIRECT_OBJC_ISA_USAGE = YES_ERROR;
				CLANG_WARN_DOCUMENTATION_COMMENTS = YES;
				CLANG_WARN_EMPTY_BODY = YES;
				CLANG_WARN_ENUM_CONVERSION = YES;
				CLANG_WARN_INFINITE_RECURSION = YES;
				CLANG_WARN_INT_CONVERSION = YES;
				CLANG_WARN_NON_LITERAL_NULL_CONVERSION = YES;
				CLANG_WARN_OBJC_IMPLICIT_RETAIN_SELF = YES;
				CLANG_WARN_OBJC_LITERAL_CONVERSION = YES;
				CLANG_WARN_OBJC_ROOT_CLASS = YES_ERROR;
				CLANG_WARN_QUOTED_INCLUDE_IN_FRAMEWORK_HEADER = YES;
				CLANG_WARN_RANGE_LOOP_ANALYSIS = YES;
				CLANG_WARN_STRICT_PROTOTYPES = YES;
				CLANG_WARN_SUSPICIOUS_MOVE = YES;
				CLANG_WARN_UNGUARDED_AVAILABILITY = YES_AGGRESSIVE;
				CLANG_WARN_UNREACHABLE_CODE = YES;
				CLANG_WARN__DUPLICATE_METHOD_MATCH = YES;
				COPY_PHASE_STRIP = NO;
				DEBUG_INFORMATION_FORMAT = "dwarf-with-dsym";
				ENABLE_NS_ASSERTIONS = NO;
				ENABLE_STRICT_OBJC_MSGSEND = YES;
				GCC_C_LANGUAGE_STANDARD = gnu11;
				GCC_NO_COMMON_BLOCKS = YES;
				GCC_WARN_64_TO_32_BIT_CONVERSION = YES;
				GCC_WARN_ABOUT_RETURN_TYPE = YES_ERROR;
				GCC_WARN_UNDECLARED_SELECTOR = YES;
				GCC_WARN_UNINITIALIZED_AUTOS = YES_AGGRESSIVE;
				GCC_WARN_UNUSED_FUNCTION = YES;
				GCC_WARN_UNUSED_VARIABLE = YES;
				IPHONEOS_DEPLOYMENT_TARGET = 15.0;
				MTL_ENABLE_DEBUG_INFO = NO;
				MTL_FAST_MATH = YES;
				SDKROOT = iphoneos;
				SWIFT_COMPILATION_MODE = wholemodule;
				SWIFT_OPTIMIZATION_LEVEL = "-O";
				VALIDATE_PRODUCT = YES;
			};
			name = Release;
		};
		92ED33B028ED158000F780C9 /* Debug */ = {
			isa = XCBuildConfiguration;
			buildSettings = {
				ASSETCATALOG_COMPILER_APPICON_NAME = AppIcon;
				ASSETCATALOG_COMPILER_GLOBAL_ACCENT_COLOR_NAME = AccentColor;
				CODE_SIGN_STYLE = Automatic;
				CURRENT_PROJECT_VERSION = 1;
				DEBUG_INFORMATION_FORMAT = "dwarf-with-dsym";
				DEVELOPMENT_TEAM = PU64TS56AD;
				GENERATE_INFOPLIST_FILE = YES;
				INFOPLIST_FILE = FirebaseExample/Info.plist;
				INFOPLIST_KEY_UIApplicationSupportsIndirectInputEvents = YES;
				INFOPLIST_KEY_UILaunchStoryboardName = LaunchScreen;
				INFOPLIST_KEY_UIMainStoryboardFile = Main;
				INFOPLIST_KEY_UISupportedInterfaceOrientations_iPad = "UIInterfaceOrientationPortrait UIInterfaceOrientationPortraitUpsideDown UIInterfaceOrientationLandscapeLeft UIInterfaceOrientationLandscapeRight";
				INFOPLIST_KEY_UISupportedInterfaceOrientations_iPhone = "UIInterfaceOrientationPortrait UIInterfaceOrientationLandscapeLeft UIInterfaceOrientationLandscapeRight";
				IPHONEOS_DEPLOYMENT_TARGET = 15.0;
				LD_RUNPATH_SEARCH_PATHS = (
					"$(inherited)",
					"@executable_path/Frameworks",
				);
				MARKETING_VERSION = 1.0;
				PRODUCT_BUNDLE_IDENTIFIER = com.soyeon.FirebaseExample;
				PRODUCT_NAME = "$(TARGET_NAME)";
				SUPPORTED_PLATFORMS = "iphoneos iphonesimulator";
				SUPPORTS_MACCATALYST = NO;
				SUPPORTS_MAC_DESIGNED_FOR_IPHONE_IPAD = YES;
				SWIFT_EMIT_LOC_STRINGS = YES;
				SWIFT_VERSION = 5.0;
				TARGETED_DEVICE_FAMILY = 1;
			};
			name = Debug;
		};
		92ED33B128ED158000F780C9 /* Release */ = {
			isa = XCBuildConfiguration;
			buildSettings = {
				ASSETCATALOG_COMPILER_APPICON_NAME = AppIcon;
				ASSETCATALOG_COMPILER_GLOBAL_ACCENT_COLOR_NAME = AccentColor;
				CODE_SIGN_STYLE = Automatic;
				CURRENT_PROJECT_VERSION = 1;
				DEVELOPMENT_TEAM = PU64TS56AD;
				GENERATE_INFOPLIST_FILE = YES;
				INFOPLIST_FILE = FirebaseExample/Info.plist;
				INFOPLIST_KEY_UIApplicationSupportsIndirectInputEvents = YES;
				INFOPLIST_KEY_UILaunchStoryboardName = LaunchScreen;
				INFOPLIST_KEY_UIMainStoryboardFile = Main;
				INFOPLIST_KEY_UISupportedInterfaceOrientations_iPad = "UIInterfaceOrientationPortrait UIInterfaceOrientationPortraitUpsideDown UIInterfaceOrientationLandscapeLeft UIInterfaceOrientationLandscapeRight";
				INFOPLIST_KEY_UISupportedInterfaceOrientations_iPhone = "UIInterfaceOrientationPortrait UIInterfaceOrientationLandscapeLeft UIInterfaceOrientationLandscapeRight";
				IPHONEOS_DEPLOYMENT_TARGET = 15.0;
				LD_RUNPATH_SEARCH_PATHS = (
					"$(inherited)",
					"@executable_path/Frameworks",
				);
				MARKETING_VERSION = 1.0;
				PRODUCT_BUNDLE_IDENTIFIER = com.soyeon.FirebaseExample;
				PRODUCT_NAME = "$(TARGET_NAME)";
				SUPPORTED_PLATFORMS = "iphoneos iphonesimulator";
				SUPPORTS_MACCATALYST = NO;
				SUPPORTS_MAC_DESIGNED_FOR_IPHONE_IPAD = YES;
				SWIFT_EMIT_LOC_STRINGS = YES;
				SWIFT_VERSION = 5.0;
				TARGETED_DEVICE_FAMILY = 1;
			};
			name = Release;
		};
		92ED33B328ED158000F780C9 /* Debug */ = {
			isa = XCBuildConfiguration;
			buildSettings = {
				ALWAYS_EMBED_SWIFT_STANDARD_LIBRARIES = YES;
				BUNDLE_LOADER = "$(TEST_HOST)";
				CODE_SIGN_STYLE = Automatic;
				CURRENT_PROJECT_VERSION = 1;
				DEVELOPMENT_TEAM = PU64TS56AD;
				GENERATE_INFOPLIST_FILE = YES;
				IPHONEOS_DEPLOYMENT_TARGET = 16.0;
				MARKETING_VERSION = 1.0;
				PRODUCT_BUNDLE_IDENTIFIER = com.soyeon.FirebaseExampleTests;
				PRODUCT_NAME = "$(TARGET_NAME)";
				SWIFT_EMIT_LOC_STRINGS = NO;
				SWIFT_VERSION = 5.0;
				TARGETED_DEVICE_FAMILY = "1,2";
				TEST_HOST = "$(BUILT_PRODUCTS_DIR)/FirebaseExample.app/$(BUNDLE_EXECUTABLE_FOLDER_PATH)/FirebaseExample";
			};
			name = Debug;
		};
		92ED33B428ED158000F780C9 /* Release */ = {
			isa = XCBuildConfiguration;
			buildSettings = {
				ALWAYS_EMBED_SWIFT_STANDARD_LIBRARIES = YES;
				BUNDLE_LOADER = "$(TEST_HOST)";
				CODE_SIGN_STYLE = Automatic;
				CURRENT_PROJECT_VERSION = 1;
				DEVELOPMENT_TEAM = PU64TS56AD;
				GENERATE_INFOPLIST_FILE = YES;
				IPHONEOS_DEPLOYMENT_TARGET = 16.0;
				MARKETING_VERSION = 1.0;
				PRODUCT_BUNDLE_IDENTIFIER = com.soyeon.FirebaseExampleTests;
				PRODUCT_NAME = "$(TARGET_NAME)";
				SWIFT_EMIT_LOC_STRINGS = NO;
				SWIFT_VERSION = 5.0;
				TARGETED_DEVICE_FAMILY = "1,2";
				TEST_HOST = "$(BUILT_PRODUCTS_DIR)/FirebaseExample.app/$(BUNDLE_EXECUTABLE_FOLDER_PATH)/FirebaseExample";
			};
			name = Release;
		};
		92ED33B628ED158000F780C9 /* Debug */ = {
			isa = XCBuildConfiguration;
			buildSettings = {
				ALWAYS_EMBED_SWIFT_STANDARD_LIBRARIES = YES;
				CODE_SIGN_STYLE = Automatic;
				CURRENT_PROJECT_VERSION = 1;
				DEVELOPMENT_TEAM = PU64TS56AD;
				GENERATE_INFOPLIST_FILE = YES;
				MARKETING_VERSION = 1.0;
				PRODUCT_BUNDLE_IDENTIFIER = com.soyeon.FirebaseExampleUITests;
				PRODUCT_NAME = "$(TARGET_NAME)";
				SWIFT_EMIT_LOC_STRINGS = NO;
				SWIFT_VERSION = 5.0;
				TARGETED_DEVICE_FAMILY = "1,2";
				TEST_TARGET_NAME = FirebaseExample;
			};
			name = Debug;
		};
		92ED33B728ED158000F780C9 /* Release */ = {
			isa = XCBuildConfiguration;
			buildSettings = {
				ALWAYS_EMBED_SWIFT_STANDARD_LIBRARIES = YES;
				CODE_SIGN_STYLE = Automatic;
				CURRENT_PROJECT_VERSION = 1;
				DEVELOPMENT_TEAM = PU64TS56AD;
				GENERATE_INFOPLIST_FILE = YES;
				MARKETING_VERSION = 1.0;
				PRODUCT_BUNDLE_IDENTIFIER = com.soyeon.FirebaseExampleUITests;
				PRODUCT_NAME = "$(TARGET_NAME)";
				SWIFT_EMIT_LOC_STRINGS = NO;
				SWIFT_VERSION = 5.0;
				TARGETED_DEVICE_FAMILY = "1,2";
				TEST_TARGET_NAME = FirebaseExample;
			};
			name = Release;
		};
/* End XCBuildConfiguration section */

/* Begin XCConfigurationList section */
		92ED338028ED157E00F780C9 /* Build configuration list for PBXProject "FirebaseExample" */ = {
			isa = XCConfigurationList;
			buildConfigurations = (
				92ED33AD28ED158000F780C9 /* Debug */,
				92ED33AE28ED158000F780C9 /* Release */,
			);
			defaultConfigurationIsVisible = 0;
			defaultConfigurationName = Release;
		};
		92ED33AF28ED158000F780C9 /* Build configuration list for PBXNativeTarget "FirebaseExample" */ = {
			isa = XCConfigurationList;
			buildConfigurations = (
				92ED33B028ED158000F780C9 /* Debug */,
				92ED33B128ED158000F780C9 /* Release */,
			);
			defaultConfigurationIsVisible = 0;
			defaultConfigurationName = Release;
		};
		92ED33B228ED158000F780C9 /* Build configuration list for PBXNativeTarget "FirebaseExampleTests" */ = {
			isa = XCConfigurationList;
			buildConfigurations = (
				92ED33B328ED158000F780C9 /* Debug */,
				92ED33B428ED158000F780C9 /* Release */,
			);
			defaultConfigurationIsVisible = 0;
			defaultConfigurationName = Release;
		};
		92ED33B528ED158000F780C9 /* Build configuration list for PBXNativeTarget "FirebaseExampleUITests" */ = {
			isa = XCConfigurationList;
			buildConfigurations = (
				92ED33B628ED158000F780C9 /* Debug */,
				92ED33B728ED158000F780C9 /* Release */,
			);
			defaultConfigurationIsVisible = 0;
			defaultConfigurationName = Release;
		};
/* End XCConfigurationList section */

/* Begin XCRemoteSwiftPackageReference section */
		92ED33BD28ED2BFD00F780C9 /* XCRemoteSwiftPackageReference "firebase-ios-sdk" */ = {
			isa = XCRemoteSwiftPackageReference;
			repositoryURL = "https://github.com/firebase/firebase-ios-sdk";
			requirement = {
				kind = upToNextMajorVersion;
				minimumVersion = 9.0.0;
			};
		};
/* End XCRemoteSwiftPackageReference section */

/* Begin XCSwiftPackageProductDependency section */
		92ED33BE28ED2BFD00F780C9 /* FirebaseAnalyticsWithoutAdIdSupport */ = {
			isa = XCSwiftPackageProductDependency;
			package = 92ED33BD28ED2BFD00F780C9 /* XCRemoteSwiftPackageReference "firebase-ios-sdk" */;
			productName = FirebaseAnalyticsWithoutAdIdSupport;
		};
		92ED33C028ED2BFD00F780C9 /* FirebaseCrashlytics */ = {
			isa = XCSwiftPackageProductDependency;
			package = 92ED33BD28ED2BFD00F780C9 /* XCRemoteSwiftPackageReference "firebase-ios-sdk" */;
			productName = FirebaseCrashlytics;
		};
/* End XCSwiftPackageProductDependency section */
	};
	rootObject = 92ED337D28ED157E00F780C9 /* Project object */;
}
