// !$*UTF8*$!
{
	archiveVersion = 1;
	classes = {
	};
	objectVersion = 55;
	objects = {

/* Begin PBXBuildFile section */
		92216E5D2898A9F200D523D0 /* BeerResponse.swift in Sources */ = {isa = PBXBuildFile; fileRef = 92216E5C2898A9F200D523D0 /* BeerResponse.swift */; };
		92216E5F2898ADB700D523D0 /* APIKey.swift in Sources */ = {isa = PBXBuildFile; fileRef = 92216E5E2898ADB700D523D0 /* APIKey.swift */; };
		92216E622898B4A500D523D0 /* Constant.swift in Sources */ = {isa = PBXBuildFile; fileRef = 92216E612898B4A500D523D0 /* Constant.swift */; };
		92216E652898BD2900D523D0 /* BoxOfficeResponse.swift in Sources */ = {isa = PBXBuildFile; fileRef = 92216E642898BD2900D523D0 /* BoxOfficeResponse.swift */; };
		92216E672898C3A700D523D0 /* EndPoint.swift in Sources */ = {isa = PBXBuildFile; fileRef = 92216E662898C3A700D523D0 /* EndPoint.swift */; };
		9249A11D2898F70F007DDBD1 /* BeerViewController.swift in Sources */ = {isa = PBXBuildFile; fileRef = 9249A11C2898F70F007DDBD1 /* BeerViewController.swift */; };
		9249A1222898F864007DDBD1 /* BeerCollectionViewCell.swift in Sources */ = {isa = PBXBuildFile; fileRef = 9249A1202898F864007DDBD1 /* BeerCollectionViewCell.swift */; };
		9249A1232898F864007DDBD1 /* BeerCollectionViewCell.xib in Resources */ = {isa = PBXBuildFile; fileRef = 9249A1212898F864007DDBD1 /* BeerCollectionViewCell.xib */; };
		925DCBC628921746002C027E /* MainViewController.swift in Sources */ = {isa = PBXBuildFile; fileRef = 925DCBC528921746002C027E /* MainViewController.swift */; };
		925DCBC828922373002C027E /* LottoViewController.swift in Sources */ = {isa = PBXBuildFile; fileRef = 925DCBC728922373002C027E /* LottoViewController.swift */; };
		925DCBCA289225D2002C027E /* Search.storyboard in Resources */ = {isa = PBXBuildFile; fileRef = 925DCBC9289225D2002C027E /* Search.storyboard */; };
		925DCBCC28923057002C027E /* TranslateViewController.swift in Sources */ = {isa = PBXBuildFile; fileRef = 925DCBCB28923057002C027E /* TranslateViewController.swift */; };
		925DCBCE28923AE8002C027E /* WebViewController.swift in Sources */ = {isa = PBXBuildFile; fileRef = 925DCBCD28923AE8002C027E /* WebViewController.swift */; };
		925DCBD128935D98002C027E /* Location.storyboard in Resources */ = {isa = PBXBuildFile; fileRef = 925DCBD028935D98002C027E /* Location.storyboard */; };
		925DCBD528935DBF002C027E /* LocationViewController.swift in Sources */ = {isa = PBXBuildFile; fileRef = 925DCBD428935DBF002C027E /* LocationViewController.swift */; };
		925DCBDF289384F0002C027E /* Pretendard-SemiBold.otf in Resources */ = {isa = PBXBuildFile; fileRef = 925DCBDB289384F0002C027E /* Pretendard-SemiBold.otf */; };
		925DCBE0289384F0002C027E /* Pretendard-Regular.otf in Resources */ = {isa = PBXBuildFile; fileRef = 925DCBDC289384F0002C027E /* Pretendard-Regular.otf */; };
		925DCBE1289384F0002C027E /* Pretendard-Medium.otf in Resources */ = {isa = PBXBuildFile; fileRef = 925DCBDD289384F0002C027E /* Pretendard-Medium.otf */; };
		925DCBE2289384F0002C027E /* Pretendard-Bold.otf in Resources */ = {isa = PBXBuildFile; fileRef = 925DCBDE289384F0002C027E /* Pretendard-Bold.otf */; };
		927DBC2928920CE600F25DE0 /* ViewPresentableProtocol.swift in Sources */ = {isa = PBXBuildFile; fileRef = 927DBC2828920CE600F25DE0 /* ViewPresentableProtocol.swift */; };
		927DBC3128920F5500F25DE0 /* SearchTableViewCell.swift in Sources */ = {isa = PBXBuildFile; fileRef = 927DBC2F28920F5500F25DE0 /* SearchTableViewCell.swift */; };
		927DBC3228920F5500F25DE0 /* SearchTableViewCell.xib in Resources */ = {isa = PBXBuildFile; fileRef = 927DBC3028920F5500F25DE0 /* SearchTableViewCell.xib */; };
		928974E9289844EB0047476F /* Network.storyboard in Resources */ = {isa = PBXBuildFile; fileRef = 928974E8289844EB0047476F /* Network.storyboard */; };
		928974EC289845200047476F /* BeerDetailViewController.swift in Sources */ = {isa = PBXBuildFile; fileRef = 928974EB289845200047476F /* BeerDetailViewController.swift */; };
		92AC0D60289A0992001A3757 /* ImageSearchViewController.swift in Sources */ = {isa = PBXBuildFile; fileRef = 92AC0D5F289A0992001A3757 /* ImageSearchViewController.swift */; };
		92C0E24D2897603200B052C3 /* UserDefaultsHelper.swift in Sources */ = {isa = PBXBuildFile; fileRef = 92C0E24C2897603200B052C3 /* UserDefaultsHelper.swift */; };
		92C0E25028977CE900B052C3 /* Alamofire in Frameworks */ = {isa = PBXBuildFile; productRef = 92C0E24F28977CE900B052C3 /* Alamofire */; };
		92C0E25328977D3A00B052C3 /* SwiftyJSON in Frameworks */ = {isa = PBXBuildFile; productRef = 92C0E25228977D3A00B052C3 /* SwiftyJSON */; };
		92F137692890DD800040859E /* AppDelegate.swift in Sources */ = {isa = PBXBuildFile; fileRef = 92F137682890DD800040859E /* AppDelegate.swift */; };
		92F1376B2890DD800040859E /* SceneDelegate.swift in Sources */ = {isa = PBXBuildFile; fileRef = 92F1376A2890DD800040859E /* SceneDelegate.swift */; };
		92F1376D2890DD800040859E /* SearchViewController.swift in Sources */ = {isa = PBXBuildFile; fileRef = 92F1376C2890DD800040859E /* SearchViewController.swift */; };
		92F137702890DD800040859E /* Main.storyboard in Resources */ = {isa = PBXBuildFile; fileRef = 92F1376E2890DD800040859E /* Main.storyboard */; };
		92F137722890DD820040859E /* Assets.xcassets in Resources */ = {isa = PBXBuildFile; fileRef = 92F137712890DD820040859E /* Assets.xcassets */; };
		92F137752890DD820040859E /* LaunchScreen.storyboard in Resources */ = {isa = PBXBuildFile; fileRef = 92F137732890DD820040859E /* LaunchScreen.storyboard */; };
/* End PBXBuildFile section */

/* Begin PBXFileReference section */
		92216E5C2898A9F200D523D0 /* BeerResponse.swift */ = {isa = PBXFileReference; lastKnownFileType = sourcecode.swift; path = BeerResponse.swift; sourceTree = "<group>"; };
		92216E5E2898ADB700D523D0 /* APIKey.swift */ = {isa = PBXFileReference; lastKnownFileType = sourcecode.swift; path = APIKey.swift; sourceTree = "<group>"; };
		92216E612898B4A500D523D0 /* Constant.swift */ = {isa = PBXFileReference; lastKnownFileType = sourcecode.swift; path = Constant.swift; sourceTree = "<group>"; };
		92216E642898BD2900D523D0 /* BoxOfficeResponse.swift */ = {isa = PBXFileReference; lastKnownFileType = sourcecode.swift; path = BoxOfficeResponse.swift; sourceTree = "<group>"; };
		92216E662898C3A700D523D0 /* EndPoint.swift */ = {isa = PBXFileReference; lastKnownFileType = sourcecode.swift; path = EndPoint.swift; sourceTree = "<group>"; };
		9249A11C2898F70F007DDBD1 /* BeerViewController.swift */ = {isa = PBXFileReference; lastKnownFileType = sourcecode.swift; path = BeerViewController.swift; sourceTree = "<group>"; };
		9249A1202898F864007DDBD1 /* BeerCollectionViewCell.swift */ = {isa = PBXFileReference; lastKnownFileType = sourcecode.swift; path = BeerCollectionViewCell.swift; sourceTree = "<group>"; };
		9249A1212898F864007DDBD1 /* BeerCollectionViewCell.xib */ = {isa = PBXFileReference; lastKnownFileType = file.xib; path = BeerCollectionViewCell.xib; sourceTree = "<group>"; };
		925DCBC528921746002C027E /* MainViewController.swift */ = {isa = PBXFileReference; lastKnownFileType = sourcecode.swift; path = MainViewController.swift; sourceTree = "<group>"; };
		925DCBC728922373002C027E /* LottoViewController.swift */ = {isa = PBXFileReference; lastKnownFileType = sourcecode.swift; path = LottoViewController.swift; sourceTree = "<group>"; };
		925DCBC9289225D2002C027E /* Search.storyboard */ = {isa = PBXFileReference; lastKnownFileType = file.storyboard; path = Search.storyboard; sourceTree = "<group>"; };
		925DCBCB28923057002C027E /* TranslateViewController.swift */ = {isa = PBXFileReference; lastKnownFileType = sourcecode.swift; path = TranslateViewController.swift; sourceTree = "<group>"; };
		925DCBCD28923AE8002C027E /* WebViewController.swift */ = {isa = PBXFileReference; lastKnownFileType = sourcecode.swift; path = WebViewController.swift; sourceTree = "<group>"; };
		925DCBD028935D98002C027E /* Location.storyboard */ = {isa = PBXFileReference; lastKnownFileType = file.storyboard; path = Location.storyboard; sourceTree = "<group>"; };
		925DCBD428935DBF002C027E /* LocationViewController.swift */ = {isa = PBXFileReference; lastKnownFileType = sourcecode.swift; path = LocationViewController.swift; sourceTree = "<group>"; };
		925DCBDB289384F0002C027E /* Pretendard-SemiBold.otf */ = {isa = PBXFileReference; lastKnownFileType = file; path = "Pretendard-SemiBold.otf"; sourceTree = "<group>"; };
		925DCBDC289384F0002C027E /* Pretendard-Regular.otf */ = {isa = PBXFileReference; lastKnownFileType = file; path = "Pretendard-Regular.otf"; sourceTree = "<group>"; };
		925DCBDD289384F0002C027E /* Pretendard-Medium.otf */ = {isa = PBXFileReference; lastKnownFileType = file; path = "Pretendard-Medium.otf"; sourceTree = "<group>"; };
		925DCBDE289384F0002C027E /* Pretendard-Bold.otf */ = {isa = PBXFileReference; lastKnownFileType = file; path = "Pretendard-Bold.otf"; sourceTree = "<group>"; };
		927DBC2828920CE600F25DE0 /* ViewPresentableProtocol.swift */ = {isa = PBXFileReference; lastKnownFileType = sourcecode.swift; path = ViewPresentableProtocol.swift; sourceTree = "<group>"; };
		927DBC2F28920F5500F25DE0 /* SearchTableViewCell.swift */ = {isa = PBXFileReference; lastKnownFileType = sourcecode.swift; path = SearchTableViewCell.swift; sourceTree = "<group>"; };
		927DBC3028920F5500F25DE0 /* SearchTableViewCell.xib */ = {isa = PBXFileReference; lastKnownFileType = file.xib; path = SearchTableViewCell.xib; sourceTree = "<group>"; };
		928974E8289844EB0047476F /* Network.storyboard */ = {isa = PBXFileReference; lastKnownFileType = file.storyboard; path = Network.storyboard; sourceTree = "<group>"; };
		928974EB289845200047476F /* BeerDetailViewController.swift */ = {isa = PBXFileReference; lastKnownFileType = sourcecode.swift; path = BeerDetailViewController.swift; sourceTree = "<group>"; };
		92AC0D5F289A0992001A3757 /* ImageSearchViewController.swift */ = {isa = PBXFileReference; lastKnownFileType = sourcecode.swift; path = ImageSearchViewController.swift; sourceTree = "<group>"; };
		92C0E24C2897603200B052C3 /* UserDefaultsHelper.swift */ = {isa = PBXFileReference; lastKnownFileType = sourcecode.swift; path = UserDefaultsHelper.swift; sourceTree = "<group>"; };
		92F137652890DD800040859E /* NetworkBasic.app */ = {isa = PBXFileReference; explicitFileType = wrapper.application; includeInIndex = 0; path = NetworkBasic.app; sourceTree = BUILT_PRODUCTS_DIR; };
		92F137682890DD800040859E /* AppDelegate.swift */ = {isa = PBXFileReference; lastKnownFileType = sourcecode.swift; path = AppDelegate.swift; sourceTree = "<group>"; };
		92F1376A2890DD800040859E /* SceneDelegate.swift */ = {isa = PBXFileReference; lastKnownFileType = sourcecode.swift; path = SceneDelegate.swift; sourceTree = "<group>"; };
		92F1376C2890DD800040859E /* SearchViewController.swift */ = {isa = PBXFileReference; lastKnownFileType = sourcecode.swift; path = SearchViewController.swift; sourceTree = "<group>"; };
		92F1376F2890DD800040859E /* Base */ = {isa = PBXFileReference; lastKnownFileType = file.storyboard; name = Base; path = Base.lproj/Main.storyboard; sourceTree = "<group>"; };
		92F137712890DD820040859E /* Assets.xcassets */ = {isa = PBXFileReference; lastKnownFileType = folder.assetcatalog; path = Assets.xcassets; sourceTree = "<group>"; };
		92F137742890DD820040859E /* Base */ = {isa = PBXFileReference; lastKnownFileType = file.storyboard; name = Base; path = Base.lproj/LaunchScreen.storyboard; sourceTree = "<group>"; };
		92F137762890DD820040859E /* Info.plist */ = {isa = PBXFileReference; lastKnownFileType = text.plist.xml; path = Info.plist; sourceTree = "<group>"; };
/* End PBXFileReference section */

/* Begin PBXFrameworksBuildPhase section */
		92F137622890DD800040859E /* Frameworks */ = {
			isa = PBXFrameworksBuildPhase;
			buildActionMask = 2147483647;
			files = (
				92C0E25328977D3A00B052C3 /* SwiftyJSON in Frameworks */,
				92C0E25028977CE900B052C3 /* Alamofire in Frameworks */,
			);
			runOnlyForDeploymentPostprocessing = 0;
		};
/* End PBXFrameworksBuildPhase section */

/* Begin PBXGroup section */
		92216E592898A87D00D523D0 /* View */ = {
			isa = PBXGroup;
			children = (
				928974E8289844EB0047476F /* Network.storyboard */,
				9249A1202898F864007DDBD1 /* BeerCollectionViewCell.swift */,
				9249A1212898F864007DDBD1 /* BeerCollectionViewCell.xib */,
			);
			path = View;
			sourceTree = "<group>";
		};
		92216E5A2898A88600D523D0 /* Controller */ = {
			isa = PBXGroup;
			children = (
				928974EB289845200047476F /* BeerDetailViewController.swift */,
				9249A11C2898F70F007DDBD1 /* BeerViewController.swift */,
			);
			path = Controller;
			sourceTree = "<group>";
		};
		92216E5B2898A88C00D523D0 /* Model */ = {
			isa = PBXGroup;
			children = (
				92216E5C2898A9F200D523D0 /* BeerResponse.swift */,
			);
			path = Model;
			sourceTree = "<group>";
		};
		92216E602898ADD500D523D0 /* Helper */ = {
			isa = PBXGroup;
			children = (
				92C0E24C2897603200B052C3 /* UserDefaultsHelper.swift */,
			);
			path = Helper;
			sourceTree = "<group>";
		};
		92216E632898BD1800D523D0 /* Model */ = {
			isa = PBXGroup;
			children = (
				92216E642898BD2900D523D0 /* BoxOfficeResponse.swift */,
			);
			path = Model;
			sourceTree = "<group>";
		};
		925DCBC42892172C002C027E /* Main */ = {
			isa = PBXGroup;
			children = (
				92F1376E2890DD800040859E /* Main.storyboard */,
				925DCBC528921746002C027E /* MainViewController.swift */,
				925DCBCB28923057002C027E /* TranslateViewController.swift */,
				925DCBCD28923AE8002C027E /* WebViewController.swift */,
				925DCBC728922373002C027E /* LottoViewController.swift */,
			);
			path = Main;
			sourceTree = "<group>";
		};
		925DCBCF28935D77002C027E /* Location */ = {
			isa = PBXGroup;
			children = (
				925DCBD328935DAB002C027E /* View */,
				925DCBD228935DA4002C027E /* Controller */,
			);
			path = Location;
			sourceTree = "<group>";
		};
		925DCBD228935DA4002C027E /* Controller */ = {
			isa = PBXGroup;
			children = (
				925DCBD428935DBF002C027E /* LocationViewController.swift */,
			);
			path = Controller;
			sourceTree = "<group>";
		};
		925DCBD328935DAB002C027E /* View */ = {
			isa = PBXGroup;
			children = (
				925DCBD028935D98002C027E /* Location.storyboard */,
			);
			path = View;
			sourceTree = "<group>";
		};
		925DCBD6289383FE002C027E /* Font */ = {
			isa = PBXGroup;
			children = (
				925DCBDE289384F0002C027E /* Pretendard-Bold.otf */,
				925DCBDD289384F0002C027E /* Pretendard-Medium.otf */,
				925DCBDC289384F0002C027E /* Pretendard-Regular.otf */,
				925DCBDB289384F0002C027E /* Pretendard-SemiBold.otf */,
			);
			path = Font;
			sourceTree = "<group>";
		};
		927DBC2328920C9E00F25DE0 /* Support */ = {
			isa = PBXGroup;
			children = (
				92F137762890DD820040859E /* Info.plist */,
				92F137682890DD800040859E /* AppDelegate.swift */,
				92F1376A2890DD800040859E /* SceneDelegate.swift */,
			);
			path = Support;
			sourceTree = "<group>";
		};
		927DBC2428920CB300F25DE0 /* Asset */ = {
			isa = PBXGroup;
			children = (
				92F137712890DD820040859E /* Assets.xcassets */,
			);
			path = Asset;
			sourceTree = "<group>";
		};
		927DBC2528920CB900F25DE0 /* Screen */ = {
			isa = PBXGroup;
			children = (
				928974EA289844F00047476F /* Network */,
				925DCBCF28935D77002C027E /* Location */,
				925DCBC42892172C002C027E /* Main */,
				927DBC2C28920F2600F25DE0 /* Search */,
			);
			path = Screen;
			sourceTree = "<group>";
		};
		927DBC2628920CC500F25DE0 /* Storyboard */ = {
			isa = PBXGroup;
			children = (
				92F137732890DD820040859E /* LaunchScreen.storyboard */,
			);
			path = Storyboard;
			sourceTree = "<group>";
		};
		927DBC2728920CD500F25DE0 /* Protocol */ = {
			isa = PBXGroup;
			children = (
				927DBC2828920CE600F25DE0 /* ViewPresentableProtocol.swift */,
			);
			path = Protocol;
			sourceTree = "<group>";
		};
		927DBC2A28920D7400F25DE0 /* Resource */ = {
			isa = PBXGroup;
			children = (
				925DCBD6289383FE002C027E /* Font */,
				927DBC2628920CC500F25DE0 /* Storyboard */,
				927DBC2428920CB300F25DE0 /* Asset */,
				927DBC2328920C9E00F25DE0 /* Support */,
			);
			path = Resource;
			sourceTree = "<group>";
		};
		927DBC2B28920D8C00F25DE0 /* Source */ = {
			isa = PBXGroup;
			children = (
				92216E602898ADD500D523D0 /* Helper */,
				92C0E24B2897601800B052C3 /* Constant */,
				927DBC2728920CD500F25DE0 /* Protocol */,
				927DBC2528920CB900F25DE0 /* Screen */,
			);
			path = Source;
			sourceTree = "<group>";
		};
		927DBC2C28920F2600F25DE0 /* Search */ = {
			isa = PBXGroup;
			children = (
				92216E632898BD1800D523D0 /* Model */,
				927DBC2E28920F3800F25DE0 /* View */,
				927DBC2D28920F2F00F25DE0 /* Controller */,
			);
			path = Search;
			sourceTree = "<group>";
		};
		927DBC2D28920F2F00F25DE0 /* Controller */ = {
			isa = PBXGroup;
			children = (
				92F1376C2890DD800040859E /* SearchViewController.swift */,
				92AC0D5F289A0992001A3757 /* ImageSearchViewController.swift */,
			);
			path = Controller;
			sourceTree = "<group>";
		};
		927DBC2E28920F3800F25DE0 /* View */ = {
			isa = PBXGroup;
			children = (
				927DBC2F28920F5500F25DE0 /* SearchTableViewCell.swift */,
				927DBC3028920F5500F25DE0 /* SearchTableViewCell.xib */,
				925DCBC9289225D2002C027E /* Search.storyboard */,
			);
			path = View;
			sourceTree = "<group>";
		};
		928974EA289844F00047476F /* Network */ = {
			isa = PBXGroup;
			children = (
				92216E5B2898A88C00D523D0 /* Model */,
				92216E592898A87D00D523D0 /* View */,
				92216E5A2898A88600D523D0 /* Controller */,
			);
			path = Network;
			sourceTree = "<group>";
		};
		92C0E24B2897601800B052C3 /* Constant */ = {
			isa = PBXGroup;
			children = (
				92216E612898B4A500D523D0 /* Constant.swift */,
				92216E5E2898ADB700D523D0 /* APIKey.swift */,
				92216E662898C3A700D523D0 /* EndPoint.swift */,
			);
			path = Constant;
			sourceTree = "<group>";
		};
		92F1375C2890DD800040859E = {
			isa = PBXGroup;
			children = (
				92F137672890DD800040859E /* NetworkBasic */,
				92F137662890DD800040859E /* Products */,
			);
			sourceTree = "<group>";
		};
		92F137662890DD800040859E /* Products */ = {
			isa = PBXGroup;
			children = (
				92F137652890DD800040859E /* NetworkBasic.app */,
			);
			name = Products;
			sourceTree = "<group>";
		};
		92F137672890DD800040859E /* NetworkBasic */ = {
			isa = PBXGroup;
			children = (
				927DBC2B28920D8C00F25DE0 /* Source */,
				927DBC2A28920D7400F25DE0 /* Resource */,
			);
			path = NetworkBasic;
			sourceTree = "<group>";
		};
/* End PBXGroup section */

/* Begin PBXNativeTarget section */
		92F137642890DD800040859E /* NetworkBasic */ = {
			isa = PBXNativeTarget;
			buildConfigurationList = 92F137792890DD820040859E /* Build configuration list for PBXNativeTarget "NetworkBasic" */;
			buildPhases = (
				92F137612890DD800040859E /* Sources */,
				92F137622890DD800040859E /* Frameworks */,
				92F137632890DD800040859E /* Resources */,
			);
			buildRules = (
			);
			dependencies = (
			);
			name = NetworkBasic;
			packageProductDependencies = (
				92C0E24F28977CE900B052C3 /* Alamofire */,
				92C0E25228977D3A00B052C3 /* SwiftyJSON */,
			);
			productName = NetworkBasic;
			productReference = 92F137652890DD800040859E /* NetworkBasic.app */;
			productType = "com.apple.product-type.application";
		};
/* End PBXNativeTarget section */

/* Begin PBXProject section */
		92F1375D2890DD800040859E /* Project object */ = {
			isa = PBXProject;
			attributes = {
				BuildIndependentTargetsInParallel = 1;
				LastSwiftUpdateCheck = 1340;
				LastUpgradeCheck = 1340;
				TargetAttributes = {
					92F137642890DD800040859E = {
						CreatedOnToolsVersion = 13.4.1;
					};
				};
			};
			buildConfigurationList = 92F137602890DD800040859E /* Build configuration list for PBXProject "NetworkBasic" */;
			compatibilityVersion = "Xcode 13.0";
			developmentRegion = en;
			hasScannedForEncodings = 0;
			knownRegions = (
				en,
				Base,
			);
			mainGroup = 92F1375C2890DD800040859E;
			packageReferences = (
				92C0E24E28977CE900B052C3 /* XCRemoteSwiftPackageReference "Alamofire" */,
				92C0E25128977D3A00B052C3 /* XCRemoteSwiftPackageReference "SwiftyJSON" */,
			);
			productRefGroup = 92F137662890DD800040859E /* Products */;
			projectDirPath = "";
			projectRoot = "";
			targets = (
				92F137642890DD800040859E /* NetworkBasic */,
			);
		};
/* End PBXProject section */

/* Begin PBXResourcesBuildPhase section */
		92F137632890DD800040859E /* Resources */ = {
			isa = PBXResourcesBuildPhase;
			buildActionMask = 2147483647;
			files = (
				928974E9289844EB0047476F /* Network.storyboard in Resources */,
				92F137752890DD820040859E /* LaunchScreen.storyboard in Resources */,
				925DCBE2289384F0002C027E /* Pretendard-Bold.otf in Resources */,
				927DBC3228920F5500F25DE0 /* SearchTableViewCell.xib in Resources */,
				9249A1232898F864007DDBD1 /* BeerCollectionViewCell.xib in Resources */,
				925DCBDF289384F0002C027E /* Pretendard-SemiBold.otf in Resources */,
				92F137722890DD820040859E /* Assets.xcassets in Resources */,
				925DCBD128935D98002C027E /* Location.storyboard in Resources */,
				925DCBE0289384F0002C027E /* Pretendard-Regular.otf in Resources */,
				92F137702890DD800040859E /* Main.storyboard in Resources */,
				925DCBCA289225D2002C027E /* Search.storyboard in Resources */,
				925DCBE1289384F0002C027E /* Pretendard-Medium.otf in Resources */,
			);
			runOnlyForDeploymentPostprocessing = 0;
		};
/* End PBXResourcesBuildPhase section */

/* Begin PBXSourcesBuildPhase section */
		92F137612890DD800040859E /* Sources */ = {
			isa = PBXSourcesBuildPhase;
			buildActionMask = 2147483647;
			files = (
				92F1376D2890DD800040859E /* SearchViewController.swift in Sources */,
				925DCBCE28923AE8002C027E /* WebViewController.swift in Sources */,
				92216E622898B4A500D523D0 /* Constant.swift in Sources */,
				92F137692890DD800040859E /* AppDelegate.swift in Sources */,
				927DBC2928920CE600F25DE0 /* ViewPresentableProtocol.swift in Sources */,
				9249A1222898F864007DDBD1 /* BeerCollectionViewCell.swift in Sources */,
				92AC0D60289A0992001A3757 /* ImageSearchViewController.swift in Sources */,
				925DCBC828922373002C027E /* LottoViewController.swift in Sources */,
				92216E652898BD2900D523D0 /* BoxOfficeResponse.swift in Sources */,
				92216E672898C3A700D523D0 /* EndPoint.swift in Sources */,
				9249A11D2898F70F007DDBD1 /* BeerViewController.swift in Sources */,
				925DCBD528935DBF002C027E /* LocationViewController.swift in Sources */,
				925DCBC628921746002C027E /* MainViewController.swift in Sources */,
				92C0E24D2897603200B052C3 /* UserDefaultsHelper.swift in Sources */,
				92216E5F2898ADB700D523D0 /* APIKey.swift in Sources */,
				92216E5D2898A9F200D523D0 /* BeerResponse.swift in Sources */,
				928974EC289845200047476F /* BeerDetailViewController.swift in Sources */,
				925DCBCC28923057002C027E /* TranslateViewController.swift in Sources */,
				92F1376B2890DD800040859E /* SceneDelegate.swift in Sources */,
				927DBC3128920F5500F25DE0 /* SearchTableViewCell.swift in Sources */,
			);
			runOnlyForDeploymentPostprocessing = 0;
		};
/* End PBXSourcesBuildPhase section */

/* Begin PBXVariantGroup section */
		92F1376E2890DD800040859E /* Main.storyboard */ = {
			isa = PBXVariantGroup;
			children = (
				92F1376F2890DD800040859E /* Base */,
			);
			name = Main.storyboard;
			sourceTree = "<group>";
		};
		92F137732890DD820040859E /* LaunchScreen.storyboard */ = {
			isa = PBXVariantGroup;
			children = (
				92F137742890DD820040859E /* Base */,
			);
			name = LaunchScreen.storyboard;
			sourceTree = "<group>";
		};
/* End PBXVariantGroup section */

/* Begin XCBuildConfiguration section */
		92F137772890DD820040859E /* Debug */ = {
			isa = XCBuildConfiguration;
			buildSettings = {
				ALWAYS_SEARCH_USER_PATHS = NO;
				CLANG_ANALYZER_NONNULL = YES;
				CLANG_ANALYZER_NUMBER_OBJECT_CONVERSION = YES_AGGRESSIVE;
				CLANG_CXX_LANGUAGE_STANDARD = "gnu++17";
				CLANG_ENABLE_MODULES = YES;
				CLANG_ENABLE_OBJC_ARC = YES;
				CLANG_ENABLE_OBJC_WEAK = YES;
				CLANG_WARN_BLOCK_CAPTURE_AUTORELEASING = YES;
				CLANG_WARN_BOOL_CONVERSION = YES;
				CLANG_WARN_COMMA = YES;
				CLANG_WARN_CONSTANT_CONVERSION = YES;
				CLANG_WARN_DEPRECATED_OBJC_IMPLEMENTATIONS = YES;
				CLANG_WARN_DIRECT_OBJC_ISA_USAGE = YES_ERROR;
				CLANG_WARN_DOCUMENTATION_COMMENTS = YES;
				CLANG_WARN_EMPTY_BODY = YES;
				CLANG_WARN_ENUM_CONVERSION = YES;
				CLANG_WARN_INFINITE_RECURSION = YES;
				CLANG_WARN_INT_CONVERSION = YES;
				CLANG_WARN_NON_LITERAL_NULL_CONVERSION = YES;
				CLANG_WARN_OBJC_IMPLICIT_RETAIN_SELF = YES;
				CLANG_WARN_OBJC_LITERAL_CONVERSION = YES;
				CLANG_WARN_OBJC_ROOT_CLASS = YES_ERROR;
				CLANG_WARN_QUOTED_INCLUDE_IN_FRAMEWORK_HEADER = YES;
				CLANG_WARN_RANGE_LOOP_ANALYSIS = YES;
				CLANG_WARN_STRICT_PROTOTYPES = YES;
				CLANG_WARN_SUSPICIOUS_MOVE = YES;
				CLANG_WARN_UNGUARDED_AVAILABILITY = YES_AGGRESSIVE;
				CLANG_WARN_UNREACHABLE_CODE = YES;
				CLANG_WARN__DUPLICATE_METHOD_MATCH = YES;
				COPY_PHASE_STRIP = NO;
				DEBUG_INFORMATION_FORMAT = dwarf;
				ENABLE_STRICT_OBJC_MSGSEND = YES;
				ENABLE_TESTABILITY = YES;
				GCC_C_LANGUAGE_STANDARD = gnu11;
				GCC_DYNAMIC_NO_PIC = NO;
				GCC_NO_COMMON_BLOCKS = YES;
				GCC_OPTIMIZATION_LEVEL = 0;
				GCC_PREPROCESSOR_DEFINITIONS = (
					"DEBUG=1",
					"$(inherited)",
				);
				GCC_WARN_64_TO_32_BIT_CONVERSION = YES;
				GCC_WARN_ABOUT_RETURN_TYPE = YES_ERROR;
				GCC_WARN_UNDECLARED_SELECTOR = YES;
				GCC_WARN_UNINITIALIZED_AUTOS = YES_AGGRESSIVE;
				GCC_WARN_UNUSED_FUNCTION = YES;
				GCC_WARN_UNUSED_VARIABLE = YES;
				IPHONEOS_DEPLOYMENT_TARGET = 15.5;
				MTL_ENABLE_DEBUG_INFO = INCLUDE_SOURCE;
				MTL_FAST_MATH = YES;
				ONLY_ACTIVE_ARCH = YES;
				SDKROOT = iphoneos;
				SWIFT_ACTIVE_COMPILATION_CONDITIONS = DEBUG;
				SWIFT_OPTIMIZATION_LEVEL = "-Onone";
			};
			name = Debug;
		};
		92F137782890DD820040859E /* Release */ = {
			isa = XCBuildConfiguration;
			buildSettings = {
				ALWAYS_SEARCH_USER_PATHS = NO;
				CLANG_ANALYZER_NONNULL = YES;
				CLANG_ANALYZER_NUMBER_OBJECT_CONVERSION = YES_AGGRESSIVE;
				CLANG_CXX_LANGUAGE_STANDARD = "gnu++17";
				CLANG_ENABLE_MODULES = YES;
				CLANG_ENABLE_OBJC_ARC = YES;
				CLANG_ENABLE_OBJC_WEAK = YES;
				CLANG_WARN_BLOCK_CAPTURE_AUTORELEASING = YES;
				CLANG_WARN_BOOL_CONVERSION = YES;
				CLANG_WARN_COMMA = YES;
				CLANG_WARN_CONSTANT_CONVERSION = YES;
				CLANG_WARN_DEPRECATED_OBJC_IMPLEMENTATIONS = YES;
				CLANG_WARN_DIRECT_OBJC_ISA_USAGE = YES_ERROR;
				CLANG_WARN_DOCUMENTATION_COMMENTS = YES;
				CLANG_WARN_EMPTY_BODY = YES;
				CLANG_WARN_ENUM_CONVERSION = YES;
				CLANG_WARN_INFINITE_RECURSION = YES;
				CLANG_WARN_INT_CONVERSION = YES;
				CLANG_WARN_NON_LITERAL_NULL_CONVERSION = YES;
				CLANG_WARN_OBJC_IMPLICIT_RETAIN_SELF = YES;
				CLANG_WARN_OBJC_LITERAL_CONVERSION = YES;
				CLANG_WARN_OBJC_ROOT_CLASS = YES_ERROR;
				CLANG_WARN_QUOTED_INCLUDE_IN_FRAMEWORK_HEADER = YES;
				CLANG_WARN_RANGE_LOOP_ANALYSIS = YES;
				CLANG_WARN_STRICT_PROTOTYPES = YES;
				CLANG_WARN_SUSPICIOUS_MOVE = YES;
				CLANG_WARN_UNGUARDED_AVAILABILITY = YES_AGGRESSIVE;
				CLANG_WARN_UNREACHABLE_CODE = YES;
				CLANG_WARN__DUPLICATE_METHOD_MATCH = YES;
				COPY_PHASE_STRIP = NO;
				DEBUG_INFORMATION_FORMAT = "dwarf-with-dsym";
				ENABLE_NS_ASSERTIONS = NO;
				ENABLE_STRICT_OBJC_MSGSEND = YES;
				GCC_C_LANGUAGE_STANDARD = gnu11;
				GCC_NO_COMMON_BLOCKS = YES;
				GCC_WARN_64_TO_32_BIT_CONVERSION = YES;
				GCC_WARN_ABOUT_RETURN_TYPE = YES_ERROR;
				GCC_WARN_UNDECLARED_SELECTOR = YES;
				GCC_WARN_UNINITIALIZED_AUTOS = YES_AGGRESSIVE;
				GCC_WARN_UNUSED_FUNCTION = YES;
				GCC_WARN_UNUSED_VARIABLE = YES;
				IPHONEOS_DEPLOYMENT_TARGET = 15.5;
				MTL_ENABLE_DEBUG_INFO = NO;
				MTL_FAST_MATH = YES;
				SDKROOT = iphoneos;
				SWIFT_COMPILATION_MODE = wholemodule;
				SWIFT_OPTIMIZATION_LEVEL = "-O";
				VALIDATE_PRODUCT = YES;
			};
			name = Release;
		};
		92F1377A2890DD820040859E /* Debug */ = {
			isa = XCBuildConfiguration;
			buildSettings = {
				ASSETCATALOG_COMPILER_APPICON_NAME = AppIcon;
				ASSETCATALOG_COMPILER_GLOBAL_ACCENT_COLOR_NAME = AccentColor;
				CODE_SIGN_STYLE = Automatic;
				CURRENT_PROJECT_VERSION = 1;
				DEVELOPMENT_TEAM = PU64TS56AD;
				GENERATE_INFOPLIST_FILE = YES;
				INFOPLIST_FILE = NetworkBasic/Resource/Support/Info.plist;
				INFOPLIST_KEY_UIApplicationSupportsIndirectInputEvents = YES;
				INFOPLIST_KEY_UILaunchStoryboardName = LaunchScreen;
				INFOPLIST_KEY_UIMainStoryboardFile = Search;
				INFOPLIST_KEY_UISupportedInterfaceOrientations_iPad = "UIInterfaceOrientationPortrait UIInterfaceOrientationPortraitUpsideDown UIInterfaceOrientationLandscapeLeft UIInterfaceOrientationLandscapeRight";
				INFOPLIST_KEY_UISupportedInterfaceOrientations_iPhone = "UIInterfaceOrientationPortrait UIInterfaceOrientationLandscapeLeft UIInterfaceOrientationLandscapeRight";
				LD_RUNPATH_SEARCH_PATHS = (
					"$(inherited)",
					"@executable_path/Frameworks",
				);
				MARKETING_VERSION = 1.0;
				PRODUCT_BUNDLE_IDENTIFIER = soyeon.NetworkBasic;
				PRODUCT_NAME = "$(TARGET_NAME)";
				SWIFT_EMIT_LOC_STRINGS = YES;
				SWIFT_VERSION = 5.0;
				TARGETED_DEVICE_FAMILY = "1,2";
			};
			name = Debug;
		};
		92F1377B2890DD820040859E /* Release */ = {
			isa = XCBuildConfiguration;
			buildSettings = {
				ASSETCATALOG_COMPILER_APPICON_NAME = AppIcon;
				ASSETCATALOG_COMPILER_GLOBAL_ACCENT_COLOR_NAME = AccentColor;
				CODE_SIGN_STYLE = Automatic;
				CURRENT_PROJECT_VERSION = 1;
				DEVELOPMENT_TEAM = PU64TS56AD;
				GENERATE_INFOPLIST_FILE = YES;
				INFOPLIST_FILE = NetworkBasic/Resource/Support/Info.plist;
				INFOPLIST_KEY_UIApplicationSupportsIndirectInputEvents = YES;
				INFOPLIST_KEY_UILaunchStoryboardName = LaunchScreen;
				INFOPLIST_KEY_UIMainStoryboardFile = Search;
				INFOPLIST_KEY_UISupportedInterfaceOrientations_iPad = "UIInterfaceOrientationPortrait UIInterfaceOrientationPortraitUpsideDown UIInterfaceOrientationLandscapeLeft UIInterfaceOrientationLandscapeRight";
				INFOPLIST_KEY_UISupportedInterfaceOrientations_iPhone = "UIInterfaceOrientationPortrait UIInterfaceOrientationLandscapeLeft UIInterfaceOrientationLandscapeRight";
				LD_RUNPATH_SEARCH_PATHS = (
					"$(inherited)",
					"@executable_path/Frameworks",
				);
				MARKETING_VERSION = 1.0;
				PRODUCT_BUNDLE_IDENTIFIER = soyeon.NetworkBasic;
				PRODUCT_NAME = "$(TARGET_NAME)";
				SWIFT_EMIT_LOC_STRINGS = YES;
				SWIFT_VERSION = 5.0;
				TARGETED_DEVICE_FAMILY = "1,2";
			};
			name = Release;
		};
/* End XCBuildConfiguration section */

/* Begin XCConfigurationList section */
		92F137602890DD800040859E /* Build configuration list for PBXProject "NetworkBasic" */ = {
			isa = XCConfigurationList;
			buildConfigurations = (
				92F137772890DD820040859E /* Debug */,
				92F137782890DD820040859E /* Release */,
			);
			defaultConfigurationIsVisible = 0;
			defaultConfigurationName = Release;
		};
		92F137792890DD820040859E /* Build configuration list for PBXNativeTarget "NetworkBasic" */ = {
			isa = XCConfigurationList;
			buildConfigurations = (
				92F1377A2890DD820040859E /* Debug */,
				92F1377B2890DD820040859E /* Release */,
			);
			defaultConfigurationIsVisible = 0;
			defaultConfigurationName = Release;
		};
/* End XCConfigurationList section */

/* Begin XCRemoteSwiftPackageReference section */
		92C0E24E28977CE900B052C3 /* XCRemoteSwiftPackageReference "Alamofire" */ = {
			isa = XCRemoteSwiftPackageReference;
			repositoryURL = "https://github.com/Alamofire/Alamofire.git";
			requirement = {
				kind = upToNextMajorVersion;
				minimumVersion = 5.0.0;
			};
		};
		92C0E25128977D3A00B052C3 /* XCRemoteSwiftPackageReference "SwiftyJSON" */ = {
			isa = XCRemoteSwiftPackageReference;
			repositoryURL = "https://github.com/SwiftyJSON/SwiftyJSON";
			requirement = {
				kind = upToNextMajorVersion;
				minimumVersion = 5.0.0;
			};
		};
/* End XCRemoteSwiftPackageReference section */

/* Begin XCSwiftPackageProductDependency section */
		92C0E24F28977CE900B052C3 /* Alamofire */ = {
			isa = XCSwiftPackageProductDependency;
			package = 92C0E24E28977CE900B052C3 /* XCRemoteSwiftPackageReference "Alamofire" */;
			productName = Alamofire;
		};
		92C0E25228977D3A00B052C3 /* SwiftyJSON */ = {
			isa = XCSwiftPackageProductDependency;
			package = 92C0E25128977D3A00B052C3 /* XCRemoteSwiftPackageReference "SwiftyJSON" */;
			productName = SwiftyJSON;
		};
/* End XCSwiftPackageProductDependency section */
	};
	rootObject = 92F1375D2890DD800040859E /* Project object */;
}
