// !$*UTF8*$!
{
	archiveVersion = 1;
	classes = {
	};
	objectVersion = 55;
	objects = {

/* Begin PBXBuildFile section */
		927AFD2728A0907C00A8BBEB /* AppDelegate.swift in Sources */ = {isa = PBXBuildFile; fileRef = 927AFD2628A0907C00A8BBEB /* AppDelegate.swift */; };
		927AFD2928A0907C00A8BBEB /* SceneDelegate.swift in Sources */ = {isa = PBXBuildFile; fileRef = 927AFD2828A0907C00A8BBEB /* SceneDelegate.swift */; };
		927AFD2B28A0907C00A8BBEB /* ViewController.swift in Sources */ = {isa = PBXBuildFile; fileRef = 927AFD2A28A0907C00A8BBEB /* ViewController.swift */; };
		927AFD2E28A0907C00A8BBEB /* Main.storyboard in Resources */ = {isa = PBXBuildFile; fileRef = 927AFD2C28A0907C00A8BBEB /* Main.storyboard */; };
		927AFD3028A0907E00A8BBEB /* Assets.xcassets in Resources */ = {isa = PBXBuildFile; fileRef = 927AFD2F28A0907E00A8BBEB /* Assets.xcassets */; };
		927AFD3328A0907E00A8BBEB /* LaunchScreen.storyboard in Resources */ = {isa = PBXBuildFile; fileRef = 927AFD3128A0907E00A8BBEB /* LaunchScreen.storyboard */; };
		927AFD3C28A0909E00A8BBEB /* SwiftyJSON in Frameworks */ = {isa = PBXBuildFile; productRef = 927AFD3B28A0909E00A8BBEB /* SwiftyJSON */; };
		927AFD3F28A090AA00A8BBEB /* Alamofire in Frameworks */ = {isa = PBXBuildFile; productRef = 927AFD3E28A090AA00A8BBEB /* Alamofire */; };
		927AFD4228A090BB00A8BBEB /* Kingfisher in Frameworks */ = {isa = PBXBuildFile; productRef = 927AFD4128A090BB00A8BBEB /* Kingfisher */; };
		927AFD4B28A091A800A8BBEB /* .gitignore in Resources */ = {isa = PBXBuildFile; fileRef = 927AFD4A28A091A800A8BBEB /* .gitignore */; };
		927AFD4D28A091B800A8BBEB /* APIKey.swift in Sources */ = {isa = PBXBuildFile; fileRef = 927AFD4C28A091B800A8BBEB /* APIKey.swift */; };
		927AFD5028A094A900A8BBEB /* EndPoint.swift in Sources */ = {isa = PBXBuildFile; fileRef = 927AFD4F28A094A900A8BBEB /* EndPoint.swift */; };
		927AFD5228A0950F00A8BBEB /* URL+Extension.swift in Sources */ = {isa = PBXBuildFile; fileRef = 927AFD5128A0950F00A8BBEB /* URL+Extension.swift */; };
/* End PBXBuildFile section */

/* Begin PBXFileReference section */
		927AFD2328A0907C00A8BBEB /* Week6.app */ = {isa = PBXFileReference; explicitFileType = wrapper.application; includeInIndex = 0; path = Week6.app; sourceTree = BUILT_PRODUCTS_DIR; };
		927AFD2628A0907C00A8BBEB /* AppDelegate.swift */ = {isa = PBXFileReference; lastKnownFileType = sourcecode.swift; path = AppDelegate.swift; sourceTree = "<group>"; };
		927AFD2828A0907C00A8BBEB /* SceneDelegate.swift */ = {isa = PBXFileReference; lastKnownFileType = sourcecode.swift; path = SceneDelegate.swift; sourceTree = "<group>"; };
		927AFD2A28A0907C00A8BBEB /* ViewController.swift */ = {isa = PBXFileReference; lastKnownFileType = sourcecode.swift; path = ViewController.swift; sourceTree = "<group>"; };
		927AFD2D28A0907C00A8BBEB /* Base */ = {isa = PBXFileReference; lastKnownFileType = file.storyboard; name = Base; path = Base.lproj/Main.storyboard; sourceTree = "<group>"; };
		927AFD2F28A0907E00A8BBEB /* Assets.xcassets */ = {isa = PBXFileReference; lastKnownFileType = folder.assetcatalog; path = Assets.xcassets; sourceTree = "<group>"; };
		927AFD3228A0907E00A8BBEB /* Base */ = {isa = PBXFileReference; lastKnownFileType = file.storyboard; name = Base; path = Base.lproj/LaunchScreen.storyboard; sourceTree = "<group>"; };
		927AFD3428A0907E00A8BBEB /* Info.plist */ = {isa = PBXFileReference; lastKnownFileType = text.plist.xml; path = Info.plist; sourceTree = "<group>"; };
		927AFD4A28A091A800A8BBEB /* .gitignore */ = {isa = PBXFileReference; lastKnownFileType = text; path = .gitignore; sourceTree = "<group>"; };
		927AFD4C28A091B800A8BBEB /* APIKey.swift */ = {isa = PBXFileReference; lastKnownFileType = sourcecode.swift; path = APIKey.swift; sourceTree = "<group>"; };
		927AFD4F28A094A900A8BBEB /* EndPoint.swift */ = {isa = PBXFileReference; lastKnownFileType = sourcecode.swift; path = EndPoint.swift; sourceTree = "<group>"; };
		927AFD5128A0950F00A8BBEB /* URL+Extension.swift */ = {isa = PBXFileReference; lastKnownFileType = sourcecode.swift; path = "URL+Extension.swift"; sourceTree = "<group>"; };
/* End PBXFileReference section */

/* Begin PBXFrameworksBuildPhase section */
		927AFD2028A0907C00A8BBEB /* Frameworks */ = {
			isa = PBXFrameworksBuildPhase;
			buildActionMask = 2147483647;
			files = (
				927AFD4228A090BB00A8BBEB /* Kingfisher in Frameworks */,
				927AFD3C28A0909E00A8BBEB /* SwiftyJSON in Frameworks */,
				927AFD3F28A090AA00A8BBEB /* Alamofire in Frameworks */,
			);
			runOnlyForDeploymentPostprocessing = 0;
		};
/* End PBXFrameworksBuildPhase section */

/* Begin PBXGroup section */
		927AFD1A28A0907C00A8BBEB = {
			isa = PBXGroup;
			children = (
				927AFD4A28A091A800A8BBEB /* .gitignore */,
				927AFD2528A0907C00A8BBEB /* Week6 */,
				927AFD2428A0907C00A8BBEB /* Products */,
			);
			sourceTree = "<group>";
		};
		927AFD2428A0907C00A8BBEB /* Products */ = {
			isa = PBXGroup;
			children = (
				927AFD2328A0907C00A8BBEB /* Week6.app */,
			);
			name = Products;
			sourceTree = "<group>";
		};
		927AFD2528A0907C00A8BBEB /* Week6 */ = {
			isa = PBXGroup;
			children = (
				927AFD4828A090FE00A8BBEB /* Network */,
				927AFD4728A090F500A8BBEB /* Screen */,
				927AFD4328A090C200A8BBEB /* Resource */,
				927AFD3428A0907E00A8BBEB /* Info.plist */,
			);
			path = Week6;
			sourceTree = "<group>";
		};
		927AFD4328A090C200A8BBEB /* Resource */ = {
			isa = PBXGroup;
			children = (
				927AFD4628A090ED00A8BBEB /* Asset */,
				927AFD4528A090DE00A8BBEB /* Support */,
				927AFD4428A090D800A8BBEB /* Storyboard */,
			);
			path = Resource;
			sourceTree = "<group>";
		};
		927AFD4428A090D800A8BBEB /* Storyboard */ = {
			isa = PBXGroup;
			children = (
				927AFD3128A0907E00A8BBEB /* LaunchScreen.storyboard */,
			);
			path = Storyboard;
			sourceTree = "<group>";
		};
		927AFD4528A090DE00A8BBEB /* Support */ = {
			isa = PBXGroup;
			children = (
				927AFD2628A0907C00A8BBEB /* AppDelegate.swift */,
				927AFD2828A0907C00A8BBEB /* SceneDelegate.swift */,
			);
			path = Support;
			sourceTree = "<group>";
		};
		927AFD4628A090ED00A8BBEB /* Asset */ = {
			isa = PBXGroup;
			children = (
				927AFD2F28A0907E00A8BBEB /* Assets.xcassets */,
			);
			path = Asset;
			sourceTree = "<group>";
		};
		927AFD4728A090F500A8BBEB /* Screen */ = {
			isa = PBXGroup;
			children = (
				927AFD4928A0910C00A8BBEB /* Main */,
			);
			path = Screen;
			sourceTree = "<group>";
		};
		927AFD4828A090FE00A8BBEB /* Network */ = {
			isa = PBXGroup;
			children = (
				927AFD4E28A0949B00A8BBEB /* Base */,
			);
			path = Network;
			sourceTree = "<group>";
		};
		927AFD4928A0910C00A8BBEB /* Main */ = {
			isa = PBXGroup;
			children = (
				927AFD2C28A0907C00A8BBEB /* Main.storyboard */,
				927AFD2A28A0907C00A8BBEB /* ViewController.swift */,
			);
			path = Main;
			sourceTree = "<group>";
		};
		927AFD4E28A0949B00A8BBEB /* Base */ = {
			isa = PBXGroup;
			children = (
				927AFD4C28A091B800A8BBEB /* APIKey.swift */,
				927AFD4F28A094A900A8BBEB /* EndPoint.swift */,
				927AFD5128A0950F00A8BBEB /* URL+Extension.swift */,
			);
			path = Base;
			sourceTree = "<group>";
		};
/* End PBXGroup section */

/* Begin PBXNativeTarget section */
		927AFD2228A0907C00A8BBEB /* Week6 */ = {
			isa = PBXNativeTarget;
			buildConfigurationList = 927AFD3728A0907E00A8BBEB /* Build configuration list for PBXNativeTarget "Week6" */;
			buildPhases = (
				927AFD1F28A0907C00A8BBEB /* Sources */,
				927AFD2028A0907C00A8BBEB /* Frameworks */,
				927AFD2128A0907C00A8BBEB /* Resources */,
			);
			buildRules = (
			);
			dependencies = (
			);
			name = Week6;
			packageProductDependencies = (
				927AFD3B28A0909E00A8BBEB /* SwiftyJSON */,
				927AFD3E28A090AA00A8BBEB /* Alamofire */,
				927AFD4128A090BB00A8BBEB /* Kingfisher */,
			);
			productName = Week6;
			productReference = 927AFD2328A0907C00A8BBEB /* Week6.app */;
			productType = "com.apple.product-type.application";
		};
/* End PBXNativeTarget section */

/* Begin PBXProject section */
		927AFD1B28A0907C00A8BBEB /* Project object */ = {
			isa = PBXProject;
			attributes = {
				BuildIndependentTargetsInParallel = 1;
				LastSwiftUpdateCheck = 1340;
				LastUpgradeCheck = 1340;
				TargetAttributes = {
					927AFD2228A0907C00A8BBEB = {
						CreatedOnToolsVersion = 13.4.1;
					};
				};
			};
			buildConfigurationList = 927AFD1E28A0907C00A8BBEB /* Build configuration list for PBXProject "Week6" */;
			compatibilityVersion = "Xcode 13.0";
			developmentRegion = en;
			hasScannedForEncodings = 0;
			knownRegions = (
				en,
				Base,
			);
			mainGroup = 927AFD1A28A0907C00A8BBEB;
			packageReferences = (
				927AFD3A28A0909E00A8BBEB /* XCRemoteSwiftPackageReference "SwiftyJSON" */,
				927AFD3D28A090AA00A8BBEB /* XCRemoteSwiftPackageReference "Alamofire" */,
				927AFD4028A090BB00A8BBEB /* XCRemoteSwiftPackageReference "Kingfisher" */,
			);
			productRefGroup = 927AFD2428A0907C00A8BBEB /* Products */;
			projectDirPath = "";
			projectRoot = "";
			targets = (
				927AFD2228A0907C00A8BBEB /* Week6 */,
			);
		};
/* End PBXProject section */

/* Begin PBXResourcesBuildPhase section */
		927AFD2128A0907C00A8BBEB /* Resources */ = {
			isa = PBXResourcesBuildPhase;
			buildActionMask = 2147483647;
			files = (
				927AFD4B28A091A800A8BBEB /* .gitignore in Resources */,
				927AFD3328A0907E00A8BBEB /* LaunchScreen.storyboard in Resources */,
				927AFD3028A0907E00A8BBEB /* Assets.xcassets in Resources */,
				927AFD2E28A0907C00A8BBEB /* Main.storyboard in Resources */,
			);
			runOnlyForDeploymentPostprocessing = 0;
		};
/* End PBXResourcesBuildPhase section */

/* Begin PBXSourcesBuildPhase section */
		927AFD1F28A0907C00A8BBEB /* Sources */ = {
			isa = PBXSourcesBuildPhase;
			buildActionMask = 2147483647;
			files = (
				927AFD2B28A0907C00A8BBEB /* ViewController.swift in Sources */,
				927AFD2728A0907C00A8BBEB /* AppDelegate.swift in Sources */,
				927AFD5028A094A900A8BBEB /* EndPoint.swift in Sources */,
				927AFD4D28A091B800A8BBEB /* APIKey.swift in Sources */,
				927AFD2928A0907C00A8BBEB /* SceneDelegate.swift in Sources */,
				927AFD5228A0950F00A8BBEB /* URL+Extension.swift in Sources */,
			);
			runOnlyForDeploymentPostprocessing = 0;
		};
/* End PBXSourcesBuildPhase section */

/* Begin PBXVariantGroup section */
		927AFD2C28A0907C00A8BBEB /* Main.storyboard */ = {
			isa = PBXVariantGroup;
			children = (
				927AFD2D28A0907C00A8BBEB /* Base */,
			);
			name = Main.storyboard;
			sourceTree = "<group>";
		};
		927AFD3128A0907E00A8BBEB /* LaunchScreen.storyboard */ = {
			isa = PBXVariantGroup;
			children = (
				927AFD3228A0907E00A8BBEB /* Base */,
			);
			name = LaunchScreen.storyboard;
			sourceTree = "<group>";
		};
/* End PBXVariantGroup section */

/* Begin XCBuildConfiguration section */
		927AFD3528A0907E00A8BBEB /* Debug */ = {
			isa = XCBuildConfiguration;
			buildSettings = {
				ALWAYS_SEARCH_USER_PATHS = NO;
				CLANG_ANALYZER_NONNULL = YES;
				CLANG_ANALYZER_NUMBER_OBJECT_CONVERSION = YES_AGGRESSIVE;
				CLANG_CXX_LANGUAGE_STANDARD = "gnu++17";
				CLANG_ENABLE_MODULES = YES;
				CLANG_ENABLE_OBJC_ARC = YES;
				CLANG_ENABLE_OBJC_WEAK = YES;
				CLANG_WARN_BLOCK_CAPTURE_AUTORELEASING = YES;
				CLANG_WARN_BOOL_CONVERSION = YES;
				CLANG_WARN_COMMA = YES;
				CLANG_WARN_CONSTANT_CONVERSION = YES;
				CLANG_WARN_DEPRECATED_OBJC_IMPLEMENTATIONS = YES;
				CLANG_WARN_DIRECT_OBJC_ISA_USAGE = YES_ERROR;
				CLANG_WARN_DOCUMENTATION_COMMENTS = YES;
				CLANG_WARN_EMPTY_BODY = YES;
				CLANG_WARN_ENUM_CONVERSION = YES;
				CLANG_WARN_INFINITE_RECURSION = YES;
				CLANG_WARN_INT_CONVERSION = YES;
				CLANG_WARN_NON_LITERAL_NULL_CONVERSION = YES;
				CLANG_WARN_OBJC_IMPLICIT_RETAIN_SELF = YES;
				CLANG_WARN_OBJC_LITERAL_CONVERSION = YES;
				CLANG_WARN_OBJC_ROOT_CLASS = YES_ERROR;
				CLANG_WARN_QUOTED_INCLUDE_IN_FRAMEWORK_HEADER = YES;
				CLANG_WARN_RANGE_LOOP_ANALYSIS = YES;
				CLANG_WARN_STRICT_PROTOTYPES = YES;
				CLANG_WARN_SUSPICIOUS_MOVE = YES;
				CLANG_WARN_UNGUARDED_AVAILABILITY = YES_AGGRESSIVE;
				CLANG_WARN_UNREACHABLE_CODE = YES;
				CLANG_WARN__DUPLICATE_METHOD_MATCH = YES;
				COPY_PHASE_STRIP = NO;
				DEBUG_INFORMATION_FORMAT = dwarf;
				ENABLE_STRICT_OBJC_MSGSEND = YES;
				ENABLE_TESTABILITY = YES;
				GCC_C_LANGUAGE_STANDARD = gnu11;
				GCC_DYNAMIC_NO_PIC = NO;
				GCC_NO_COMMON_BLOCKS = YES;
				GCC_OPTIMIZATION_LEVEL = 0;
				GCC_PREPROCESSOR_DEFINITIONS = (
					"DEBUG=1",
					"$(inherited)",
				);
				GCC_WARN_64_TO_32_BIT_CONVERSION = YES;
				GCC_WARN_ABOUT_RETURN_TYPE = YES_ERROR;
				GCC_WARN_UNDECLARED_SELECTOR = YES;
				GCC_WARN_UNINITIALIZED_AUTOS = YES_AGGRESSIVE;
				GCC_WARN_UNUSED_FUNCTION = YES;
				GCC_WARN_UNUSED_VARIABLE = YES;
				IPHONEOS_DEPLOYMENT_TARGET = 15.5;
				MTL_ENABLE_DEBUG_INFO = INCLUDE_SOURCE;
				MTL_FAST_MATH = YES;
				ONLY_ACTIVE_ARCH = YES;
				SDKROOT = iphoneos;
				SWIFT_ACTIVE_COMPILATION_CONDITIONS = DEBUG;
				SWIFT_OPTIMIZATION_LEVEL = "-Onone";
			};
			name = Debug;
		};
		927AFD3628A0907E00A8BBEB /* Release */ = {
			isa = XCBuildConfiguration;
			buildSettings = {
				ALWAYS_SEARCH_USER_PATHS = NO;
				CLANG_ANALYZER_NONNULL = YES;
				CLANG_ANALYZER_NUMBER_OBJECT_CONVERSION = YES_AGGRESSIVE;
				CLANG_CXX_LANGUAGE_STANDARD = "gnu++17";
				CLANG_ENABLE_MODULES = YES;
				CLANG_ENABLE_OBJC_ARC = YES;
				CLANG_ENABLE_OBJC_WEAK = YES;
				CLANG_WARN_BLOCK_CAPTURE_AUTORELEASING = YES;
				CLANG_WARN_BOOL_CONVERSION = YES;
				CLANG_WARN_COMMA = YES;
				CLANG_WARN_CONSTANT_CONVERSION = YES;
				CLANG_WARN_DEPRECATED_OBJC_IMPLEMENTATIONS = YES;
				CLANG_WARN_DIRECT_OBJC_ISA_USAGE = YES_ERROR;
				CLANG_WARN_DOCUMENTATION_COMMENTS = YES;
				CLANG_WARN_EMPTY_BODY = YES;
				CLANG_WARN_ENUM_CONVERSION = YES;
				CLANG_WARN_INFINITE_RECURSION = YES;
				CLANG_WARN_INT_CONVERSION = YES;
				CLANG_WARN_NON_LITERAL_NULL_CONVERSION = YES;
				CLANG_WARN_OBJC_IMPLICIT_RETAIN_SELF = YES;
				CLANG_WARN_OBJC_LITERAL_CONVERSION = YES;
				CLANG_WARN_OBJC_ROOT_CLASS = YES_ERROR;
				CLANG_WARN_QUOTED_INCLUDE_IN_FRAMEWORK_HEADER = YES;
				CLANG_WARN_RANGE_LOOP_ANALYSIS = YES;
				CLANG_WARN_STRICT_PROTOTYPES = YES;
				CLANG_WARN_SUSPICIOUS_MOVE = YES;
				CLANG_WARN_UNGUARDED_AVAILABILITY = YES_AGGRESSIVE;
				CLANG_WARN_UNREACHABLE_CODE = YES;
				CLANG_WARN__DUPLICATE_METHOD_MATCH = YES;
				COPY_PHASE_STRIP = NO;
				DEBUG_INFORMATION_FORMAT = "dwarf-with-dsym";
				ENABLE_NS_ASSERTIONS = NO;
				ENABLE_STRICT_OBJC_MSGSEND = YES;
				GCC_C_LANGUAGE_STANDARD = gnu11;
				GCC_NO_COMMON_BLOCKS = YES;
				GCC_WARN_64_TO_32_BIT_CONVERSION = YES;
				GCC_WARN_ABOUT_RETURN_TYPE = YES_ERROR;
				GCC_WARN_UNDECLARED_SELECTOR = YES;
				GCC_WARN_UNINITIALIZED_AUTOS = YES_AGGRESSIVE;
				GCC_WARN_UNUSED_FUNCTION = YES;
				GCC_WARN_UNUSED_VARIABLE = YES;
				IPHONEOS_DEPLOYMENT_TARGET = 15.5;
				MTL_ENABLE_DEBUG_INFO = NO;
				MTL_FAST_MATH = YES;
				SDKROOT = iphoneos;
				SWIFT_COMPILATION_MODE = wholemodule;
				SWIFT_OPTIMIZATION_LEVEL = "-O";
				VALIDATE_PRODUCT = YES;
			};
			name = Release;
		};
		927AFD3828A0907E00A8BBEB /* Debug */ = {
			isa = XCBuildConfiguration;
			buildSettings = {
				ASSETCATALOG_COMPILER_APPICON_NAME = AppIcon;
				ASSETCATALOG_COMPILER_GLOBAL_ACCENT_COLOR_NAME = AccentColor;
				CODE_SIGN_STYLE = Automatic;
				CURRENT_PROJECT_VERSION = 1;
				DEVELOPMENT_TEAM = PU64TS56AD;
				GENERATE_INFOPLIST_FILE = YES;
				INFOPLIST_FILE = Week6/Info.plist;
				INFOPLIST_KEY_UIApplicationSupportsIndirectInputEvents = YES;
				INFOPLIST_KEY_UILaunchStoryboardName = LaunchScreen;
				INFOPLIST_KEY_UIMainStoryboardFile = Main;
				INFOPLIST_KEY_UISupportedInterfaceOrientations_iPad = "UIInterfaceOrientationPortrait UIInterfaceOrientationPortraitUpsideDown UIInterfaceOrientationLandscapeLeft UIInterfaceOrientationLandscapeRight";
				INFOPLIST_KEY_UISupportedInterfaceOrientations_iPhone = "UIInterfaceOrientationPortrait UIInterfaceOrientationLandscapeLeft UIInterfaceOrientationLandscapeRight";
				LD_RUNPATH_SEARCH_PATHS = (
					"$(inherited)",
					"@executable_path/Frameworks",
				);
				MARKETING_VERSION = 1.0;
				PRODUCT_BUNDLE_IDENTIFIER = soyeon.Week6;
				PRODUCT_NAME = "$(TARGET_NAME)";
				SWIFT_EMIT_LOC_STRINGS = YES;
				SWIFT_VERSION = 5.0;
				TARGETED_DEVICE_FAMILY = "1,2";
			};
			name = Debug;
		};
		927AFD3928A0907E00A8BBEB /* Release */ = {
			isa = XCBuildConfiguration;
			buildSettings = {
				ASSETCATALOG_COMPILER_APPICON_NAME = AppIcon;
				ASSETCATALOG_COMPILER_GLOBAL_ACCENT_COLOR_NAME = AccentColor;
				CODE_SIGN_STYLE = Automatic;
				CURRENT_PROJECT_VERSION = 1;
				DEVELOPMENT_TEAM = PU64TS56AD;
				GENERATE_INFOPLIST_FILE = YES;
				INFOPLIST_FILE = Week6/Info.plist;
				INFOPLIST_KEY_UIApplicationSupportsIndirectInputEvents = YES;
				INFOPLIST_KEY_UILaunchStoryboardName = LaunchScreen;
				INFOPLIST_KEY_UIMainStoryboardFile = Main;
				INFOPLIST_KEY_UISupportedInterfaceOrientations_iPad = "UIInterfaceOrientationPortrait UIInterfaceOrientationPortraitUpsideDown UIInterfaceOrientationLandscapeLeft UIInterfaceOrientationLandscapeRight";
				INFOPLIST_KEY_UISupportedInterfaceOrientations_iPhone = "UIInterfaceOrientationPortrait UIInterfaceOrientationLandscapeLeft UIInterfaceOrientationLandscapeRight";
				LD_RUNPATH_SEARCH_PATHS = (
					"$(inherited)",
					"@executable_path/Frameworks",
				);
				MARKETING_VERSION = 1.0;
				PRODUCT_BUNDLE_IDENTIFIER = soyeon.Week6;
				PRODUCT_NAME = "$(TARGET_NAME)";
				SWIFT_EMIT_LOC_STRINGS = YES;
				SWIFT_VERSION = 5.0;
				TARGETED_DEVICE_FAMILY = "1,2";
			};
			name = Release;
		};
/* End XCBuildConfiguration section */

/* Begin XCConfigurationList section */
		927AFD1E28A0907C00A8BBEB /* Build configuration list for PBXProject "Week6" */ = {
			isa = XCConfigurationList;
			buildConfigurations = (
				927AFD3528A0907E00A8BBEB /* Debug */,
				927AFD3628A0907E00A8BBEB /* Release */,
			);
			defaultConfigurationIsVisible = 0;
			defaultConfigurationName = Release;
		};
		927AFD3728A0907E00A8BBEB /* Build configuration list for PBXNativeTarget "Week6" */ = {
			isa = XCConfigurationList;
			buildConfigurations = (
				927AFD3828A0907E00A8BBEB /* Debug */,
				927AFD3928A0907E00A8BBEB /* Release */,
			);
			defaultConfigurationIsVisible = 0;
			defaultConfigurationName = Release;
		};
/* End XCConfigurationList section */

/* Begin XCRemoteSwiftPackageReference section */
		927AFD3A28A0909E00A8BBEB /* XCRemoteSwiftPackageReference "SwiftyJSON" */ = {
			isa = XCRemoteSwiftPackageReference;
			repositoryURL = "https://github.com/SwiftyJSON/SwiftyJSON";
			requirement = {
				kind = upToNextMajorVersion;
				minimumVersion = 5.0.0;
			};
		};
		927AFD3D28A090AA00A8BBEB /* XCRemoteSwiftPackageReference "Alamofire" */ = {
			isa = XCRemoteSwiftPackageReference;
			repositoryURL = "https://github.com/Alamofire/Alamofire.git";
			requirement = {
				branch = master;
				kind = branch;
			};
		};
		927AFD4028A090BB00A8BBEB /* XCRemoteSwiftPackageReference "Kingfisher" */ = {
			isa = XCRemoteSwiftPackageReference;
			repositoryURL = "https://github.com/onevcat/Kingfisher.git";
			requirement = {
				branch = master;
				kind = branch;
			};
		};
/* End XCRemoteSwiftPackageReference section */

/* Begin XCSwiftPackageProductDependency section */
		927AFD3B28A0909E00A8BBEB /* SwiftyJSON */ = {
			isa = XCSwiftPackageProductDependency;
			package = 927AFD3A28A0909E00A8BBEB /* XCRemoteSwiftPackageReference "SwiftyJSON" */;
			productName = SwiftyJSON;
		};
		927AFD3E28A090AA00A8BBEB /* Alamofire */ = {
			isa = XCSwiftPackageProductDependency;
			package = 927AFD3D28A090AA00A8BBEB /* XCRemoteSwiftPackageReference "Alamofire" */;
			productName = Alamofire;
		};
		927AFD4128A090BB00A8BBEB /* Kingfisher */ = {
			isa = XCSwiftPackageProductDependency;
			package = 927AFD4028A090BB00A8BBEB /* XCRemoteSwiftPackageReference "Kingfisher" */;
			productName = Kingfisher;
		};
/* End XCSwiftPackageProductDependency section */
	};
	rootObject = 927AFD1B28A0907C00A8BBEB /* Project object */;
}
