// !$*UTF8*$!
{
	archiveVersion = 1;
	classes = {
	};
	objectVersion = 55;
	objects = {

/* Begin PBXBuildFile section */
		9206D27C28B4E77E00290F00 /* ProductViewController.swift in Sources */ = {isa = PBXBuildFile; fileRef = 9206D27B28B4E77E00290F00 /* ProductViewController.swift */; };
		9207933F28B65ADD0089F2B6 /* Realm in Frameworks */ = {isa = PBXBuildFile; productRef = 9207933E28B65ADD0089F2B6 /* Realm */; };
		9207934128B65ADD0089F2B6 /* RealmSwift in Frameworks */ = {isa = PBXBuildFile; productRef = 9207934028B65ADD0089F2B6 /* RealmSwift */; };
		9207934328B65FB20089F2B6 /* Transition+Extension.swift in Sources */ = {isa = PBXBuildFile; fileRef = 9207934228B65FB20089F2B6 /* Transition+Extension.swift */; };
		9207934528B66C530089F2B6 /* FileManager+Extension.swift in Sources */ = {isa = PBXBuildFile; fileRef = 9207934428B66C530089F2B6 /* FileManager+Extension.swift */; };
		9207934728B66E390089F2B6 /* UIViewController+Extension.swift in Sources */ = {isa = PBXBuildFile; fileRef = 9207934628B66E390089F2B6 /* UIViewController+Extension.swift */; };
		92126A2E28B3998D00E43F7E /* AppDelegate.swift in Sources */ = {isa = PBXBuildFile; fileRef = 92126A2D28B3998D00E43F7E /* AppDelegate.swift */; };
		92126A3028B3998D00E43F7E /* SceneDelegate.swift in Sources */ = {isa = PBXBuildFile; fileRef = 92126A2F28B3998D00E43F7E /* SceneDelegate.swift */; };
		92126A3228B3998D00E43F7E /* ListViewController.swift in Sources */ = {isa = PBXBuildFile; fileRef = 92126A3128B3998D00E43F7E /* ListViewController.swift */; };
		92126A3528B3998D00E43F7E /* Main.storyboard in Resources */ = {isa = PBXBuildFile; fileRef = 92126A3328B3998D00E43F7E /* Main.storyboard */; };
		92126A3728B3998F00E43F7E /* Assets.xcassets in Resources */ = {isa = PBXBuildFile; fileRef = 92126A3628B3998F00E43F7E /* Assets.xcassets */; };
		92126A3A28B3998F00E43F7E /* LaunchScreen.storyboard in Resources */ = {isa = PBXBuildFile; fileRef = 92126A3828B3998F00E43F7E /* LaunchScreen.storyboard */; };
		92126A4C28B39A5700E43F7E /* ReusableViewProtocol.swift in Sources */ = {isa = PBXBuildFile; fileRef = 92126A4B28B39A5700E43F7E /* ReusableViewProtocol.swift */; };
		92126A4F28B39A7B00E43F7E /* SnapKit in Frameworks */ = {isa = PBXBuildFile; productRef = 92126A4E28B39A7B00E43F7E /* SnapKit */; };
		92126A5628B39C8F00E43F7E /* ListTableViewCell.swift in Sources */ = {isa = PBXBuildFile; fileRef = 92126A5528B39C8F00E43F7E /* ListTableViewCell.swift */; };
		92126A5928B3A0A000E43F7E /* AddViewController.swift in Sources */ = {isa = PBXBuildFile; fileRef = 92126A5828B3A0A000E43F7E /* AddViewController.swift */; };
		92126A5C28B3A81100E43F7E /* UITextField+Extension.swift in Sources */ = {isa = PBXBuildFile; fileRef = 92126A5B28B3A81100E43F7E /* UITextField+Extension.swift */; };
		92126A5F28B3AB1500E43F7E /* Product.swift in Sources */ = {isa = PBXBuildFile; fileRef = 92126A5E28B3AB1500E43F7E /* Product.swift */; };
		92708A9928B82E7B009D41B3 /* Zip in Frameworks */ = {isa = PBXBuildFile; productRef = 92708A9828B82E7B009D41B3 /* Zip */; };
		92708A9C28B8302A009D41B3 /* BackUpViewController.swift in Sources */ = {isa = PBXBuildFile; fileRef = 92708A9B28B8302A009D41B3 /* BackUpViewController.swift */; };
		92708A9E28B83240009D41B3 /* BackUpListTableViewCell.swift in Sources */ = {isa = PBXBuildFile; fileRef = 92708A9D28B83240009D41B3 /* BackUpListTableViewCell.swift */; };
		92708AA528B8BD07009D41B3 /* BackUpProgressView.swift in Sources */ = {isa = PBXBuildFile; fileRef = 92708AA428B8BD07009D41B3 /* BackUpProgressView.swift */; };
/* End PBXBuildFile section */

/* Begin PBXFileReference section */
		9206D27B28B4E77E00290F00 /* ProductViewController.swift */ = {isa = PBXFileReference; lastKnownFileType = sourcecode.swift; path = ProductViewController.swift; sourceTree = "<group>"; };
		9207934228B65FB20089F2B6 /* Transition+Extension.swift */ = {isa = PBXFileReference; lastKnownFileType = sourcecode.swift; path = "Transition+Extension.swift"; sourceTree = "<group>"; };
		9207934428B66C530089F2B6 /* FileManager+Extension.swift */ = {isa = PBXFileReference; lastKnownFileType = sourcecode.swift; path = "FileManager+Extension.swift"; sourceTree = "<group>"; };
		9207934628B66E390089F2B6 /* UIViewController+Extension.swift */ = {isa = PBXFileReference; lastKnownFileType = sourcecode.swift; path = "UIViewController+Extension.swift"; sourceTree = "<group>"; };
		92126A2A28B3998D00E43F7E /* ShoppingList.app */ = {isa = PBXFileReference; explicitFileType = wrapper.application; includeInIndex = 0; path = ShoppingList.app; sourceTree = BUILT_PRODUCTS_DIR; };
		92126A2D28B3998D00E43F7E /* AppDelegate.swift */ = {isa = PBXFileReference; lastKnownFileType = sourcecode.swift; path = AppDelegate.swift; sourceTree = "<group>"; };
		92126A2F28B3998D00E43F7E /* SceneDelegate.swift */ = {isa = PBXFileReference; lastKnownFileType = sourcecode.swift; path = SceneDelegate.swift; sourceTree = "<group>"; };
		92126A3128B3998D00E43F7E /* ListViewController.swift */ = {isa = PBXFileReference; lastKnownFileType = sourcecode.swift; path = ListViewController.swift; sourceTree = "<group>"; };
		92126A3428B3998D00E43F7E /* Base */ = {isa = PBXFileReference; lastKnownFileType = file.storyboard; name = Base; path = Base.lproj/Main.storyboard; sourceTree = "<group>"; };
		92126A3628B3998F00E43F7E /* Assets.xcassets */ = {isa = PBXFileReference; lastKnownFileType = folder.assetcatalog; path = Assets.xcassets; sourceTree = "<group>"; };
		92126A3928B3998F00E43F7E /* Base */ = {isa = PBXFileReference; lastKnownFileType = file.storyboard; name = Base; path = Base.lproj/LaunchScreen.storyboard; sourceTree = "<group>"; };
		92126A3B28B3998F00E43F7E /* Info.plist */ = {isa = PBXFileReference; lastKnownFileType = text.plist.xml; path = Info.plist; sourceTree = "<group>"; };
		92126A4B28B39A5700E43F7E /* ReusableViewProtocol.swift */ = {isa = PBXFileReference; lastKnownFileType = sourcecode.swift; path = ReusableViewProtocol.swift; sourceTree = "<group>"; };
		92126A5528B39C8F00E43F7E /* ListTableViewCell.swift */ = {isa = PBXFileReference; lastKnownFileType = sourcecode.swift; path = ListTableViewCell.swift; sourceTree = "<group>"; };
		92126A5828B3A0A000E43F7E /* AddViewController.swift */ = {isa = PBXFileReference; lastKnownFileType = sourcecode.swift; path = AddViewController.swift; sourceTree = "<group>"; };
		92126A5B28B3A81100E43F7E /* UITextField+Extension.swift */ = {isa = PBXFileReference; lastKnownFileType = sourcecode.swift; path = "UITextField+Extension.swift"; sourceTree = "<group>"; };
		92126A5E28B3AB1500E43F7E /* Product.swift */ = {isa = PBXFileReference; lastKnownFileType = sourcecode.swift; path = Product.swift; sourceTree = "<group>"; };
		92708A9B28B8302A009D41B3 /* BackUpViewController.swift */ = {isa = PBXFileReference; lastKnownFileType = sourcecode.swift; path = BackUpViewController.swift; sourceTree = "<group>"; };
		92708A9D28B83240009D41B3 /* BackUpListTableViewCell.swift */ = {isa = PBXFileReference; lastKnownFileType = sourcecode.swift; path = BackUpListTableViewCell.swift; sourceTree = "<group>"; };
		92708AA428B8BD07009D41B3 /* BackUpProgressView.swift */ = {isa = PBXFileReference; lastKnownFileType = sourcecode.swift; path = BackUpProgressView.swift; sourceTree = "<group>"; };
/* End PBXFileReference section */

/* Begin PBXFrameworksBuildPhase section */
		92126A2728B3998D00E43F7E /* Frameworks */ = {
			isa = PBXFrameworksBuildPhase;
			buildActionMask = 2147483647;
			files = (
				9207934128B65ADD0089F2B6 /* RealmSwift in Frameworks */,
				9207933F28B65ADD0089F2B6 /* Realm in Frameworks */,
				92708A9928B82E7B009D41B3 /* Zip in Frameworks */,
				92126A4F28B39A7B00E43F7E /* SnapKit in Frameworks */,
			);
			runOnlyForDeploymentPostprocessing = 0;
		};
/* End PBXFrameworksBuildPhase section */

/* Begin PBXGroup section */
		9206D27A28B4E76800290F00 /* Product */ = {
			isa = PBXGroup;
			children = (
				9206D27B28B4E77E00290F00 /* ProductViewController.swift */,
			);
			path = Product;
			sourceTree = "<group>";
		};
		92126A2128B3998D00E43F7E = {
			isa = PBXGroup;
			children = (
				92126A2C28B3998D00E43F7E /* ShoppingList */,
				92126A2B28B3998D00E43F7E /* Products */,
			);
			sourceTree = "<group>";
		};
		92126A2B28B3998D00E43F7E /* Products */ = {
			isa = PBXGroup;
			children = (
				92126A2A28B3998D00E43F7E /* ShoppingList.app */,
			);
			name = Products;
			sourceTree = "<group>";
		};
		92126A2C28B3998D00E43F7E /* ShoppingList */ = {
			isa = PBXGroup;
			children = (
				92126A4428B399CC00E43F7E /* Global */,
				92126A4228B399C100E43F7E /* Screen */,
				92126A4128B399BB00E43F7E /* Resource */,
			);
			path = ShoppingList;
			sourceTree = "<group>";
		};
		92126A4128B399BB00E43F7E /* Resource */ = {
			isa = PBXGroup;
			children = (
				92126A4928B39A0200E43F7E /* Asset */,
				92126A4728B399E900E43F7E /* Storyboard */,
				92126A4528B399DA00E43F7E /* Support */,
			);
			path = Resource;
			sourceTree = "<group>";
		};
		92126A4228B399C100E43F7E /* Screen */ = {
			isa = PBXGroup;
			children = (
				92708A9A28B83014009D41B3 /* BackUp */,
				9206D27A28B4E76800290F00 /* Product */,
				92126A5728B3A08500E43F7E /* Add */,
				92126A4828B399FB00E43F7E /* List */,
			);
			path = Screen;
			sourceTree = "<group>";
		};
		92126A4428B399CC00E43F7E /* Global */ = {
			isa = PBXGroup;
			children = (
				92126A5D28B3AADC00E43F7E /* Realm */,
				92126A5A28B3A80200E43F7E /* Extension */,
				92126A4A28B39A1400E43F7E /* Protocol */,
			);
			path = Global;
			sourceTree = "<group>";
		};
		92126A4528B399DA00E43F7E /* Support */ = {
			isa = PBXGroup;
			children = (
				92126A3B28B3998F00E43F7E /* Info.plist */,
				92126A2D28B3998D00E43F7E /* AppDelegate.swift */,
				92126A2F28B3998D00E43F7E /* SceneDelegate.swift */,
			);
			path = Support;
			sourceTree = "<group>";
		};
		92126A4728B399E900E43F7E /* Storyboard */ = {
			isa = PBXGroup;
			children = (
				92126A3328B3998D00E43F7E /* Main.storyboard */,
				92126A3828B3998F00E43F7E /* LaunchScreen.storyboard */,
			);
			path = Storyboard;
			sourceTree = "<group>";
		};
		92126A4828B399FB00E43F7E /* List */ = {
			isa = PBXGroup;
			children = (
				92126A6028B44BB700E43F7E /* View */,
				92126A6128B44BBD00E43F7E /* Controller */,
			);
			path = List;
			sourceTree = "<group>";
		};
		92126A4928B39A0200E43F7E /* Asset */ = {
			isa = PBXGroup;
			children = (
				92126A3628B3998F00E43F7E /* Assets.xcassets */,
			);
			path = Asset;
			sourceTree = "<group>";
		};
		92126A4A28B39A1400E43F7E /* Protocol */ = {
			isa = PBXGroup;
			children = (
				92126A4B28B39A5700E43F7E /* ReusableViewProtocol.swift */,
			);
			path = Protocol;
			sourceTree = "<group>";
		};
		92126A5728B3A08500E43F7E /* Add */ = {
			isa = PBXGroup;
			children = (
				92126A6228B44BD000E43F7E /* Controller */,
			);
			path = Add;
			sourceTree = "<group>";
		};
		92126A5A28B3A80200E43F7E /* Extension */ = {
			isa = PBXGroup;
			children = (
				92126A5B28B3A81100E43F7E /* UITextField+Extension.swift */,
				9207934228B65FB20089F2B6 /* Transition+Extension.swift */,
				9207934428B66C530089F2B6 /* FileManager+Extension.swift */,
				9207934628B66E390089F2B6 /* UIViewController+Extension.swift */,
			);
			path = Extension;
			sourceTree = "<group>";
		};
		92126A5D28B3AADC00E43F7E /* Realm */ = {
			isa = PBXGroup;
			children = (
				92126A5E28B3AB1500E43F7E /* Product.swift */,
			);
			path = Realm;
			sourceTree = "<group>";
		};
		92126A6028B44BB700E43F7E /* View */ = {
			isa = PBXGroup;
			children = (
				92126A5528B39C8F00E43F7E /* ListTableViewCell.swift */,
			);
			path = View;
			sourceTree = "<group>";
		};
		92126A6128B44BBD00E43F7E /* Controller */ = {
			isa = PBXGroup;
			children = (
				92126A3128B3998D00E43F7E /* ListViewController.swift */,
			);
			path = Controller;
			sourceTree = "<group>";
		};
		92126A6228B44BD000E43F7E /* Controller */ = {
			isa = PBXGroup;
			children = (
				92126A5828B3A0A000E43F7E /* AddViewController.swift */,
			);
			path = Controller;
			sourceTree = "<group>";
		};
		92708A9A28B83014009D41B3 /* BackUp */ = {
			isa = PBXGroup;
			children = (
				92708A9B28B8302A009D41B3 /* BackUpViewController.swift */,
				92708A9D28B83240009D41B3 /* BackUpListTableViewCell.swift */,
				92708AA428B8BD07009D41B3 /* BackUpProgressView.swift */,
			);
			path = BackUp;
			sourceTree = "<group>";
		};
/* End PBXGroup section */

/* Begin PBXNativeTarget section */
		92126A2928B3998D00E43F7E /* ShoppingList */ = {
			isa = PBXNativeTarget;
			buildConfigurationList = 92126A3E28B3998F00E43F7E /* Build configuration list for PBXNativeTarget "ShoppingList" */;
			buildPhases = (
				92126A2628B3998D00E43F7E /* Sources */,
				92126A2728B3998D00E43F7E /* Frameworks */,
				92126A2828B3998D00E43F7E /* Resources */,
			);
			buildRules = (
			);
			dependencies = (
			);
			name = ShoppingList;
			packageProductDependencies = (
				92126A4E28B39A7B00E43F7E /* SnapKit */,
				9207933E28B65ADD0089F2B6 /* Realm */,
				9207934028B65ADD0089F2B6 /* RealmSwift */,
				92708A9828B82E7B009D41B3 /* Zip */,
			);
			productName = ShoppingList;
			productReference = 92126A2A28B3998D00E43F7E /* ShoppingList.app */;
			productType = "com.apple.product-type.application";
		};
/* End PBXNativeTarget section */

/* Begin PBXProject section */
		92126A2228B3998D00E43F7E /* Project object */ = {
			isa = PBXProject;
			attributes = {
				BuildIndependentTargetsInParallel = 1;
				LastSwiftUpdateCheck = 1340;
				LastUpgradeCheck = 1340;
				TargetAttributes = {
					92126A2928B3998D00E43F7E = {
						CreatedOnToolsVersion = 13.4.1;
					};
				};
			};
			buildConfigurationList = 92126A2528B3998D00E43F7E /* Build configuration list for PBXProject "ShoppingList" */;
			compatibilityVersion = "Xcode 13.0";
			developmentRegion = en;
			hasScannedForEncodings = 0;
			knownRegions = (
				en,
				Base,
			);
			mainGroup = 92126A2128B3998D00E43F7E;
			packageReferences = (
				92126A4D28B39A7B00E43F7E /* XCRemoteSwiftPackageReference "SnapKit" */,
				9207933D28B65ADD0089F2B6 /* XCRemoteSwiftPackageReference "realm-swift" */,
				92708A9728B82E7B009D41B3 /* XCRemoteSwiftPackageReference "Zip" */,
			);
			productRefGroup = 92126A2B28B3998D00E43F7E /* Products */;
			projectDirPath = "";
			projectRoot = "";
			targets = (
				92126A2928B3998D00E43F7E /* ShoppingList */,
			);
		};
/* End PBXProject section */

/* Begin PBXResourcesBuildPhase section */
		92126A2828B3998D00E43F7E /* Resources */ = {
			isa = PBXResourcesBuildPhase;
			buildActionMask = 2147483647;
			files = (
				92126A3A28B3998F00E43F7E /* LaunchScreen.storyboard in Resources */,
				92126A3728B3998F00E43F7E /* Assets.xcassets in Resources */,
				92126A3528B3998D00E43F7E /* Main.storyboard in Resources */,
			);
			runOnlyForDeploymentPostprocessing = 0;
		};
/* End PBXResourcesBuildPhase section */

/* Begin PBXSourcesBuildPhase section */
		92126A2628B3998D00E43F7E /* Sources */ = {
			isa = PBXSourcesBuildPhase;
			buildActionMask = 2147483647;
			files = (
				9207934728B66E390089F2B6 /* UIViewController+Extension.swift in Sources */,
				9207934528B66C530089F2B6 /* FileManager+Extension.swift in Sources */,
				92126A3228B3998D00E43F7E /* ListViewController.swift in Sources */,
				92708A9E28B83240009D41B3 /* BackUpListTableViewCell.swift in Sources */,
				92126A5F28B3AB1500E43F7E /* Product.swift in Sources */,
				92126A4C28B39A5700E43F7E /* ReusableViewProtocol.swift in Sources */,
				92126A5C28B3A81100E43F7E /* UITextField+Extension.swift in Sources */,
				92708A9C28B8302A009D41B3 /* BackUpViewController.swift in Sources */,
				9207934328B65FB20089F2B6 /* Transition+Extension.swift in Sources */,
				92126A5928B3A0A000E43F7E /* AddViewController.swift in Sources */,
				92126A2E28B3998D00E43F7E /* AppDelegate.swift in Sources */,
				9206D27C28B4E77E00290F00 /* ProductViewController.swift in Sources */,
				92126A3028B3998D00E43F7E /* SceneDelegate.swift in Sources */,
				92708AA528B8BD07009D41B3 /* BackUpProgressView.swift in Sources */,
				92126A5628B39C8F00E43F7E /* ListTableViewCell.swift in Sources */,
			);
			runOnlyForDeploymentPostprocessing = 0;
		};
/* End PBXSourcesBuildPhase section */

/* Begin PBXVariantGroup section */
		92126A3328B3998D00E43F7E /* Main.storyboard */ = {
			isa = PBXVariantGroup;
			children = (
				92126A3428B3998D00E43F7E /* Base */,
			);
			name = Main.storyboard;
			sourceTree = "<group>";
		};
		92126A3828B3998F00E43F7E /* LaunchScreen.storyboard */ = {
			isa = PBXVariantGroup;
			children = (
				92126A3928B3998F00E43F7E /* Base */,
			);
			name = LaunchScreen.storyboard;
			sourceTree = "<group>";
		};
/* End PBXVariantGroup section */

/* Begin XCBuildConfiguration section */
		92126A3C28B3998F00E43F7E /* Debug */ = {
			isa = XCBuildConfiguration;
			buildSettings = {
				ALWAYS_SEARCH_USER_PATHS = NO;
				CLANG_ANALYZER_NONNULL = YES;
				CLANG_ANALYZER_NUMBER_OBJECT_CONVERSION = YES_AGGRESSIVE;
				CLANG_CXX_LANGUAGE_STANDARD = "gnu++17";
				CLANG_ENABLE_MODULES = YES;
				CLANG_ENABLE_OBJC_ARC = YES;
				CLANG_ENABLE_OBJC_WEAK = YES;
				CLANG_WARN_BLOCK_CAPTURE_AUTORELEASING = YES;
				CLANG_WARN_BOOL_CONVERSION = YES;
				CLANG_WARN_COMMA = YES;
				CLANG_WARN_CONSTANT_CONVERSION = YES;
				CLANG_WARN_DEPRECATED_OBJC_IMPLEMENTATIONS = YES;
				CLANG_WARN_DIRECT_OBJC_ISA_USAGE = YES_ERROR;
				CLANG_WARN_DOCUMENTATION_COMMENTS = YES;
				CLANG_WARN_EMPTY_BODY = YES;
				CLANG_WARN_ENUM_CONVERSION = YES;
				CLANG_WARN_INFINITE_RECURSION = YES;
				CLANG_WARN_INT_CONVERSION = YES;
				CLANG_WARN_NON_LITERAL_NULL_CONVERSION = YES;
				CLANG_WARN_OBJC_IMPLICIT_RETAIN_SELF = YES;
				CLANG_WARN_OBJC_LITERAL_CONVERSION = YES;
				CLANG_WARN_OBJC_ROOT_CLASS = YES_ERROR;
				CLANG_WARN_QUOTED_INCLUDE_IN_FRAMEWORK_HEADER = YES;
				CLANG_WARN_RANGE_LOOP_ANALYSIS = YES;
				CLANG_WARN_STRICT_PROTOTYPES = YES;
				CLANG_WARN_SUSPICIOUS_MOVE = YES;
				CLANG_WARN_UNGUARDED_AVAILABILITY = YES_AGGRESSIVE;
				CLANG_WARN_UNREACHABLE_CODE = YES;
				CLANG_WARN__DUPLICATE_METHOD_MATCH = YES;
				COPY_PHASE_STRIP = NO;
				DEBUG_INFORMATION_FORMAT = dwarf;
				ENABLE_STRICT_OBJC_MSGSEND = YES;
				ENABLE_TESTABILITY = YES;
				GCC_C_LANGUAGE_STANDARD = gnu11;
				GCC_DYNAMIC_NO_PIC = NO;
				GCC_NO_COMMON_BLOCKS = YES;
				GCC_OPTIMIZATION_LEVEL = 0;
				GCC_PREPROCESSOR_DEFINITIONS = (
					"DEBUG=1",
					"$(inherited)",
				);
				GCC_WARN_64_TO_32_BIT_CONVERSION = YES;
				GCC_WARN_ABOUT_RETURN_TYPE = YES_ERROR;
				GCC_WARN_UNDECLARED_SELECTOR = YES;
				GCC_WARN_UNINITIALIZED_AUTOS = YES_AGGRESSIVE;
				GCC_WARN_UNUSED_FUNCTION = YES;
				GCC_WARN_UNUSED_VARIABLE = YES;
				IPHONEOS_DEPLOYMENT_TARGET = 15.5;
				MTL_ENABLE_DEBUG_INFO = INCLUDE_SOURCE;
				MTL_FAST_MATH = YES;
				ONLY_ACTIVE_ARCH = YES;
				SDKROOT = iphoneos;
				SWIFT_ACTIVE_COMPILATION_CONDITIONS = DEBUG;
				SWIFT_OPTIMIZATION_LEVEL = "-Onone";
			};
			name = Debug;
		};
		92126A3D28B3998F00E43F7E /* Release */ = {
			isa = XCBuildConfiguration;
			buildSettings = {
				ALWAYS_SEARCH_USER_PATHS = NO;
				CLANG_ANALYZER_NONNULL = YES;
				CLANG_ANALYZER_NUMBER_OBJECT_CONVERSION = YES_AGGRESSIVE;
				CLANG_CXX_LANGUAGE_STANDARD = "gnu++17";
				CLANG_ENABLE_MODULES = YES;
				CLANG_ENABLE_OBJC_ARC = YES;
				CLANG_ENABLE_OBJC_WEAK = YES;
				CLANG_WARN_BLOCK_CAPTURE_AUTORELEASING = YES;
				CLANG_WARN_BOOL_CONVERSION = YES;
				CLANG_WARN_COMMA = YES;
				CLANG_WARN_CONSTANT_CONVERSION = YES;
				CLANG_WARN_DEPRECATED_OBJC_IMPLEMENTATIONS = YES;
				CLANG_WARN_DIRECT_OBJC_ISA_USAGE = YES_ERROR;
				CLANG_WARN_DOCUMENTATION_COMMENTS = YES;
				CLANG_WARN_EMPTY_BODY = YES;
				CLANG_WARN_ENUM_CONVERSION = YES;
				CLANG_WARN_INFINITE_RECURSION = YES;
				CLANG_WARN_INT_CONVERSION = YES;
				CLANG_WARN_NON_LITERAL_NULL_CONVERSION = YES;
				CLANG_WARN_OBJC_IMPLICIT_RETAIN_SELF = YES;
				CLANG_WARN_OBJC_LITERAL_CONVERSION = YES;
				CLANG_WARN_OBJC_ROOT_CLASS = YES_ERROR;
				CLANG_WARN_QUOTED_INCLUDE_IN_FRAMEWORK_HEADER = YES;
				CLANG_WARN_RANGE_LOOP_ANALYSIS = YES;
				CLANG_WARN_STRICT_PROTOTYPES = YES;
				CLANG_WARN_SUSPICIOUS_MOVE = YES;
				CLANG_WARN_UNGUARDED_AVAILABILITY = YES_AGGRESSIVE;
				CLANG_WARN_UNREACHABLE_CODE = YES;
				CLANG_WARN__DUPLICATE_METHOD_MATCH = YES;
				COPY_PHASE_STRIP = NO;
				DEBUG_INFORMATION_FORMAT = "dwarf-with-dsym";
				ENABLE_NS_ASSERTIONS = NO;
				ENABLE_STRICT_OBJC_MSGSEND = YES;
				GCC_C_LANGUAGE_STANDARD = gnu11;
				GCC_NO_COMMON_BLOCKS = YES;
				GCC_WARN_64_TO_32_BIT_CONVERSION = YES;
				GCC_WARN_ABOUT_RETURN_TYPE = YES_ERROR;
				GCC_WARN_UNDECLARED_SELECTOR = YES;
				GCC_WARN_UNINITIALIZED_AUTOS = YES_AGGRESSIVE;
				GCC_WARN_UNUSED_FUNCTION = YES;
				GCC_WARN_UNUSED_VARIABLE = YES;
				IPHONEOS_DEPLOYMENT_TARGET = 15.5;
				MTL_ENABLE_DEBUG_INFO = NO;
				MTL_FAST_MATH = YES;
				SDKROOT = iphoneos;
				SWIFT_COMPILATION_MODE = wholemodule;
				SWIFT_OPTIMIZATION_LEVEL = "-O";
				VALIDATE_PRODUCT = YES;
			};
			name = Release;
		};
		92126A3F28B3998F00E43F7E /* Debug */ = {
			isa = XCBuildConfiguration;
			buildSettings = {
				ASSETCATALOG_COMPILER_APPICON_NAME = AppIcon;
				ASSETCATALOG_COMPILER_GLOBAL_ACCENT_COLOR_NAME = AccentColor;
				CODE_SIGN_STYLE = Automatic;
				CURRENT_PROJECT_VERSION = 1;
				DEVELOPMENT_TEAM = PU64TS56AD;
				GENERATE_INFOPLIST_FILE = YES;
				INFOPLIST_FILE = ShoppingList/Resource/Support/Info.plist;
				INFOPLIST_KEY_UIApplicationSupportsIndirectInputEvents = YES;
				INFOPLIST_KEY_UILaunchStoryboardName = LaunchScreen;
				INFOPLIST_KEY_UIMainStoryboardFile = Main;
				INFOPLIST_KEY_UISupportedInterfaceOrientations_iPad = "UIInterfaceOrientationPortrait UIInterfaceOrientationPortraitUpsideDown UIInterfaceOrientationLandscapeLeft UIInterfaceOrientationLandscapeRight";
				INFOPLIST_KEY_UISupportedInterfaceOrientations_iPhone = "UIInterfaceOrientationPortrait UIInterfaceOrientationLandscapeLeft UIInterfaceOrientationLandscapeRight";
				LD_RUNPATH_SEARCH_PATHS = (
					"$(inherited)",
					"@executable_path/Frameworks",
				);
				MARKETING_VERSION = 1.0;
				PRODUCT_BUNDLE_IDENTIFIER = soyeon.ShoppingList;
				PRODUCT_NAME = "$(TARGET_NAME)";
				SWIFT_EMIT_LOC_STRINGS = YES;
				SWIFT_VERSION = 5.0;
				TARGETED_DEVICE_FAMILY = "1,2";
			};
			name = Debug;
		};
		92126A4028B3998F00E43F7E /* Release */ = {
			isa = XCBuildConfiguration;
			buildSettings = {
				ASSETCATALOG_COMPILER_APPICON_NAME = AppIcon;
				ASSETCATALOG_COMPILER_GLOBAL_ACCENT_COLOR_NAME = AccentColor;
				CODE_SIGN_STYLE = Automatic;
				CURRENT_PROJECT_VERSION = 1;
				DEVELOPMENT_TEAM = PU64TS56AD;
				GENERATE_INFOPLIST_FILE = YES;
				INFOPLIST_FILE = ShoppingList/Resource/Support/Info.plist;
				INFOPLIST_KEY_UIApplicationSupportsIndirectInputEvents = YES;
				INFOPLIST_KEY_UILaunchStoryboardName = LaunchScreen;
				INFOPLIST_KEY_UIMainStoryboardFile = Main;
				INFOPLIST_KEY_UISupportedInterfaceOrientations_iPad = "UIInterfaceOrientationPortrait UIInterfaceOrientationPortraitUpsideDown UIInterfaceOrientationLandscapeLeft UIInterfaceOrientationLandscapeRight";
				INFOPLIST_KEY_UISupportedInterfaceOrientations_iPhone = "UIInterfaceOrientationPortrait UIInterfaceOrientationLandscapeLeft UIInterfaceOrientationLandscapeRight";
				LD_RUNPATH_SEARCH_PATHS = (
					"$(inherited)",
					"@executable_path/Frameworks",
				);
				MARKETING_VERSION = 1.0;
				PRODUCT_BUNDLE_IDENTIFIER = soyeon.ShoppingList;
				PRODUCT_NAME = "$(TARGET_NAME)";
				SWIFT_EMIT_LOC_STRINGS = YES;
				SWIFT_VERSION = 5.0;
				TARGETED_DEVICE_FAMILY = "1,2";
			};
			name = Release;
		};
/* End XCBuildConfiguration section */

/* Begin XCConfigurationList section */
		92126A2528B3998D00E43F7E /* Build configuration list for PBXProject "ShoppingList" */ = {
			isa = XCConfigurationList;
			buildConfigurations = (
				92126A3C28B3998F00E43F7E /* Debug */,
				92126A3D28B3998F00E43F7E /* Release */,
			);
			defaultConfigurationIsVisible = 0;
			defaultConfigurationName = Release;
		};
		92126A3E28B3998F00E43F7E /* Build configuration list for PBXNativeTarget "ShoppingList" */ = {
			isa = XCConfigurationList;
			buildConfigurations = (
				92126A3F28B3998F00E43F7E /* Debug */,
				92126A4028B3998F00E43F7E /* Release */,
			);
			defaultConfigurationIsVisible = 0;
			defaultConfigurationName = Release;
		};
/* End XCConfigurationList section */

/* Begin XCRemoteSwiftPackageReference section */
		9207933D28B65ADD0089F2B6 /* XCRemoteSwiftPackageReference "realm-swift" */ = {
			isa = XCRemoteSwiftPackageReference;
			repositoryURL = "https://github.com/realm/realm-swift.git";
			requirement = {
				branch = master;
				kind = branch;
			};
		};
		92126A4D28B39A7B00E43F7E /* XCRemoteSwiftPackageReference "SnapKit" */ = {
			isa = XCRemoteSwiftPackageReference;
			repositoryURL = "https://github.com/SnapKit/SnapKit.git";
			requirement = {
				branch = develop;
				kind = branch;
			};
		};
		92708A9728B82E7B009D41B3 /* XCRemoteSwiftPackageReference "Zip" */ = {
			isa = XCRemoteSwiftPackageReference;
			repositoryURL = "https://github.com/marmelroy/Zip.git";
			requirement = {
				branch = master;
				kind = branch;
			};
		};
/* End XCRemoteSwiftPackageReference section */

/* Begin XCSwiftPackageProductDependency section */
		9207933E28B65ADD0089F2B6 /* Realm */ = {
			isa = XCSwiftPackageProductDependency;
			package = 9207933D28B65ADD0089F2B6 /* XCRemoteSwiftPackageReference "realm-swift" */;
			productName = Realm;
		};
		9207934028B65ADD0089F2B6 /* RealmSwift */ = {
			isa = XCSwiftPackageProductDependency;
			package = 9207933D28B65ADD0089F2B6 /* XCRemoteSwiftPackageReference "realm-swift" */;
			productName = RealmSwift;
		};
		92126A4E28B39A7B00E43F7E /* SnapKit */ = {
			isa = XCSwiftPackageProductDependency;
			package = 92126A4D28B39A7B00E43F7E /* XCRemoteSwiftPackageReference "SnapKit" */;
			productName = SnapKit;
		};
		92708A9828B82E7B009D41B3 /* Zip */ = {
			isa = XCSwiftPackageProductDependency;
			package = 92708A9728B82E7B009D41B3 /* XCRemoteSwiftPackageReference "Zip" */;
			productName = Zip;
		};
/* End XCSwiftPackageProductDependency section */
	};
	rootObject = 92126A2228B3998D00E43F7E /* Project object */;
}
