// !$*UTF8*$!
{
	archiveVersion = 1;
	classes = {
	};
	objectVersion = 55;
	objects = {

/* Begin PBXBuildFile section */
		92E41200287FA58C00F55056 /* AppDelegate.swift in Sources */ = {isa = PBXBuildFile; fileRef = 92E411FF287FA58C00F55056 /* AppDelegate.swift */; };
		92E41202287FA58C00F55056 /* SceneDelegate.swift in Sources */ = {isa = PBXBuildFile; fileRef = 92E41201287FA58C00F55056 /* SceneDelegate.swift */; };
		92E41204287FA58C00F55056 /* ViewController.swift in Sources */ = {isa = PBXBuildFile; fileRef = 92E41203287FA58C00F55056 /* ViewController.swift */; };
		92E41207287FA58C00F55056 /* Main.storyboard in Resources */ = {isa = PBXBuildFile; fileRef = 92E41205287FA58C00F55056 /* Main.storyboard */; };
		92E41209287FA58E00F55056 /* Assets.xcassets in Resources */ = {isa = PBXBuildFile; fileRef = 92E41208287FA58E00F55056 /* Assets.xcassets */; };
		92E4120C287FA58E00F55056 /* LaunchScreen.storyboard in Resources */ = {isa = PBXBuildFile; fileRef = 92E4120A287FA58E00F55056 /* LaunchScreen.storyboard */; };
		92E41214287FA7EB00F55056 /* Setting.storyboard in Resources */ = {isa = PBXBuildFile; fileRef = 92E41213287FA7EB00F55056 /* Setting.storyboard */; };
		92E41216287FA80400F55056 /* Search.storyboard in Resources */ = {isa = PBXBuildFile; fileRef = 92E41215287FA80400F55056 /* Search.storyboard */; };
		92E41219287FAEC000F55056 /* SideMenu in Frameworks */ = {isa = PBXBuildFile; productRef = 92E41218287FAEC000F55056 /* SideMenu */; };
		92E4121C287FAF1600F55056 /* FSCalendar in Frameworks */ = {isa = PBXBuildFile; productRef = 92E4121B287FAF1600F55056 /* FSCalendar */; };
		92E4121F287FAFBC00F55056 /* TextFieldEffects in Frameworks */ = {isa = PBXBuildFile; productRef = 92E4121E287FAFBC00F55056 /* TextFieldEffects */; };
		92E41222287FBE4100F55056 /* IQKeyboardManagerSwift in Frameworks */ = {isa = PBXBuildFile; productRef = 92E41221287FBE4100F55056 /* IQKeyboardManagerSwift */; };
		92E412472880E83700F55056 /* Transition.storyboard in Resources */ = {isa = PBXBuildFile; fileRef = 92E412462880E83700F55056 /* Transition.storyboard */; };
		92E412492880EFC500F55056 /* TransitionFirstViewController.swift in Sources */ = {isa = PBXBuildFile; fileRef = 92E412482880EFC500F55056 /* TransitionFirstViewController.swift */; };
		92E4124B2880EFDF00F55056 /* TransitionSecondViewController.swift in Sources */ = {isa = PBXBuildFile; fileRef = 92E4124A2880EFDF00F55056 /* TransitionSecondViewController.swift */; };
/* End PBXBuildFile section */

/* Begin PBXFileReference section */
		92E411FC287FA58C00F55056 /* SecondWeek.app */ = {isa = PBXFileReference; explicitFileType = wrapper.application; includeInIndex = 0; path = SecondWeek.app; sourceTree = BUILT_PRODUCTS_DIR; };
		92E411FF287FA58C00F55056 /* AppDelegate.swift */ = {isa = PBXFileReference; lastKnownFileType = sourcecode.swift; path = AppDelegate.swift; sourceTree = "<group>"; };
		92E41201287FA58C00F55056 /* SceneDelegate.swift */ = {isa = PBXFileReference; lastKnownFileType = sourcecode.swift; path = SceneDelegate.swift; sourceTree = "<group>"; };
		92E41203287FA58C00F55056 /* ViewController.swift */ = {isa = PBXFileReference; lastKnownFileType = sourcecode.swift; path = ViewController.swift; sourceTree = "<group>"; };
		92E41206287FA58C00F55056 /* Base */ = {isa = PBXFileReference; lastKnownFileType = file.storyboard; name = Base; path = Base.lproj/Main.storyboard; sourceTree = "<group>"; };
		92E41208287FA58E00F55056 /* Assets.xcassets */ = {isa = PBXFileReference; lastKnownFileType = folder.assetcatalog; path = Assets.xcassets; sourceTree = "<group>"; };
		92E4120B287FA58E00F55056 /* Base */ = {isa = PBXFileReference; lastKnownFileType = file.storyboard; name = Base; path = Base.lproj/LaunchScreen.storyboard; sourceTree = "<group>"; };
		92E4120D287FA58E00F55056 /* Info.plist */ = {isa = PBXFileReference; lastKnownFileType = text.plist.xml; path = Info.plist; sourceTree = "<group>"; };
		92E41213287FA7EB00F55056 /* Setting.storyboard */ = {isa = PBXFileReference; lastKnownFileType = file.storyboard; path = Setting.storyboard; sourceTree = "<group>"; };
		92E41215287FA80400F55056 /* Search.storyboard */ = {isa = PBXFileReference; lastKnownFileType = file.storyboard; path = Search.storyboard; sourceTree = "<group>"; };
		92E412462880E83700F55056 /* Transition.storyboard */ = {isa = PBXFileReference; lastKnownFileType = file.storyboard; path = Transition.storyboard; sourceTree = "<group>"; };
		92E412482880EFC500F55056 /* TransitionFirstViewController.swift */ = {isa = PBXFileReference; lastKnownFileType = sourcecode.swift; path = TransitionFirstViewController.swift; sourceTree = "<group>"; };
		92E4124A2880EFDF00F55056 /* TransitionSecondViewController.swift */ = {isa = PBXFileReference; lastKnownFileType = sourcecode.swift; path = TransitionSecondViewController.swift; sourceTree = "<group>"; };
/* End PBXFileReference section */

/* Begin PBXFrameworksBuildPhase section */
		92E411F9287FA58C00F55056 /* Frameworks */ = {
			isa = PBXFrameworksBuildPhase;
			buildActionMask = 2147483647;
			files = (
				92E4121F287FAFBC00F55056 /* TextFieldEffects in Frameworks */,
				92E41222287FBE4100F55056 /* IQKeyboardManagerSwift in Frameworks */,
				92E41219287FAEC000F55056 /* SideMenu in Frameworks */,
				92E4121C287FAF1600F55056 /* FSCalendar in Frameworks */,
			);
			runOnlyForDeploymentPostprocessing = 0;
		};
/* End PBXFrameworksBuildPhase section */

/* Begin PBXGroup section */
		92E411F3287FA58C00F55056 = {
			isa = PBXGroup;
			children = (
				92E411FE287FA58C00F55056 /* SecondWeek */,
				92E411FD287FA58C00F55056 /* Products */,
			);
			sourceTree = "<group>";
		};
		92E411FD287FA58C00F55056 /* Products */ = {
			isa = PBXGroup;
			children = (
				92E411FC287FA58C00F55056 /* SecondWeek.app */,
			);
			name = Products;
			sourceTree = "<group>";
		};
		92E411FE287FA58C00F55056 /* SecondWeek */ = {
			isa = PBXGroup;
			children = (
				92E412452880E82300F55056 /* Transition */,
				92E411FF287FA58C00F55056 /* AppDelegate.swift */,
				92E41201287FA58C00F55056 /* SceneDelegate.swift */,
				92E41203287FA58C00F55056 /* ViewController.swift */,
				92E41205287FA58C00F55056 /* Main.storyboard */,
				92E41208287FA58E00F55056 /* Assets.xcassets */,
				92E4120A287FA58E00F55056 /* LaunchScreen.storyboard */,
				92E4120D287FA58E00F55056 /* Info.plist */,
				92E41213287FA7EB00F55056 /* Setting.storyboard */,
				92E41215287FA80400F55056 /* Search.storyboard */,
			);
			path = SecondWeek;
			sourceTree = "<group>";
		};
		92E412452880E82300F55056 /* Transition */ = {
			isa = PBXGroup;
			children = (
				92E412462880E83700F55056 /* Transition.storyboard */,
				92E412482880EFC500F55056 /* TransitionFirstViewController.swift */,
				92E4124A2880EFDF00F55056 /* TransitionSecondViewController.swift */,
			);
			path = Transition;
			sourceTree = "<group>";
		};
/* End PBXGroup section */

/* Begin PBXNativeTarget section */
		92E411FB287FA58C00F55056 /* SecondWeek */ = {
			isa = PBXNativeTarget;
			buildConfigurationList = 92E41210287FA58E00F55056 /* Build configuration list for PBXNativeTarget "SecondWeek" */;
			buildPhases = (
				92E411F8287FA58C00F55056 /* Sources */,
				92E411F9287FA58C00F55056 /* Frameworks */,
				92E411FA287FA58C00F55056 /* Resources */,
			);
			buildRules = (
			);
			dependencies = (
			);
			name = SecondWeek;
			packageProductDependencies = (
				92E41218287FAEC000F55056 /* SideMenu */,
				92E4121B287FAF1600F55056 /* FSCalendar */,
				92E4121E287FAFBC00F55056 /* TextFieldEffects */,
				92E41221287FBE4100F55056 /* IQKeyboardManagerSwift */,
			);
			productName = SecondWeek;
			productReference = 92E411FC287FA58C00F55056 /* SecondWeek.app */;
			productType = "com.apple.product-type.application";
		};
/* End PBXNativeTarget section */

/* Begin PBXProject section */
		92E411F4287FA58C00F55056 /* Project object */ = {
			isa = PBXProject;
			attributes = {
				BuildIndependentTargetsInParallel = 1;
				LastSwiftUpdateCheck = 1340;
				LastUpgradeCheck = 1340;
				TargetAttributes = {
					92E411FB287FA58C00F55056 = {
						CreatedOnToolsVersion = 13.4.1;
					};
				};
			};
			buildConfigurationList = 92E411F7287FA58C00F55056 /* Build configuration list for PBXProject "SecondWeek" */;
			compatibilityVersion = "Xcode 13.0";
			developmentRegion = en;
			hasScannedForEncodings = 0;
			knownRegions = (
				en,
				Base,
			);
			mainGroup = 92E411F3287FA58C00F55056;
			packageReferences = (
				92E41217287FAEC000F55056 /* XCRemoteSwiftPackageReference "SideMenu" */,
				92E4121A287FAF1600F55056 /* XCRemoteSwiftPackageReference "FSCalendar" */,
				92E4121D287FAFBC00F55056 /* XCRemoteSwiftPackageReference "TextFieldEffects" */,
				92E41220287FBE4100F55056 /* XCRemoteSwiftPackageReference "IQKeyboardManager" */,
			);
			productRefGroup = 92E411FD287FA58C00F55056 /* Products */;
			projectDirPath = "";
			projectRoot = "";
			targets = (
				92E411FB287FA58C00F55056 /* SecondWeek */,
			);
		};
/* End PBXProject section */

/* Begin PBXResourcesBuildPhase section */
		92E411FA287FA58C00F55056 /* Resources */ = {
			isa = PBXResourcesBuildPhase;
			buildActionMask = 2147483647;
			files = (
				92E4120C287FA58E00F55056 /* LaunchScreen.storyboard in Resources */,
				92E412472880E83700F55056 /* Transition.storyboard in Resources */,
				92E41209287FA58E00F55056 /* Assets.xcassets in Resources */,
				92E41207287FA58C00F55056 /* Main.storyboard in Resources */,
				92E41214287FA7EB00F55056 /* Setting.storyboard in Resources */,
				92E41216287FA80400F55056 /* Search.storyboard in Resources */,
			);
			runOnlyForDeploymentPostprocessing = 0;
		};
/* End PBXResourcesBuildPhase section */

/* Begin PBXSourcesBuildPhase section */
		92E411F8287FA58C00F55056 /* Sources */ = {
			isa = PBXSourcesBuildPhase;
			buildActionMask = 2147483647;
			files = (
				92E412492880EFC500F55056 /* TransitionFirstViewController.swift in Sources */,
				92E41204287FA58C00F55056 /* ViewController.swift in Sources */,
				92E41200287FA58C00F55056 /* AppDelegate.swift in Sources */,
				92E41202287FA58C00F55056 /* SceneDelegate.swift in Sources */,
				92E4124B2880EFDF00F55056 /* TransitionSecondViewController.swift in Sources */,
			);
			runOnlyForDeploymentPostprocessing = 0;
		};
/* End PBXSourcesBuildPhase section */

/* Begin PBXVariantGroup section */
		92E41205287FA58C00F55056 /* Main.storyboard */ = {
			isa = PBXVariantGroup;
			children = (
				92E41206287FA58C00F55056 /* Base */,
			);
			name = Main.storyboard;
			sourceTree = "<group>";
		};
		92E4120A287FA58E00F55056 /* LaunchScreen.storyboard */ = {
			isa = PBXVariantGroup;
			children = (
				92E4120B287FA58E00F55056 /* Base */,
			);
			name = LaunchScreen.storyboard;
			sourceTree = "<group>";
		};
/* End PBXVariantGroup section */

/* Begin XCBuildConfiguration section */
		92E4120E287FA58E00F55056 /* Debug */ = {
			isa = XCBuildConfiguration;
			buildSettings = {
				ALWAYS_SEARCH_USER_PATHS = NO;
				CLANG_ANALYZER_NONNULL = YES;
				CLANG_ANALYZER_NUMBER_OBJECT_CONVERSION = YES_AGGRESSIVE;
				CLANG_CXX_LANGUAGE_STANDARD = "gnu++17";
				CLANG_ENABLE_MODULES = YES;
				CLANG_ENABLE_OBJC_ARC = YES;
				CLANG_ENABLE_OBJC_WEAK = YES;
				CLANG_WARN_BLOCK_CAPTURE_AUTORELEASING = YES;
				CLANG_WARN_BOOL_CONVERSION = YES;
				CLANG_WARN_COMMA = YES;
				CLANG_WARN_CONSTANT_CONVERSION = YES;
				CLANG_WARN_DEPRECATED_OBJC_IMPLEMENTATIONS = YES;
				CLANG_WARN_DIRECT_OBJC_ISA_USAGE = YES_ERROR;
				CLANG_WARN_DOCUMENTATION_COMMENTS = YES;
				CLANG_WARN_EMPTY_BODY = YES;
				CLANG_WARN_ENUM_CONVERSION = YES;
				CLANG_WARN_INFINITE_RECURSION = YES;
				CLANG_WARN_INT_CONVERSION = YES;
				CLANG_WARN_NON_LITERAL_NULL_CONVERSION = YES;
				CLANG_WARN_OBJC_IMPLICIT_RETAIN_SELF = YES;
				CLANG_WARN_OBJC_LITERAL_CONVERSION = YES;
				CLANG_WARN_OBJC_ROOT_CLASS = YES_ERROR;
				CLANG_WARN_QUOTED_INCLUDE_IN_FRAMEWORK_HEADER = YES;
				CLANG_WARN_RANGE_LOOP_ANALYSIS = YES;
				CLANG_WARN_STRICT_PROTOTYPES = YES;
				CLANG_WARN_SUSPICIOUS_MOVE = YES;
				CLANG_WARN_UNGUARDED_AVAILABILITY = YES_AGGRESSIVE;
				CLANG_WARN_UNREACHABLE_CODE = YES;
				CLANG_WARN__DUPLICATE_METHOD_MATCH = YES;
				COPY_PHASE_STRIP = NO;
				DEBUG_INFORMATION_FORMAT = dwarf;
				ENABLE_STRICT_OBJC_MSGSEND = YES;
				ENABLE_TESTABILITY = YES;
				GCC_C_LANGUAGE_STANDARD = gnu11;
				GCC_DYNAMIC_NO_PIC = NO;
				GCC_NO_COMMON_BLOCKS = YES;
				GCC_OPTIMIZATION_LEVEL = 0;
				GCC_PREPROCESSOR_DEFINITIONS = (
					"DEBUG=1",
					"$(inherited)",
				);
				GCC_WARN_64_TO_32_BIT_CONVERSION = YES;
				GCC_WARN_ABOUT_RETURN_TYPE = YES_ERROR;
				GCC_WARN_UNDECLARED_SELECTOR = YES;
				GCC_WARN_UNINITIALIZED_AUTOS = YES_AGGRESSIVE;
				GCC_WARN_UNUSED_FUNCTION = YES;
				GCC_WARN_UNUSED_VARIABLE = YES;
				IPHONEOS_DEPLOYMENT_TARGET = 15.5;
				MTL_ENABLE_DEBUG_INFO = INCLUDE_SOURCE;
				MTL_FAST_MATH = YES;
				ONLY_ACTIVE_ARCH = YES;
				SDKROOT = iphoneos;
				SWIFT_ACTIVE_COMPILATION_CONDITIONS = DEBUG;
				SWIFT_OPTIMIZATION_LEVEL = "-Onone";
			};
			name = Debug;
		};
		92E4120F287FA58E00F55056 /* Release */ = {
			isa = XCBuildConfiguration;
			buildSettings = {
				ALWAYS_SEARCH_USER_PATHS = NO;
				CLANG_ANALYZER_NONNULL = YES;
				CLANG_ANALYZER_NUMBER_OBJECT_CONVERSION = YES_AGGRESSIVE;
				CLANG_CXX_LANGUAGE_STANDARD = "gnu++17";
				CLANG_ENABLE_MODULES = YES;
				CLANG_ENABLE_OBJC_ARC = YES;
				CLANG_ENABLE_OBJC_WEAK = YES;
				CLANG_WARN_BLOCK_CAPTURE_AUTORELEASING = YES;
				CLANG_WARN_BOOL_CONVERSION = YES;
				CLANG_WARN_COMMA = YES;
				CLANG_WARN_CONSTANT_CONVERSION = YES;
				CLANG_WARN_DEPRECATED_OBJC_IMPLEMENTATIONS = YES;
				CLANG_WARN_DIRECT_OBJC_ISA_USAGE = YES_ERROR;
				CLANG_WARN_DOCUMENTATION_COMMENTS = YES;
				CLANG_WARN_EMPTY_BODY = YES;
				CLANG_WARN_ENUM_CONVERSION = YES;
				CLANG_WARN_INFINITE_RECURSION = YES;
				CLANG_WARN_INT_CONVERSION = YES;
				CLANG_WARN_NON_LITERAL_NULL_CONVERSION = YES;
				CLANG_WARN_OBJC_IMPLICIT_RETAIN_SELF = YES;
				CLANG_WARN_OBJC_LITERAL_CONVERSION = YES;
				CLANG_WARN_OBJC_ROOT_CLASS = YES_ERROR;
				CLANG_WARN_QUOTED_INCLUDE_IN_FRAMEWORK_HEADER = YES;
				CLANG_WARN_RANGE_LOOP_ANALYSIS = YES;
				CLANG_WARN_STRICT_PROTOTYPES = YES;
				CLANG_WARN_SUSPICIOUS_MOVE = YES;
				CLANG_WARN_UNGUARDED_AVAILABILITY = YES_AGGRESSIVE;
				CLANG_WARN_UNREACHABLE_CODE = YES;
				CLANG_WARN__DUPLICATE_METHOD_MATCH = YES;
				COPY_PHASE_STRIP = NO;
				DEBUG_INFORMATION_FORMAT = "dwarf-with-dsym";
				ENABLE_NS_ASSERTIONS = NO;
				ENABLE_STRICT_OBJC_MSGSEND = YES;
				GCC_C_LANGUAGE_STANDARD = gnu11;
				GCC_NO_COMMON_BLOCKS = YES;
				GCC_WARN_64_TO_32_BIT_CONVERSION = YES;
				GCC_WARN_ABOUT_RETURN_TYPE = YES_ERROR;
				GCC_WARN_UNDECLARED_SELECTOR = YES;
				GCC_WARN_UNINITIALIZED_AUTOS = YES_AGGRESSIVE;
				GCC_WARN_UNUSED_FUNCTION = YES;
				GCC_WARN_UNUSED_VARIABLE = YES;
				IPHONEOS_DEPLOYMENT_TARGET = 15.5;
				MTL_ENABLE_DEBUG_INFO = NO;
				MTL_FAST_MATH = YES;
				SDKROOT = iphoneos;
				SWIFT_COMPILATION_MODE = wholemodule;
				SWIFT_OPTIMIZATION_LEVEL = "-O";
				VALIDATE_PRODUCT = YES;
			};
			name = Release;
		};
		92E41211287FA58E00F55056 /* Debug */ = {
			isa = XCBuildConfiguration;
			buildSettings = {
				ASSETCATALOG_COMPILER_APPICON_NAME = AppIcon;
				ASSETCATALOG_COMPILER_GLOBAL_ACCENT_COLOR_NAME = AccentColor;
				CODE_SIGN_STYLE = Automatic;
				CURRENT_PROJECT_VERSION = 1;
				DEVELOPMENT_TEAM = PU64TS56AD;
				GENERATE_INFOPLIST_FILE = YES;
				INFOPLIST_FILE = SecondWeek/Info.plist;
				INFOPLIST_KEY_UIApplicationSupportsIndirectInputEvents = YES;
				INFOPLIST_KEY_UILaunchStoryboardName = LaunchScreen;
				INFOPLIST_KEY_UIMainStoryboardFile = Transition;
				INFOPLIST_KEY_UISupportedInterfaceOrientations_iPad = "UIInterfaceOrientationPortrait UIInterfaceOrientationPortraitUpsideDown UIInterfaceOrientationLandscapeLeft UIInterfaceOrientationLandscapeRight";
				INFOPLIST_KEY_UISupportedInterfaceOrientations_iPhone = "UIInterfaceOrientationPortrait UIInterfaceOrientationLandscapeLeft UIInterfaceOrientationLandscapeRight";
				LD_RUNPATH_SEARCH_PATHS = (
					"$(inherited)",
					"@executable_path/Frameworks",
				);
				MARKETING_VERSION = 1.0;
				PRODUCT_BUNDLE_IDENTIFIER = soyeon.SecondWeek;
				PRODUCT_NAME = "$(TARGET_NAME)";
				SWIFT_EMIT_LOC_STRINGS = YES;
				SWIFT_VERSION = 5.0;
				TARGETED_DEVICE_FAMILY = "1,2";
			};
			name = Debug;
		};
		92E41212287FA58E00F55056 /* Release */ = {
			isa = XCBuildConfiguration;
			buildSettings = {
				ASSETCATALOG_COMPILER_APPICON_NAME = AppIcon;
				ASSETCATALOG_COMPILER_GLOBAL_ACCENT_COLOR_NAME = AccentColor;
				CODE_SIGN_STYLE = Automatic;
				CURRENT_PROJECT_VERSION = 1;
				DEVELOPMENT_TEAM = PU64TS56AD;
				GENERATE_INFOPLIST_FILE = YES;
				INFOPLIST_FILE = SecondWeek/Info.plist;
				INFOPLIST_KEY_UIApplicationSupportsIndirectInputEvents = YES;
				INFOPLIST_KEY_UILaunchStoryboardName = LaunchScreen;
				INFOPLIST_KEY_UIMainStoryboardFile = Transition;
				INFOPLIST_KEY_UISupportedInterfaceOrientations_iPad = "UIInterfaceOrientationPortrait UIInterfaceOrientationPortraitUpsideDown UIInterfaceOrientationLandscapeLeft UIInterfaceOrientationLandscapeRight";
				INFOPLIST_KEY_UISupportedInterfaceOrientations_iPhone = "UIInterfaceOrientationPortrait UIInterfaceOrientationLandscapeLeft UIInterfaceOrientationLandscapeRight";
				LD_RUNPATH_SEARCH_PATHS = (
					"$(inherited)",
					"@executable_path/Frameworks",
				);
				MARKETING_VERSION = 1.0;
				PRODUCT_BUNDLE_IDENTIFIER = soyeon.SecondWeek;
				PRODUCT_NAME = "$(TARGET_NAME)";
				SWIFT_EMIT_LOC_STRINGS = YES;
				SWIFT_VERSION = 5.0;
				TARGETED_DEVICE_FAMILY = "1,2";
			};
			name = Release;
		};
/* End XCBuildConfiguration section */

/* Begin XCConfigurationList section */
		92E411F7287FA58C00F55056 /* Build configuration list for PBXProject "SecondWeek" */ = {
			isa = XCConfigurationList;
			buildConfigurations = (
				92E4120E287FA58E00F55056 /* Debug */,
				92E4120F287FA58E00F55056 /* Release */,
			);
			defaultConfigurationIsVisible = 0;
			defaultConfigurationName = Release;
		};
		92E41210287FA58E00F55056 /* Build configuration list for PBXNativeTarget "SecondWeek" */ = {
			isa = XCConfigurationList;
			buildConfigurations = (
				92E41211287FA58E00F55056 /* Debug */,
				92E41212287FA58E00F55056 /* Release */,
			);
			defaultConfigurationIsVisible = 0;
			defaultConfigurationName = Release;
		};
/* End XCConfigurationList section */

/* Begin XCRemoteSwiftPackageReference section */
		92E41217287FAEC000F55056 /* XCRemoteSwiftPackageReference "SideMenu" */ = {
			isa = XCRemoteSwiftPackageReference;
			repositoryURL = "https://github.com/jonkykong/SideMenu.git";
			requirement = {
				kind = upToNextMajorVersion;
				minimumVersion = 6.0.0;
			};
		};
		92E4121A287FAF1600F55056 /* XCRemoteSwiftPackageReference "FSCalendar" */ = {
			isa = XCRemoteSwiftPackageReference;
			repositoryURL = "https://github.com/WenchaoD/FSCalendar.git";
			requirement = {
				kind = upToNextMajorVersion;
				minimumVersion = 2.0.0;
			};
		};
		92E4121D287FAFBC00F55056 /* XCRemoteSwiftPackageReference "TextFieldEffects" */ = {
			isa = XCRemoteSwiftPackageReference;
			repositoryURL = "https://github.com/raulriera/TextFieldEffects.git";
			requirement = {
				kind = upToNextMajorVersion;
				minimumVersion = 1.0.0;
			};
		};
		92E41220287FBE4100F55056 /* XCRemoteSwiftPackageReference "IQKeyboardManager" */ = {
			isa = XCRemoteSwiftPackageReference;
			repositoryURL = "https://github.com/hackiftekhar/IQKeyboardManager.git";
			requirement = {
				kind = exactVersion;
				version = 6.5.0;
			};
		};
/* End XCRemoteSwiftPackageReference section */

/* Begin XCSwiftPackageProductDependency section */
		92E41218287FAEC000F55056 /* SideMenu */ = {
			isa = XCSwiftPackageProductDependency;
			package = 92E41217287FAEC000F55056 /* XCRemoteSwiftPackageReference "SideMenu" */;
			productName = SideMenu;
		};
		92E4121B287FAF1600F55056 /* FSCalendar */ = {
			isa = XCSwiftPackageProductDependency;
			package = 92E4121A287FAF1600F55056 /* XCRemoteSwiftPackageReference "FSCalendar" */;
			productName = FSCalendar;
		};
		92E4121E287FAFBC00F55056 /* TextFieldEffects */ = {
			isa = XCSwiftPackageProductDependency;
			package = 92E4121D287FAFBC00F55056 /* XCRemoteSwiftPackageReference "TextFieldEffects" */;
			productName = TextFieldEffects;
		};
		92E41221287FBE4100F55056 /* IQKeyboardManagerSwift */ = {
			isa = XCSwiftPackageProductDependency;
			package = 92E41220287FBE4100F55056 /* XCRemoteSwiftPackageReference "IQKeyboardManager" */;
			productName = IQKeyboardManagerSwift;
		};
/* End XCSwiftPackageProductDependency section */
	};
	rootObject = 92E411F4287FA58C00F55056 /* Project object */;
}
